// !$*UTF8*$!
{
	archiveVersion = 1;
	classes = {
	};
	objectVersion = 46;
	objects = {

/* Begin PBXBuildFile section */
		E963E5221A68FAB8009FCF57 /* AppDelegate.swift in Sources */ = {isa = PBXBuildFile; fileRef = E963E5211A68FAB8009FCF57 /* AppDelegate.swift */; };
		E963E5291A68FAB8009FCF57 /* Images.xcassets in Resources */ = {isa = PBXBuildFile; fileRef = E963E5281A68FAB8009FCF57 /* Images.xcassets */; };
		E963E52C1A68FAB8009FCF57 /* LaunchScreen.xib in Resources */ = {isa = PBXBuildFile; fileRef = E963E52A1A68FAB8009FCF57 /* LaunchScreen.xib */; };
		E963E5381A68FAB8009FCF57 /* SplicerTests.swift in Sources */ = {isa = PBXBuildFile; fileRef = E963E5371A68FAB8009FCF57 /* SplicerTests.swift */; };
		E963E5421A68FB0A009FCF57 /* SpliceListVC.swift in Sources */ = {isa = PBXBuildFile; fileRef = E963E5411A68FB0A009FCF57 /* SpliceListVC.swift */; };
		E963E5481A68FB65009FCF57 /* Main.storyboard in Resources */ = {isa = PBXBuildFile; fileRef = E963E5431A68FB65009FCF57 /* Main.storyboard */; };
		E963E5491A68FB65009FCF57 /* AssetListVC.swift in Sources */ = {isa = PBXBuildFile; fileRef = E963E5441A68FB65009FCF57 /* AssetListVC.swift */; };
		E963E54A1A68FB65009FCF57 /* AssetListCell.swift in Sources */ = {isa = PBXBuildFile; fileRef = E963E5451A68FB65009FCF57 /* AssetListCell.swift */; };
		E963E54B1A68FB65009FCF57 /* CollectionListVC.swift in Sources */ = {isa = PBXBuildFile; fileRef = E963E5461A68FB65009FCF57 /* CollectionListVC.swift */; };
		E963E54C1A68FB65009FCF57 /* CheckView.swift in Sources */ = {isa = PBXBuildFile; fileRef = E963E5471A68FB65009FCF57 /* CheckView.swift */; };
		E963E5501A68FE89009FCF57 /* SpliceVC.swift in Sources */ = {isa = PBXBuildFile; fileRef = E963E54F1A68FE88009FCF57 /* SpliceVC.swift */; };
		E963E5521A6901E4009FCF57 /* Utils.swift in Sources */ = {isa = PBXBuildFile; fileRef = E963E5511A6901E4009FCF57 /* Utils.swift */; };
		E963E5561A6956DC009FCF57 /* SelectedAssets.swift in Sources */ = {isa = PBXBuildFile; fileRef = E963E5551A6956DC009FCF57 /* SelectedAssets.swift */; };
/* End PBXBuildFile section */

/* Begin PBXContainerItemProxy section */
		E963E5321A68FAB8009FCF57 /* PBXContainerItemProxy */ = {
			isa = PBXContainerItemProxy;
			containerPortal = E963E5141A68FAB8009FCF57 /* Project object */;
			proxyType = 1;
			remoteGlobalIDString = E963E51B1A68FAB8009FCF57;
			remoteInfo = Splicer;
		};
/* End PBXContainerItemProxy section */

/* Begin PBXFileReference section */
		E963E51C1A68FAB8009FCF57 /* Splicer.app */ = {isa = PBXFileReference; explicitFileType = wrapper.application; includeInIndex = 0; path = Splicer.app; sourceTree = BUILT_PRODUCTS_DIR; };
		E963E5201A68FAB8009FCF57 /* Info.plist */ = {isa = PBXFileReference; lastKnownFileType = text.plist.xml; path = Info.plist; sourceTree = "<group>"; };
		E963E5211A68FAB8009FCF57 /* AppDelegate.swift */ = {isa = PBXFileReference; lastKnownFileType = sourcecode.swift; path = AppDelegate.swift; sourceTree = "<group>"; };
		E963E5281A68FAB8009FCF57 /* Images.xcassets */ = {isa = PBXFileReference; lastKnownFileType = folder.assetcatalog; path = Images.xcassets; sourceTree = "<group>"; };
		E963E52B1A68FAB8009FCF57 /* Base */ = {isa = PBXFileReference; lastKnownFileType = file.xib; name = Base; path = Base.lproj/LaunchScreen.xib; sourceTree = "<group>"; };
		E963E5311A68FAB8009FCF57 /* SplicerTests.xctest */ = {isa = PBXFileReference; explicitFileType = wrapper.cfbundle; includeInIndex = 0; path = SplicerTests.xctest; sourceTree = BUILT_PRODUCTS_DIR; };
		E963E5361A68FAB8009FCF57 /* Info.plist */ = {isa = PBXFileReference; lastKnownFileType = text.plist.xml; path = Info.plist; sourceTree = "<group>"; };
		E963E5371A68FAB8009FCF57 /* SplicerTests.swift */ = {isa = PBXFileReference; lastKnownFileType = sourcecode.swift; path = SplicerTests.swift; sourceTree = "<group>"; };
		E963E5411A68FB0A009FCF57 /* SpliceListVC.swift */ = {isa = PBXFileReference; fileEncoding = 4; lastKnownFileType = sourcecode.swift; path = SpliceListVC.swift; sourceTree = "<group>"; };
		E963E5431A68FB65009FCF57 /* Main.storyboard */ = {isa = PBXFileReference; fileEncoding = 4; lastKnownFileType = file.storyboard; path = Main.storyboard; sourceTree = "<group>"; };
		E963E5441A68FB65009FCF57 /* AssetListVC.swift */ = {isa = PBXFileReference; fileEncoding = 4; lastKnownFileType = sourcecode.swift; path = AssetListVC.swift; sourceTree = "<group>"; };
		E963E5451A68FB65009FCF57 /* AssetListCell.swift */ = {isa = PBXFileReference; fileEncoding = 4; lastKnownFileType = sourcecode.swift; path = AssetListCell.swift; sourceTree = "<group>"; };
		E963E5461A68FB65009FCF57 /* CollectionListVC.swift */ = {isa = PBXFileReference; fileEncoding = 4; lastKnownFileType = sourcecode.swift; path = CollectionListVC.swift; sourceTree = "<group>"; };
		E963E5471A68FB65009FCF57 /* CheckView.swift */ = {isa = PBXFileReference; fileEncoding = 4; lastKnownFileType = sourcecode.swift; path = CheckView.swift; sourceTree = "<group>"; };
		E963E54F1A68FE88009FCF57 /* SpliceVC.swift */ = {isa = PBXFileReference; fileEncoding = 4; lastKnownFileType = sourcecode.swift; path = SpliceVC.swift; sourceTree = "<group>"; };
		E963E5511A6901E4009FCF57 /* Utils.swift */ = {isa = PBXFileReference; fileEncoding = 4; lastKnownFileType = sourcecode.swift; path = Utils.swift; sourceTree = "<group>"; };
		E963E5551A6956DC009FCF57 /* SelectedAssets.swift */ = {isa = PBXFileReference; fileEncoding = 4; lastKnownFileType = sourcecode.swift; path = SelectedAssets.swift; sourceTree = "<group>"; };
/* End PBXFileReference section */

/* Begin PBXFrameworksBuildPhase section */
		E963E5191A68FAB8009FCF57 /* Frameworks */ = {
			isa = PBXFrameworksBuildPhase;
			buildActionMask = 2147483647;
			files = (
			);
			runOnlyForDeploymentPostprocessing = 0;
		};
		E963E52E1A68FAB8009FCF57 /* Frameworks */ = {
			isa = PBXFrameworksBuildPhase;
			buildActionMask = 2147483647;
			files = (
			);
			runOnlyForDeploymentPostprocessing = 0;
		};
/* End PBXFrameworksBuildPhase section */

/* Begin PBXGroup section */
		E963E5131A68FAB8009FCF57 = {
			isa = PBXGroup;
			children = (
				E963E51E1A68FAB8009FCF57 /* Splicer */,
				E963E5341A68FAB8009FCF57 /* SplicerTests */,
				E963E51D1A68FAB8009FCF57 /* Products */,
			);
			sourceTree = "<group>";
		};
		E963E51D1A68FAB8009FCF57 /* Products */ = {
			isa = PBXGroup;
			children = (
				E963E51C1A68FAB8009FCF57 /* Splicer.app */,
				E963E5311A68FAB8009FCF57 /* SplicerTests.xctest */,
			);
			name = Products;
			sourceTree = "<group>";
		};
		E963E51E1A68FAB8009FCF57 /* Splicer */ = {
			isa = PBXGroup;
			children = (
				E963E5541A694E03009FCF57 /* PhotoPicker */,
				E963E5211A68FAB8009FCF57 /* AppDelegate.swift */,
				E963E5431A68FB65009FCF57 /* Main.storyboard */,
				E963E5411A68FB0A009FCF57 /* SpliceListVC.swift */,
				E963E54F1A68FE88009FCF57 /* SpliceVC.swift */,
				E963E5511A6901E4009FCF57 /* Utils.swift */,
				E963E5281A68FAB8009FCF57 /* Images.xcassets */,
				E963E52A1A68FAB8009FCF57 /* LaunchScreen.xib */,
				E963E51F1A68FAB8009FCF57 /* Supporting Files */,
			);
			path = Splicer;
			sourceTree = "<group>";
		};
		E963E51F1A68FAB8009FCF57 /* Supporting Files */ = {
			isa = PBXGroup;
			children = (
				E963E5201A68FAB8009FCF57 /* Info.plist */,
			);
			name = "Supporting Files";
			sourceTree = "<group>";
		};
		E963E5341A68FAB8009FCF57 /* SplicerTests */ = {
			isa = PBXGroup;
			children = (
				E963E5371A68FAB8009FCF57 /* SplicerTests.swift */,
				E963E5351A68FAB8009FCF57 /* Supporting Files */,
			);
			path = SplicerTests;
			sourceTree = "<group>";
		};
		E963E5351A68FAB8009FCF57 /* Supporting Files */ = {
			isa = PBXGroup;
			children = (
				E963E5361A68FAB8009FCF57 /* Info.plist */,
			);
			name = "Supporting Files";
			sourceTree = "<group>";
		};
		E963E5541A694E03009FCF57 /* PhotoPicker */ = {
			isa = PBXGroup;
			children = (
				E963E5441A68FB65009FCF57 /* AssetListVC.swift */,
				E963E5451A68FB65009FCF57 /* AssetListCell.swift */,
				E963E5461A68FB65009FCF57 /* CollectionListVC.swift */,
				E963E5551A6956DC009FCF57 /* SelectedAssets.swift */,
				E963E5471A68FB65009FCF57 /* CheckView.swift */,
			);
			name = PhotoPicker;
			sourceTree = "<group>";
		};
/* End PBXGroup section */

/* Begin PBXNativeTarget section */
		E963E51B1A68FAB8009FCF57 /* Splicer */ = {
			isa = PBXNativeTarget;
			buildConfigurationList = E963E53B1A68FAB8009FCF57 /* Build configuration list for PBXNativeTarget "Splicer" */;
			buildPhases = (
				E963E5181A68FAB8009FCF57 /* Sources */,
				E963E5191A68FAB8009FCF57 /* Frameworks */,
				E963E51A1A68FAB8009FCF57 /* Resources */,
			);
			buildRules = (
			);
			dependencies = (
			);
			name = Splicer;
			productName = Splicer;
			productReference = E963E51C1A68FAB8009FCF57 /* Splicer.app */;
			productType = "com.apple.product-type.application";
		};
		E963E5301A68FAB8009FCF57 /* SplicerTests */ = {
			isa = PBXNativeTarget;
			buildConfigurationList = E963E53E1A68FAB8009FCF57 /* Build configuration list for PBXNativeTarget "SplicerTests" */;
			buildPhases = (
				E963E52D1A68FAB8009FCF57 /* Sources */,
				E963E52E1A68FAB8009FCF57 /* Frameworks */,
				E963E52F1A68FAB8009FCF57 /* Resources */,
			);
			buildRules = (
			);
			dependencies = (
				E963E5331A68FAB8009FCF57 /* PBXTargetDependency */,
			);
			name = SplicerTests;
			productName = SplicerTests;
			productReference = E963E5311A68FAB8009FCF57 /* SplicerTests.xctest */;
			productType = "com.apple.product-type.bundle.unit-test";
		};
/* End PBXNativeTarget section */

/* Begin PBXProject section */
		E963E5141A68FAB8009FCF57 /* Project object */ = {
			isa = PBXProject;
			attributes = {
				LastUpgradeCheck = 0610;
				ORGANIZATIONNAME = yanghongyan;
				TargetAttributes = {
					E963E51B1A68FAB8009FCF57 = {
						CreatedOnToolsVersion = 6.1;
					};
					E963E5301A68FAB8009FCF57 = {
						CreatedOnToolsVersion = 6.1;
						TestTargetID = E963E51B1A68FAB8009FCF57;
					};
				};
			};
			buildConfigurationList = E963E5171A68FAB8009FCF57 /* Build configuration list for PBXProject "Splicer" */;
			compatibilityVersion = "Xcode 3.2";
			developmentRegion = English;
			hasScannedForEncodings = 0;
			knownRegions = (
				en,
				Base,
			);
			mainGroup = E963E5131A68FAB8009FCF57;
			productRefGroup = E963E51D1A68FAB8009FCF57 /* Products */;
			projectDirPath = "";
			projectRoot = "";
			targets = (
				E963E51B1A68FAB8009FCF57 /* Splicer */,
				E963E5301A68FAB8009FCF57 /* SplicerTests */,
			);
		};
/* End PBXProject section */

/* Begin PBXResourcesBuildPhase section */
		E963E51A1A68FAB8009FCF57 /* Resources */ = {
			isa = PBXResourcesBuildPhase;
			buildActionMask = 2147483647;
			files = (
				E963E5481A68FB65009FCF57 /* Main.storyboard in Resources */,
				E963E52C1A68FAB8009FCF57 /* LaunchScreen.xib in Resources */,
				E963E5291A68FAB8009FCF57 /* Images.xcassets in Resources */,
			);
			runOnlyForDeploymentPostprocessing = 0;
		};
		E963E52F1A68FAB8009FCF57 /* Resources */ = {
			isa = PBXResourcesBuildPhase;
			buildActionMask = 2147483647;
			files = (
			);
			runOnlyForDeploymentPostprocessing = 0;
		};
/* End PBXResourcesBuildPhase section */

/* Begin PBXSourcesBuildPhase section */
		E963E5181A68FAB8009FCF57 /* Sources */ = {
			isa = PBXSourcesBuildPhase;
			buildActionMask = 2147483647;
			files = (
				E963E5501A68FE89009FCF57 /* SpliceVC.swift in Sources */,
				E963E5491A68FB65009FCF57 /* AssetListVC.swift in Sources */,
				E963E5421A68FB0A009FCF57 /* SpliceListVC.swift in Sources */,
				E963E54B1A68FB65009FCF57 /* CollectionListVC.swift in Sources */,
				E963E54A1A68FB65009FCF57 /* AssetListCell.swift in Sources */,
				E963E5221A68FAB8009FCF57 /* AppDelegate.swift in Sources */,
				E963E54C1A68FB65009FCF57 /* CheckView.swift in Sources */,
				E963E5561A6956DC009FCF57 /* SelectedAssets.swift in Sources */,
				E963E5521A6901E4009FCF57 /* Utils.swift in Sources */,
			);
			runOnlyForDeploymentPostprocessing = 0;
		};
		E963E52D1A68FAB8009FCF57 /* Sources */ = {
			isa = PBXSourcesBuildPhase;
			buildActionMask = 2147483647;
			files = (
				E963E5381A68FAB8009FCF57 /* SplicerTests.swift in Sources */,
			);
			runOnlyForDeploymentPostprocessing = 0;
		};
/* End PBXSourcesBuildPhase section */

/* Begin PBXTargetDependency section */
		E963E5331A68FAB8009FCF57 /* PBXTargetDependency */ = {
			isa = PBXTargetDependency;
			target = E963E51B1A68FAB8009FCF57 /* Splicer */;
			targetProxy = E963E5321A68FAB8009FCF57 /* PBXContainerItemProxy */;
		};
/* End PBXTargetDependency section */

/* Begin PBXVariantGroup section */
		E963E52A1A68FAB8009FCF57 /* LaunchScreen.xib */ = {
			isa = PBXVariantGroup;
			children = (
				E963E52B1A68FAB8009FCF57 /* Base */,
			);
			name = LaunchScreen.xib;
			sourceTree = "<group>";
		};
/* End PBXVariantGroup section */

/* Begin XCBuildConfiguration section */
		E963E5391A68FAB8009FCF57 /* Debug */ = {
			isa = XCBuildConfiguration;
			buildSettings = {
				ALWAYS_SEARCH_USER_PATHS = NO;
				CLANG_CXX_LANGUAGE_STANDARD = "gnu++0x";
				CLANG_CXX_LIBRARY = "libc++";
				CLANG_ENABLE_MODULES = YES;
				CLANG_ENABLE_OBJC_ARC = YES;
				CLANG_WARN_BOOL_CONVERSION = YES;
				CLANG_WARN_CONSTANT_CONVERSION = YES;
				CLANG_WARN_DIRECT_OBJC_ISA_USAGE = YES_ERROR;
				CLANG_WARN_EMPTY_BODY = YES;
				CLANG_WARN_ENUM_CONVERSION = YES;
				CLANG_WARN_INT_CONVERSION = YES;
				CLANG_WARN_OBJC_ROOT_CLASS = YES_ERROR;
				CLANG_WARN_UNREACHABLE_CODE = YES;
				CLANG_WARN__DUPLICATE_METHOD_MATCH = YES;
				"CODE_SIGN_IDENTITY[sdk=iphoneos*]" = "iPhone Developer";
				COPY_PHASE_STRIP = NO;
				ENABLE_STRICT_OBJC_MSGSEND = YES;
				GCC_C_LANGUAGE_STANDARD = gnu99;
				GCC_DYNAMIC_NO_PIC = NO;
				GCC_OPTIMIZATION_LEVEL = 0;
				GCC_PREPROCESSOR_DEFINITIONS = (
					"DEBUG=1",
					"$(inherited)",
				);
				GCC_SYMBOLS_PRIVATE_EXTERN = NO;
				GCC_WARN_64_TO_32_BIT_CONVERSION = YES;
				GCC_WARN_ABOUT_RETURN_TYPE = YES_ERROR;
				GCC_WARN_UNDECLARED_SELECTOR = YES;
				GCC_WARN_UNINITIALIZED_AUTOS = YES_AGGRESSIVE;
				GCC_WARN_UNUSED_FUNCTION = YES;
				GCC_WARN_UNUSED_VARIABLE = YES;
				IPHONEOS_DEPLOYMENT_TARGET = 8.1;
				MTL_ENABLE_DEBUG_INFO = YES;
				ONLY_ACTIVE_ARCH = YES;
				SDKROOT = iphoneos;
				SWIFT_OPTIMIZATION_LEVEL = "-Onone";
				TARGETED_DEVICE_FAMILY = "1,2";
			};
			name = Debug;
		};
		E963E53A1A68FAB8009FCF57 /* Release */ = {
			isa = XCBuildConfiguration;
			buildSettings = {
				ALWAYS_SEARCH_USER_PATHS = NO;
				CLANG_CXX_LANGUAGE_STANDARD = "gnu++0x";
				CLANG_CXX_LIBRARY = "libc++";
				CLANG_ENABLE_MODULES = YES;
				CLANG_ENABLE_OBJC_ARC = YES;
				CLANG_WARN_BOOL_CONVERSION = YES;
				CLANG_WARN_CONSTANT_CONVERSION = YES;
				CLANG_WARN_DIRECT_OBJC_ISA_USAGE = YES_ERROR;
				CLANG_WARN_EMPTY_BODY = YES;
				CLANG_WARN_ENUM_CONVERSION = YES;
				CLANG_WARN_INT_CONVERSION = YES;
				CLANG_WARN_OBJC_ROOT_CLASS = YES_ERROR;
				CLANG_WARN_UNREACHABLE_CODE = YES;
				CLANG_WARN__DUPLICATE_METHOD_MATCH = YES;
				"CODE_SIGN_IDENTITY[sdk=iphoneos*]" = "iPhone Developer";
				COPY_PHASE_STRIP = YES;
				ENABLE_NS_ASSERTIONS = NO;
				ENABLE_STRICT_OBJC_MSGSEND = YES;
				GCC_C_LANGUAGE_STANDARD = gnu99;
				GCC_WARN_64_TO_32_BIT_CONVERSION = YES;
				GCC_WARN_ABOUT_RETURN_TYPE = YES_ERROR;
				GCC_WARN_UNDECLARED_SELECTOR = YES;
				GCC_WARN_UNINITIALIZED_AUTOS = YES_AGGRESSIVE;
				GCC_WARN_UNUSED_FUNCTION = YES;
				GCC_WARN_UNUSED_VARIABLE = YES;
				IPHONEOS_DEPLOYMENT_TARGET = 8.1;
				MTL_ENABLE_DEBUG_INFO = NO;
				SDKROOT = iphoneos;
				TARGETED_DEVICE_FAMILY = "1,2";
				VALIDATE_PRODUCT = YES;
			};
			name = Release;
		};
		E963E53C1A68FAB8009FCF57 /* Debug */ = {
			isa = XCBuildConfiguration;
			buildSettings = {
				ASSETCATALOG_COMPILER_APPICON_NAME = AppIcon;
				INFOPLIST_FILE = Splicer/Info.plist;
				LD_RUNPATH_SEARCH_PATHS = "$(inherited) @executable_path/Frameworks";
				PRODUCT_NAME = "$(TARGET_NAME)";
			};
			name = Debug;
		};
		E963E53D1A68FAB8009FCF57 /* Release */ = {
			isa = XCBuildConfiguration;
			buildSettings = {
				ASSETCATALOG_COMPILER_APPICON_NAME = AppIcon;
				INFOPLIST_FILE = Splicer/Info.plist;
				LD_RUNPATH_SEARCH_PATHS = "$(inherited) @executable_path/Frameworks";
				PRODUCT_NAME = "$(TARGET_NAME)";
			};
			name = Release;
		};
		E963E53F1A68FAB8009FCF57 /* Debug */ = {
			isa = XCBuildConfiguration;
			buildSettings = {
				BUNDLE_LOADER = "$(TEST_HOST)";
				FRAMEWORK_SEARCH_PATHS = (
					"$(SDKROOT)/Developer/Library/Frameworks",
					"$(inherited)",
				);
				GCC_PREPROCESSOR_DEFINITIONS = (
					"DEBUG=1",
					"$(inherited)",
				);
				INFOPLIST_FILE = SplicerTests/Info.plist;
				LD_RUNPATH_SEARCH_PATHS = "$(inherited) @executable_path/Frameworks @loader_path/Frameworks";
				PRODUCT_NAME = "$(TARGET_NAME)";
				TEST_HOST = "$(BUILT_PRODUCTS_DIR)/Splicer.app/Splicer";
			};
			name = Debug;
		};
		E963E5401A68FAB8009FCF57 /* Release */ = {
			isa = XCBuildConfiguration;
			buildSettings = {
				BUNDLE_LOADER = "$(TEST_HOST)";
				FRAMEWORK_SEARCH_PATHS = (
					"$(SDKROOT)/Developer/Library/Frameworks",
					"$(inherited)",
				);
				INFOPLIST_FILE = SplicerTests/Info.plist;
				LD_RUNPATH_SEARCH_PATHS = "$(inherited) @executable_path/Frameworks @loader_path/Frameworks";
				PRODUCT_NAME = "$(TARGET_NAME)";
				TEST_HOST = "$(BUILT_PRODUCTS_DIR)/Splicer.app/Splicer";
			};
			name = Release;
		};
/* End XCBuildConfiguration section */

/* Begin XCConfigurationList section */
		E963E5171A68FAB8009FCF57 /* Build configuration list for PBXProject "Splicer" */ = {
			isa = XCConfigurationList;
			buildConfigurations = (
				E963E5391A68FAB8009FCF57 /* Debug */,
				E963E53A1A68FAB8009FCF57 /* Release */,
			);
			defaultConfigurationIsVisible = 0;
			defaultConfigurationName = Release;
		};
		E963E53B1A68FAB8009FCF57 /* Build configuration list for PBXNativeTarget "Splicer" */ = {
			isa = XCConfigurationList;
			buildConfigurations = (
				E963E53C1A68FAB8009FCF57 /* Debug */,
				E963E53D1A68FAB8009FCF57 /* Release */,
			);
			defaultConfigurationIsVisible = 0;
		};
		E963E53E1A68FAB8009FCF57 /* Build configuration list for PBXNativeTarget "SplicerTests" */ = {
			isa = XCConfigurationList;
			buildConfigurations = (
				E963E53F1A68FAB8009FCF57 /* Debug */,
				E963E5401A68FAB8009FCF57 /* Release */,
			);
			defaultConfigurationIsVisible = 0;
		};
/* End XCConfigurationList section */
	};
	rootObject = E963E5141A68FAB8009FCF57 /* Project object */;
}
