// !$*UTF8*$!
{
	archiveVersion = 1;
	classes = {
	};
	objectVersion = 46;
	objects = {

/* Begin PBXBuildFile section */
		E95D9CA61A7776D000F34934 /* AppDelegate.swift in Sources */ = {isa = PBXBuildFile; fileRef = E95D9CA51A7776D000F34934 /* AppDelegate.swift */; };
		E95D9CA81A7776D000F34934 /* ViewController.swift in Sources */ = {isa = PBXBuildFile; fileRef = E95D9CA71A7776D000F34934 /* ViewController.swift */; };
		E95D9CAD1A7776D000F34934 /* Images.xcassets in Resources */ = {isa = PBXBuildFile; fileRef = E95D9CAC1A7776D000F34934 /* Images.xcassets */; };
		E95D9CB01A7776D000F34934 /* LaunchScreen.xib in Resources */ = {isa = PBXBuildFile; fileRef = E95D9CAE1A7776D000F34934 /* LaunchScreen.xib */; };
		E95D9CBC1A7776D000F34934 /* WKDemoTests.swift in Sources */ = {isa = PBXBuildFile; fileRef = E95D9CBB1A7776D000F34934 /* WKDemoTests.swift */; };
		E95D9CC61A7776E800F34934 /* Main.storyboard in Resources */ = {isa = PBXBuildFile; fileRef = E95D9CC51A7776E800F34934 /* Main.storyboard */; };
		E95D9CC91A77C13400F34934 /* StringExtension.swift in Sources */ = {isa = PBXBuildFile; fileRef = E95D9CC81A77C13400F34934 /* StringExtension.swift */; };
		E95D9CCE1A77C38500F34934 /* RegExCategories.m in Sources */ = {isa = PBXBuildFile; fileRef = E95D9CCD1A77C38500F34934 /* RegExCategories.m */; };
		E95D9CD01A77C57200F34934 /* hideNv.js in Resources */ = {isa = PBXBuildFile; fileRef = E95D9CCF1A77C57200F34934 /* hideNv.js */; };
		E95D9CD21A77D0D100F34934 /* fetchMenus.js in Resources */ = {isa = PBXBuildFile; fileRef = E95D9CD11A77D0D100F34934 /* fetchMenus.js */; };
		E95D9CD41A787CB300F34934 /* Menu.swift in Sources */ = {isa = PBXBuildFile; fileRef = E95D9CD31A787CB300F34934 /* Menu.swift */; };
		E95D9CD61A78866B00F34934 /* MenusVC.swift in Sources */ = {isa = PBXBuildFile; fileRef = E95D9CD51A78866B00F34934 /* MenusVC.swift */; };
/* End PBXBuildFile section */

/* Begin PBXContainerItemProxy section */
		E95D9CB61A7776D000F34934 /* PBXContainerItemProxy */ = {
			isa = PBXContainerItemProxy;
			containerPortal = E95D9C981A7776D000F34934 /* Project object */;
			proxyType = 1;
			remoteGlobalIDString = E95D9C9F1A7776D000F34934;
			remoteInfo = WKDemo;
		};
/* End PBXContainerItemProxy section */

/* Begin PBXFileReference section */
		E95D9CA01A7776D000F34934 /* WKDemo.app */ = {isa = PBXFileReference; explicitFileType = wrapper.application; includeInIndex = 0; path = WKDemo.app; sourceTree = BUILT_PRODUCTS_DIR; };
		E95D9CA41A7776D000F34934 /* Info.plist */ = {isa = PBXFileReference; lastKnownFileType = text.plist.xml; path = Info.plist; sourceTree = "<group>"; };
		E95D9CA51A7776D000F34934 /* AppDelegate.swift */ = {isa = PBXFileReference; lastKnownFileType = sourcecode.swift; path = AppDelegate.swift; sourceTree = "<group>"; };
		E95D9CA71A7776D000F34934 /* ViewController.swift */ = {isa = PBXFileReference; lastKnownFileType = sourcecode.swift; path = ViewController.swift; sourceTree = "<group>"; };
		E95D9CAC1A7776D000F34934 /* Images.xcassets */ = {isa = PBXFileReference; lastKnownFileType = folder.assetcatalog; path = Images.xcassets; sourceTree = "<group>"; };
		E95D9CAF1A7776D000F34934 /* Base */ = {isa = PBXFileReference; lastKnownFileType = file.xib; name = Base; path = Base.lproj/LaunchScreen.xib; sourceTree = "<group>"; };
		E95D9CB51A7776D000F34934 /* WKDemoTests.xctest */ = {isa = PBXFileReference; explicitFileType = wrapper.cfbundle; includeInIndex = 0; path = WKDemoTests.xctest; sourceTree = BUILT_PRODUCTS_DIR; };
		E95D9CBA1A7776D000F34934 /* Info.plist */ = {isa = PBXFileReference; lastKnownFileType = text.plist.xml; path = Info.plist; sourceTree = "<group>"; };
		E95D9CBB1A7776D000F34934 /* WKDemoTests.swift */ = {isa = PBXFileReference; lastKnownFileType = sourcecode.swift; path = WKDemoTests.swift; sourceTree = "<group>"; };
		E95D9CC51A7776E800F34934 /* Main.storyboard */ = {isa = PBXFileReference; fileEncoding = 4; lastKnownFileType = file.storyboard; path = Main.storyboard; sourceTree = "<group>"; };
		E95D9CC81A77C13400F34934 /* StringExtension.swift */ = {isa = PBXFileReference; fileEncoding = 4; lastKnownFileType = sourcecode.swift; path = StringExtension.swift; sourceTree = "<group>"; };
		E95D9CCB1A77C38400F34934 /* WKDemo-Bridging-Header.h */ = {isa = PBXFileReference; lastKnownFileType = sourcecode.c.h; path = "WKDemo-Bridging-Header.h"; sourceTree = "<group>"; };
		E95D9CCC1A77C38500F34934 /* RegExCategories.h */ = {isa = PBXFileReference; fileEncoding = 4; lastKnownFileType = sourcecode.c.h; path = RegExCategories.h; sourceTree = "<group>"; };
		E95D9CCD1A77C38500F34934 /* RegExCategories.m */ = {isa = PBXFileReference; fileEncoding = 4; lastKnownFileType = sourcecode.c.objc; path = RegExCategories.m; sourceTree = "<group>"; };
		E95D9CCF1A77C57200F34934 /* hideNv.js */ = {isa = PBXFileReference; fileEncoding = 4; lastKnownFileType = sourcecode.javascript; path = hideNv.js; sourceTree = "<group>"; };
		E95D9CD11A77D0D100F34934 /* fetchMenus.js */ = {isa = PBXFileReference; fileEncoding = 4; lastKnownFileType = sourcecode.javascript; path = fetchMenus.js; sourceTree = "<group>"; };
		E95D9CD31A787CB300F34934 /* Menu.swift */ = {isa = PBXFileReference; fileEncoding = 4; lastKnownFileType = sourcecode.swift; path = Menu.swift; sourceTree = "<group>"; };
		E95D9CD51A78866B00F34934 /* MenusVC.swift */ = {isa = PBXFileReference; fileEncoding = 4; lastKnownFileType = sourcecode.swift; path = MenusVC.swift; sourceTree = "<group>"; };
/* End PBXFileReference section */

/* Begin PBXFrameworksBuildPhase section */
		E95D9C9D1A7776D000F34934 /* Frameworks */ = {
			isa = PBXFrameworksBuildPhase;
			buildActionMask = 2147483647;
			files = (
			);
			runOnlyForDeploymentPostprocessing = 0;
		};
		E95D9CB21A7776D000F34934 /* Frameworks */ = {
			isa = PBXFrameworksBuildPhase;
			buildActionMask = 2147483647;
			files = (
			);
			runOnlyForDeploymentPostprocessing = 0;
		};
/* End PBXFrameworksBuildPhase section */

/* Begin PBXGroup section */
		E95D9C971A7776D000F34934 = {
			isa = PBXGroup;
			children = (
				E95D9CA21A7776D000F34934 /* WKDemo */,
				E95D9CB81A7776D000F34934 /* WKDemoTests */,
				E95D9CA11A7776D000F34934 /* Products */,
			);
			sourceTree = "<group>";
		};
		E95D9CA11A7776D000F34934 /* Products */ = {
			isa = PBXGroup;
			children = (
				E95D9CA01A7776D000F34934 /* WKDemo.app */,
				E95D9CB51A7776D000F34934 /* WKDemoTests.xctest */,
			);
			name = Products;
			sourceTree = "<group>";
		};
		E95D9CA21A7776D000F34934 /* WKDemo */ = {
			isa = PBXGroup;
			children = (
				E95D9CA51A7776D000F34934 /* AppDelegate.swift */,
				E95D9CA71A7776D000F34934 /* ViewController.swift */,
				E95D9CCF1A77C57200F34934 /* hideNv.js */,
				E95D9CC51A7776E800F34934 /* Main.storyboard */,
				E95D9CD51A78866B00F34934 /* MenusVC.swift */,
				E95D9CD11A77D0D100F34934 /* fetchMenus.js */,
				E95D9CAC1A7776D000F34934 /* Images.xcassets */,
				E95D9CAE1A7776D000F34934 /* LaunchScreen.xib */,
				E95D9CC81A77C13400F34934 /* StringExtension.swift */,
				E95D9CCC1A77C38500F34934 /* RegExCategories.h */,
				E95D9CD31A787CB300F34934 /* Menu.swift */,
				E95D9CCD1A77C38500F34934 /* RegExCategories.m */,
				E95D9CA31A7776D000F34934 /* Supporting Files */,
				E95D9CCB1A77C38400F34934 /* WKDemo-Bridging-Header.h */,
			);
			path = WKDemo;
			sourceTree = "<group>";
		};
		E95D9CA31A7776D000F34934 /* Supporting Files */ = {
			isa = PBXGroup;
			children = (
				E95D9CA41A7776D000F34934 /* Info.plist */,
			);
			name = "Supporting Files";
			sourceTree = "<group>";
		};
		E95D9CB81A7776D000F34934 /* WKDemoTests */ = {
			isa = PBXGroup;
			children = (
				E95D9CBB1A7776D000F34934 /* WKDemoTests.swift */,
				E95D9CB91A7776D000F34934 /* Supporting Files */,
			);
			path = WKDemoTests;
			sourceTree = "<group>";
		};
		E95D9CB91A7776D000F34934 /* Supporting Files */ = {
			isa = PBXGroup;
			children = (
				E95D9CBA1A7776D000F34934 /* Info.plist */,
			);
			name = "Supporting Files";
			sourceTree = "<group>";
		};
/* End PBXGroup section */

/* Begin PBXNativeTarget section */
		E95D9C9F1A7776D000F34934 /* WKDemo */ = {
			isa = PBXNativeTarget;
			buildConfigurationList = E95D9CBF1A7776D000F34934 /* Build configuration list for PBXNativeTarget "WKDemo" */;
			buildPhases = (
				E95D9C9C1A7776D000F34934 /* Sources */,
				E95D9C9D1A7776D000F34934 /* Frameworks */,
				E95D9C9E1A7776D000F34934 /* Resources */,
			);
			buildRules = (
			);
			dependencies = (
			);
			name = WKDemo;
			productName = WKDemo;
			productReference = E95D9CA01A7776D000F34934 /* WKDemo.app */;
			productType = "com.apple.product-type.application";
		};
		E95D9CB41A7776D000F34934 /* WKDemoTests */ = {
			isa = PBXNativeTarget;
			buildConfigurationList = E95D9CC21A7776D000F34934 /* Build configuration list for PBXNativeTarget "WKDemoTests" */;
			buildPhases = (
				E95D9CB11A7776D000F34934 /* Sources */,
				E95D9CB21A7776D000F34934 /* Frameworks */,
				E95D9CB31A7776D000F34934 /* Resources */,
			);
			buildRules = (
			);
			dependencies = (
				E95D9CB71A7776D000F34934 /* PBXTargetDependency */,
			);
			name = WKDemoTests;
			productName = WKDemoTests;
			productReference = E95D9CB51A7776D000F34934 /* WKDemoTests.xctest */;
			productType = "com.apple.product-type.bundle.unit-test";
		};
/* End PBXNativeTarget section */

/* Begin PBXProject section */
		E95D9C981A7776D000F34934 /* Project object */ = {
			isa = PBXProject;
			attributes = {
				LastUpgradeCheck = 0610;
				ORGANIZATIONNAME = yanghongyan;
				TargetAttributes = {
					E95D9C9F1A7776D000F34934 = {
						CreatedOnToolsVersion = 6.1;
					};
					E95D9CB41A7776D000F34934 = {
						CreatedOnToolsVersion = 6.1;
						TestTargetID = E95D9C9F1A7776D000F34934;
					};
				};
			};
			buildConfigurationList = E95D9C9B1A7776D000F34934 /* Build configuration list for PBXProject "WKDemo" */;
			compatibilityVersion = "Xcode 3.2";
			developmentRegion = English;
			hasScannedForEncodings = 0;
			knownRegions = (
				en,
				Base,
			);
			mainGroup = E95D9C971A7776D000F34934;
			productRefGroup = E95D9CA11A7776D000F34934 /* Products */;
			projectDirPath = "";
			projectRoot = "";
			targets = (
				E95D9C9F1A7776D000F34934 /* WKDemo */,
				E95D9CB41A7776D000F34934 /* WKDemoTests */,
			);
		};
/* End PBXProject section */

/* Begin PBXResourcesBuildPhase section */
		E95D9C9E1A7776D000F34934 /* Resources */ = {
			isa = PBXResourcesBuildPhase;
			buildActionMask = 2147483647;
			files = (
				E95D9CD21A77D0D100F34934 /* fetchMenus.js in Resources */,
				E95D9CC61A7776E800F34934 /* Main.storyboard in Resources */,
				E95D9CB01A7776D000F34934 /* LaunchScreen.xib in Resources */,
				E95D9CD01A77C57200F34934 /* hideNv.js in Resources */,
				E95D9CAD1A7776D000F34934 /* Images.xcassets in Resources */,
			);
			runOnlyForDeploymentPostprocessing = 0;
		};
		E95D9CB31A7776D000F34934 /* Resources */ = {
			isa = PBXResourcesBuildPhase;
			buildActionMask = 2147483647;
			files = (
			);
			runOnlyForDeploymentPostprocessing = 0;
		};
/* End PBXResourcesBuildPhase section */

/* Begin PBXSourcesBuildPhase section */
		E95D9C9C1A7776D000F34934 /* Sources */ = {
			isa = PBXSourcesBuildPhase;
			buildActionMask = 2147483647;
			files = (
				E95D9CA81A7776D000F34934 /* ViewController.swift in Sources */,
				E95D9CD61A78866B00F34934 /* MenusVC.swift in Sources */,
				E95D9CCE1A77C38500F34934 /* RegExCategories.m in Sources */,
				E95D9CA61A7776D000F34934 /* AppDelegate.swift in Sources */,
				E95D9CC91A77C13400F34934 /* StringExtension.swift in Sources */,
				E95D9CD41A787CB300F34934 /* Menu.swift in Sources */,
			);
			runOnlyForDeploymentPostprocessing = 0;
		};
		E95D9CB11A7776D000F34934 /* Sources */ = {
			isa = PBXSourcesBuildPhase;
			buildActionMask = 2147483647;
			files = (
				E95D9CBC1A7776D000F34934 /* WKDemoTests.swift in Sources */,
			);
			runOnlyForDeploymentPostprocessing = 0;
		};
/* End PBXSourcesBuildPhase section */

/* Begin PBXTargetDependency section */
		E95D9CB71A7776D000F34934 /* PBXTargetDependency */ = {
			isa = PBXTargetDependency;
			target = E95D9C9F1A7776D000F34934 /* WKDemo */;
			targetProxy = E95D9CB61A7776D000F34934 /* PBXContainerItemProxy */;
		};
/* End PBXTargetDependency section */

/* Begin PBXVariantGroup section */
		E95D9CAE1A7776D000F34934 /* LaunchScreen.xib */ = {
			isa = PBXVariantGroup;
			children = (
				E95D9CAF1A7776D000F34934 /* Base */,
			);
			name = LaunchScreen.xib;
			sourceTree = "<group>";
		};
/* End PBXVariantGroup section */

/* Begin XCBuildConfiguration section */
		E95D9CBD1A7776D000F34934 /* Debug */ = {
			isa = XCBuildConfiguration;
			buildSettings = {
				ALWAYS_SEARCH_USER_PATHS = NO;
				CLANG_CXX_LANGUAGE_STANDARD = "gnu++0x";
				CLANG_CXX_LIBRARY = "libc++";
				CLANG_ENABLE_MODULES = YES;
				CLANG_ENABLE_OBJC_ARC = YES;
				CLANG_WARN_BOOL_CONVERSION = YES;
				CLANG_WARN_CONSTANT_CONVERSION = YES;
				CLANG_WARN_DIRECT_OBJC_ISA_USAGE = YES_ERROR;
				CLANG_WARN_EMPTY_BODY = YES;
				CLANG_WARN_ENUM_CONVERSION = YES;
				CLANG_WARN_INT_CONVERSION = YES;
				CLANG_WARN_OBJC_ROOT_CLASS = YES_ERROR;
				CLANG_WARN_UNREACHABLE_CODE = YES;
				CLANG_WARN__DUPLICATE_METHOD_MATCH = YES;
				"CODE_SIGN_IDENTITY[sdk=iphoneos*]" = "iPhone Developer";
				COPY_PHASE_STRIP = NO;
				ENABLE_STRICT_OBJC_MSGSEND = YES;
				GCC_C_LANGUAGE_STANDARD = gnu99;
				GCC_DYNAMIC_NO_PIC = NO;
				GCC_OPTIMIZATION_LEVEL = 0;
				GCC_PREPROCESSOR_DEFINITIONS = (
					"DEBUG=1",
					"$(inherited)",
				);
				GCC_SYMBOLS_PRIVATE_EXTERN = NO;
				GCC_WARN_64_TO_32_BIT_CONVERSION = YES;
				GCC_WARN_ABOUT_RETURN_TYPE = YES_ERROR;
				GCC_WARN_UNDECLARED_SELECTOR = YES;
				GCC_WARN_UNINITIALIZED_AUTOS = YES_AGGRESSIVE;
				GCC_WARN_UNUSED_FUNCTION = YES;
				GCC_WARN_UNUSED_VARIABLE = YES;
				IPHONEOS_DEPLOYMENT_TARGET = 8.1;
				MTL_ENABLE_DEBUG_INFO = YES;
				ONLY_ACTIVE_ARCH = YES;
				SDKROOT = iphoneos;
				SWIFT_OPTIMIZATION_LEVEL = "-Onone";
				TARGETED_DEVICE_FAMILY = "1,2";
			};
			name = Debug;
		};
		E95D9CBE1A7776D000F34934 /* Release */ = {
			isa = XCBuildConfiguration;
			buildSettings = {
				ALWAYS_SEARCH_USER_PATHS = NO;
				CLANG_CXX_LANGUAGE_STANDARD = "gnu++0x";
				CLANG_CXX_LIBRARY = "libc++";
				CLANG_ENABLE_MODULES = YES;
				CLANG_ENABLE_OBJC_ARC = YES;
				CLANG_WARN_BOOL_CONVERSION = YES;
				CLANG_WARN_CONSTANT_CONVERSION = YES;
				CLANG_WARN_DIRECT_OBJC_ISA_USAGE = YES_ERROR;
				CLANG_WARN_EMPTY_BODY = YES;
				CLANG_WARN_ENUM_CONVERSION = YES;
				CLANG_WARN_INT_CONVERSION = YES;
				CLANG_WARN_OBJC_ROOT_CLASS = YES_ERROR;
				CLANG_WARN_UNREACHABLE_CODE = YES;
				CLANG_WARN__DUPLICATE_METHOD_MATCH = YES;
				"CODE_SIGN_IDENTITY[sdk=iphoneos*]" = "iPhone Developer";
				COPY_PHASE_STRIP = YES;
				ENABLE_NS_ASSERTIONS = NO;
				ENABLE_STRICT_OBJC_MSGSEND = YES;
				GCC_C_LANGUAGE_STANDARD = gnu99;
				GCC_WARN_64_TO_32_BIT_CONVERSION = YES;
				GCC_WARN_ABOUT_RETURN_TYPE = YES_ERROR;
				GCC_WARN_UNDECLARED_SELECTOR = YES;
				GCC_WARN_UNINITIALIZED_AUTOS = YES_AGGRESSIVE;
				GCC_WARN_UNUSED_FUNCTION = YES;
				GCC_WARN_UNUSED_VARIABLE = YES;
				IPHONEOS_DEPLOYMENT_TARGET = 8.1;
				MTL_ENABLE_DEBUG_INFO = NO;
				SDKROOT = iphoneos;
				TARGETED_DEVICE_FAMILY = "1,2";
				VALIDATE_PRODUCT = YES;
			};
			name = Release;
		};
		E95D9CC01A7776D000F34934 /* Debug */ = {
			isa = XCBuildConfiguration;
			buildSettings = {
				ASSETCATALOG_COMPILER_APPICON_NAME = AppIcon;
				CLANG_ENABLE_MODULES = YES;
				INFOPLIST_FILE = WKDemo/Info.plist;
				LD_RUNPATH_SEARCH_PATHS = "$(inherited) @executable_path/Frameworks";
				PRODUCT_NAME = "$(TARGET_NAME)";
				SWIFT_OBJC_BRIDGING_HEADER = "WKDemo/WKDemo-Bridging-Header.h";
				SWIFT_OPTIMIZATION_LEVEL = "-Onone";
			};
			name = Debug;
		};
		E95D9CC11A7776D000F34934 /* Release */ = {
			isa = XCBuildConfiguration;
			buildSettings = {
				ASSETCATALOG_COMPILER_APPICON_NAME = AppIcon;
				CLANG_ENABLE_MODULES = YES;
				INFOPLIST_FILE = WKDemo/Info.plist;
				LD_RUNPATH_SEARCH_PATHS = "$(inherited) @executable_path/Frameworks";
				PRODUCT_NAME = "$(TARGET_NAME)";
				SWIFT_OBJC_BRIDGING_HEADER = "WKDemo/WKDemo-Bridging-Header.h";
			};
			name = Release;
		};
		E95D9CC31A7776D000F34934 /* Debug */ = {
			isa = XCBuildConfiguration;
			buildSettings = {
				BUNDLE_LOADER = "$(TEST_HOST)";
				FRAMEWORK_SEARCH_PATHS = (
					"$(SDKROOT)/Developer/Library/Frameworks",
					"$(inherited)",
				);
				GCC_PREPROCESSOR_DEFINITIONS = (
					"DEBUG=1",
					"$(inherited)",
				);
				INFOPLIST_FILE = WKDemoTests/Info.plist;
				LD_RUNPATH_SEARCH_PATHS = "$(inherited) @executable_path/Frameworks @loader_path/Frameworks";
				PRODUCT_NAME = "$(TARGET_NAME)";
				TEST_HOST = "$(BUILT_PRODUCTS_DIR)/WKDemo.app/WKDemo";
			};
			name = Debug;
		};
		E95D9CC41A7776D000F34934 /* Release */ = {
			isa = XCBuildConfiguration;
			buildSettings = {
				BUNDLE_LOADER = "$(TEST_HOST)";
				FRAMEWORK_SEARCH_PATHS = (
					"$(SDKROOT)/Developer/Library/Frameworks",
					"$(inherited)",
				);
				INFOPLIST_FILE = WKDemoTests/Info.plist;
				LD_RUNPATH_SEARCH_PATHS = "$(inherited) @executable_path/Frameworks @loader_path/Frameworks";
				PRODUCT_NAME = "$(TARGET_NAME)";
				TEST_HOST = "$(BUILT_PRODUCTS_DIR)/WKDemo.app/WKDemo";
			};
			name = Release;
		};
/* End XCBuildConfiguration section */

/* Begin XCConfigurationList section */
		E95D9C9B1A7776D000F34934 /* Build configuration list for PBXProject "WKDemo" */ = {
			isa = XCConfigurationList;
			buildConfigurations = (
				E95D9CBD1A7776D000F34934 /* Debug */,
				E95D9CBE1A7776D000F34934 /* Release */,
			);
			defaultConfigurationIsVisible = 0;
			defaultConfigurationName = Release;
		};
		E95D9CBF1A7776D000F34934 /* Build configuration list for PBXNativeTarget "WKDemo" */ = {
			isa = XCConfigurationList;
			buildConfigurations = (
				E95D9CC01A7776D000F34934 /* Debug */,
				E95D9CC11A7776D000F34934 /* Release */,
			);
			defaultConfigurationIsVisible = 0;
			defaultConfigurationName = Release;
		};
		E95D9CC21A7776D000F34934 /* Build configuration list for PBXNativeTarget "WKDemoTests" */ = {
			isa = XCConfigurationList;
			buildConfigurations = (
				E95D9CC31A7776D000F34934 /* Debug */,
				E95D9CC41A7776D000F34934 /* Release */,
			);
			defaultConfigurationIsVisible = 0;
			defaultConfigurationName = Release;
		};
/* End XCConfigurationList section */
	};
	rootObject = E95D9C981A7776D000F34934 /* Project object */;
}
