// !$*UTF8*$!
{
	archiveVersion = 1;
	classes = {
	};
	objectVersion = 46;
	objects = {

/* Begin PBXBuildFile section */
		264162BA19E383DF00987FFF /* SpitVC.swift in Sources */ = {isa = PBXBuildFile; fileRef = 264162B919E383DF00987FFF /* SpitVC.swift */; };
		264162BC19E3A2CA00987FFF /* PaletteContainer.swift in Sources */ = {isa = PBXBuildFile; fileRef = 264162BB19E3A2CA00987FFF /* PaletteContainer.swift */; };
		264162BE19E3A81300987FFF /* NavigationController.swift in Sources */ = {isa = PBXBuildFile; fileRef = 264162BD19E3A81300987FFF /* NavigationController.swift */; };
		265D6EBB19E0D07A007FC454 /* AppDelegate.swift in Sources */ = {isa = PBXBuildFile; fileRef = 265D6EBA19E0D07A007FC454 /* AppDelegate.swift */; };
		265D6EBD19E0D07A007FC454 /* MasterViewController.swift in Sources */ = {isa = PBXBuildFile; fileRef = 265D6EBC19E0D07A007FC454 /* MasterViewController.swift */; };
		265D6EBF19E0D07A007FC454 /* DetailViewController.swift in Sources */ = {isa = PBXBuildFile; fileRef = 265D6EBE19E0D07A007FC454 /* DetailViewController.swift */; };
		265D6EC219E0D07A007FC454 /* Main.storyboard in Resources */ = {isa = PBXBuildFile; fileRef = 265D6EC019E0D07A007FC454 /* Main.storyboard */; };
		265D6EC419E0D07A007FC454 /* Images.xcassets in Resources */ = {isa = PBXBuildFile; fileRef = 265D6EC319E0D07A007FC454 /* Images.xcassets */; };
		265D6EC719E0D07A007FC454 /* LaunchScreen.xib in Resources */ = {isa = PBXBuildFile; fileRef = 265D6EC519E0D07A007FC454 /* LaunchScreen.xib */; };
		265D6ED319E0D07A007FC454 /* SplitDemoTests.swift in Sources */ = {isa = PBXBuildFile; fileRef = 265D6ED219E0D07A007FC454 /* SplitDemoTests.swift */; };
		265D6EDD19E1301E007FC454 /* ColorPalette.swift in Sources */ = {isa = PBXBuildFile; fileRef = 265D6EDC19E1301E007FC454 /* ColorPalette.swift */; };
		266AED6D19E25E5100F69697 /* SplitContainerVC.swift in Sources */ = {isa = PBXBuildFile; fileRef = 266AED6C19E25E5100F69697 /* SplitContainerVC.swift */; };
		E9774DBD19EE788C006E03BD /* NoPaletteSelectedViewController.swift in Sources */ = {isa = PBXBuildFile; fileRef = E9774DBC19EE788C006E03BD /* NoPaletteSelectedViewController.swift */; };
		E9CB2C1419ED44DF00A37F75 /* UIViewControllerExt.swift in Sources */ = {isa = PBXBuildFile; fileRef = E9CB2C1319ED44DF00A37F75 /* UIViewControllerExt.swift */; };
/* End PBXBuildFile section */

/* Begin PBXContainerItemProxy section */
		265D6ECD19E0D07A007FC454 /* PBXContainerItemProxy */ = {
			isa = PBXContainerItemProxy;
			containerPortal = 265D6EAD19E0D07A007FC454 /* Project object */;
			proxyType = 1;
			remoteGlobalIDString = 265D6EB419E0D07A007FC454;
			remoteInfo = SplitDemo;
		};
/* End PBXContainerItemProxy section */

/* Begin PBXFileReference section */
		264162B919E383DF00987FFF /* SpitVC.swift */ = {isa = PBXFileReference; fileEncoding = 4; lastKnownFileType = sourcecode.swift; path = SpitVC.swift; sourceTree = "<group>"; };
		264162BB19E3A2CA00987FFF /* PaletteContainer.swift */ = {isa = PBXFileReference; fileEncoding = 4; lastKnownFileType = sourcecode.swift; path = PaletteContainer.swift; sourceTree = "<group>"; };
		264162BD19E3A81300987FFF /* NavigationController.swift */ = {isa = PBXFileReference; fileEncoding = 4; lastKnownFileType = sourcecode.swift; path = NavigationController.swift; sourceTree = "<group>"; };
		265D6EB519E0D07A007FC454 /* SplitDemo.app */ = {isa = PBXFileReference; explicitFileType = wrapper.application; includeInIndex = 0; path = SplitDemo.app; sourceTree = BUILT_PRODUCTS_DIR; };
		265D6EB919E0D07A007FC454 /* Info.plist */ = {isa = PBXFileReference; lastKnownFileType = text.plist.xml; path = Info.plist; sourceTree = "<group>"; };
		265D6EBA19E0D07A007FC454 /* AppDelegate.swift */ = {isa = PBXFileReference; lastKnownFileType = sourcecode.swift; path = AppDelegate.swift; sourceTree = "<group>"; };
		265D6EBC19E0D07A007FC454 /* MasterViewController.swift */ = {isa = PBXFileReference; lastKnownFileType = sourcecode.swift; path = MasterViewController.swift; sourceTree = "<group>"; };
		265D6EBE19E0D07A007FC454 /* DetailViewController.swift */ = {isa = PBXFileReference; lastKnownFileType = sourcecode.swift; path = DetailViewController.swift; sourceTree = "<group>"; };
		265D6EC119E0D07A007FC454 /* Base */ = {isa = PBXFileReference; lastKnownFileType = file.storyboard; name = Base; path = Base.lproj/Main.storyboard; sourceTree = "<group>"; };
		265D6EC319E0D07A007FC454 /* Images.xcassets */ = {isa = PBXFileReference; lastKnownFileType = folder.assetcatalog; path = Images.xcassets; sourceTree = "<group>"; };
		265D6EC619E0D07A007FC454 /* Base */ = {isa = PBXFileReference; lastKnownFileType = file.xib; name = Base; path = Base.lproj/LaunchScreen.xib; sourceTree = "<group>"; };
		265D6ECC19E0D07A007FC454 /* SplitDemoTests.xctest */ = {isa = PBXFileReference; explicitFileType = wrapper.cfbundle; includeInIndex = 0; path = SplitDemoTests.xctest; sourceTree = BUILT_PRODUCTS_DIR; };
		265D6ED119E0D07A007FC454 /* Info.plist */ = {isa = PBXFileReference; lastKnownFileType = text.plist.xml; path = Info.plist; sourceTree = "<group>"; };
		265D6ED219E0D07A007FC454 /* SplitDemoTests.swift */ = {isa = PBXFileReference; lastKnownFileType = sourcecode.swift; path = SplitDemoTests.swift; sourceTree = "<group>"; };
		265D6EDC19E1301E007FC454 /* ColorPalette.swift */ = {isa = PBXFileReference; fileEncoding = 4; lastKnownFileType = sourcecode.swift; path = ColorPalette.swift; sourceTree = "<group>"; };
		266AED6C19E25E5100F69697 /* SplitContainerVC.swift */ = {isa = PBXFileReference; fileEncoding = 4; lastKnownFileType = sourcecode.swift; path = SplitContainerVC.swift; sourceTree = "<group>"; };
		E9774DBC19EE788C006E03BD /* NoPaletteSelectedViewController.swift */ = {isa = PBXFileReference; fileEncoding = 4; lastKnownFileType = sourcecode.swift; path = NoPaletteSelectedViewController.swift; sourceTree = "<group>"; };
		E9CB2C1319ED44DF00A37F75 /* UIViewControllerExt.swift */ = {isa = PBXFileReference; fileEncoding = 4; lastKnownFileType = sourcecode.swift; path = UIViewControllerExt.swift; sourceTree = "<group>"; };
/* End PBXFileReference section */

/* Begin PBXFrameworksBuildPhase section */
		265D6EB219E0D07A007FC454 /* Frameworks */ = {
			isa = PBXFrameworksBuildPhase;
			buildActionMask = 2147483647;
			files = (
			);
			runOnlyForDeploymentPostprocessing = 0;
		};
		265D6EC919E0D07A007FC454 /* Frameworks */ = {
			isa = PBXFrameworksBuildPhase;
			buildActionMask = 2147483647;
			files = (
			);
			runOnlyForDeploymentPostprocessing = 0;
		};
/* End PBXFrameworksBuildPhase section */

/* Begin PBXGroup section */
		265D6EAC19E0D07A007FC454 = {
			isa = PBXGroup;
			children = (
				265D6EB719E0D07A007FC454 /* SplitDemo */,
				265D6ECF19E0D07A007FC454 /* SplitDemoTests */,
				265D6EB619E0D07A007FC454 /* Products */,
			);
			sourceTree = "<group>";
		};
		265D6EB619E0D07A007FC454 /* Products */ = {
			isa = PBXGroup;
			children = (
				265D6EB519E0D07A007FC454 /* SplitDemo.app */,
				265D6ECC19E0D07A007FC454 /* SplitDemoTests.xctest */,
			);
			name = Products;
			sourceTree = "<group>";
		};
		265D6EB719E0D07A007FC454 /* SplitDemo */ = {
			isa = PBXGroup;
			children = (
				265D6EBA19E0D07A007FC454 /* AppDelegate.swift */,
				265D6EBC19E0D07A007FC454 /* MasterViewController.swift */,
				264162BB19E3A2CA00987FFF /* PaletteContainer.swift */,
				265D6EDC19E1301E007FC454 /* ColorPalette.swift */,
				265D6EBE19E0D07A007FC454 /* DetailViewController.swift */,
				264162BD19E3A81300987FFF /* NavigationController.swift */,
				265D6EC019E0D07A007FC454 /* Main.storyboard */,
				E9CB2C1319ED44DF00A37F75 /* UIViewControllerExt.swift */,
				264162B919E383DF00987FFF /* SpitVC.swift */,
				266AED6C19E25E5100F69697 /* SplitContainerVC.swift */,
				265D6EC319E0D07A007FC454 /* Images.xcassets */,
				265D6EC519E0D07A007FC454 /* LaunchScreen.xib */,
				265D6EB819E0D07A007FC454 /* Supporting Files */,
				E9774DBC19EE788C006E03BD /* NoPaletteSelectedViewController.swift */,
			);
			path = SplitDemo;
			sourceTree = "<group>";
		};
		265D6EB819E0D07A007FC454 /* Supporting Files */ = {
			isa = PBXGroup;
			children = (
				265D6EB919E0D07A007FC454 /* Info.plist */,
			);
			name = "Supporting Files";
			sourceTree = "<group>";
		};
		265D6ECF19E0D07A007FC454 /* SplitDemoTests */ = {
			isa = PBXGroup;
			children = (
				265D6ED219E0D07A007FC454 /* SplitDemoTests.swift */,
				265D6ED019E0D07A007FC454 /* Supporting Files */,
			);
			path = SplitDemoTests;
			sourceTree = "<group>";
		};
		265D6ED019E0D07A007FC454 /* Supporting Files */ = {
			isa = PBXGroup;
			children = (
				265D6ED119E0D07A007FC454 /* Info.plist */,
			);
			name = "Supporting Files";
			sourceTree = "<group>";
		};
/* End PBXGroup section */

/* Begin PBXNativeTarget section */
		265D6EB419E0D07A007FC454 /* SplitDemo */ = {
			isa = PBXNativeTarget;
			buildConfigurationList = 265D6ED619E0D07A007FC454 /* Build configuration list for PBXNativeTarget "SplitDemo" */;
			buildPhases = (
				265D6EB119E0D07A007FC454 /* Sources */,
				265D6EB219E0D07A007FC454 /* Frameworks */,
				265D6EB319E0D07A007FC454 /* Resources */,
			);
			buildRules = (
			);
			dependencies = (
			);
			name = SplitDemo;
			productName = SplitDemo;
			productReference = 265D6EB519E0D07A007FC454 /* SplitDemo.app */;
			productType = "com.apple.product-type.application";
		};
		265D6ECB19E0D07A007FC454 /* SplitDemoTests */ = {
			isa = PBXNativeTarget;
			buildConfigurationList = 265D6ED919E0D07A007FC454 /* Build configuration list for PBXNativeTarget "SplitDemoTests" */;
			buildPhases = (
				265D6EC819E0D07A007FC454 /* Sources */,
				265D6EC919E0D07A007FC454 /* Frameworks */,
				265D6ECA19E0D07A007FC454 /* Resources */,
			);
			buildRules = (
			);
			dependencies = (
				265D6ECE19E0D07A007FC454 /* PBXTargetDependency */,
			);
			name = SplitDemoTests;
			productName = SplitDemoTests;
			productReference = 265D6ECC19E0D07A007FC454 /* SplitDemoTests.xctest */;
			productType = "com.apple.product-type.bundle.unit-test";
		};
/* End PBXNativeTarget section */

/* Begin PBXProject section */
		265D6EAD19E0D07A007FC454 /* Project object */ = {
			isa = PBXProject;
			attributes = {
				LastUpgradeCheck = 0600;
				ORGANIZATIONNAME = kmyhy;
				TargetAttributes = {
					265D6EB419E0D07A007FC454 = {
						CreatedOnToolsVersion = 6.0.1;
					};
					265D6ECB19E0D07A007FC454 = {
						CreatedOnToolsVersion = 6.0.1;
						TestTargetID = 265D6EB419E0D07A007FC454;
					};
				};
			};
			buildConfigurationList = 265D6EB019E0D07A007FC454 /* Build configuration list for PBXProject "SplitDemo" */;
			compatibilityVersion = "Xcode 3.2";
			developmentRegion = English;
			hasScannedForEncodings = 0;
			knownRegions = (
				en,
				Base,
			);
			mainGroup = 265D6EAC19E0D07A007FC454;
			productRefGroup = 265D6EB619E0D07A007FC454 /* Products */;
			projectDirPath = "";
			projectRoot = "";
			targets = (
				265D6EB419E0D07A007FC454 /* SplitDemo */,
				265D6ECB19E0D07A007FC454 /* SplitDemoTests */,
			);
		};
/* End PBXProject section */

/* Begin PBXResourcesBuildPhase section */
		265D6EB319E0D07A007FC454 /* Resources */ = {
			isa = PBXResourcesBuildPhase;
			buildActionMask = 2147483647;
			files = (
				265D6EC219E0D07A007FC454 /* Main.storyboard in Resources */,
				265D6EC719E0D07A007FC454 /* LaunchScreen.xib in Resources */,
				265D6EC419E0D07A007FC454 /* Images.xcassets in Resources */,
			);
			runOnlyForDeploymentPostprocessing = 0;
		};
		265D6ECA19E0D07A007FC454 /* Resources */ = {
			isa = PBXResourcesBuildPhase;
			buildActionMask = 2147483647;
			files = (
			);
			runOnlyForDeploymentPostprocessing = 0;
		};
/* End PBXResourcesBuildPhase section */

/* Begin PBXSourcesBuildPhase section */
		265D6EB119E0D07A007FC454 /* Sources */ = {
			isa = PBXSourcesBuildPhase;
			buildActionMask = 2147483647;
			files = (
				266AED6D19E25E5100F69697 /* SplitContainerVC.swift in Sources */,
				264162BE19E3A81300987FFF /* NavigationController.swift in Sources */,
				E9CB2C1419ED44DF00A37F75 /* UIViewControllerExt.swift in Sources */,
				265D6EBF19E0D07A007FC454 /* DetailViewController.swift in Sources */,
				264162BC19E3A2CA00987FFF /* PaletteContainer.swift in Sources */,
				265D6EBD19E0D07A007FC454 /* MasterViewController.swift in Sources */,
				E9774DBD19EE788C006E03BD /* NoPaletteSelectedViewController.swift in Sources */,
				265D6EBB19E0D07A007FC454 /* AppDelegate.swift in Sources */,
				264162BA19E383DF00987FFF /* SpitVC.swift in Sources */,
				265D6EDD19E1301E007FC454 /* ColorPalette.swift in Sources */,
			);
			runOnlyForDeploymentPostprocessing = 0;
		};
		265D6EC819E0D07A007FC454 /* Sources */ = {
			isa = PBXSourcesBuildPhase;
			buildActionMask = 2147483647;
			files = (
				265D6ED319E0D07A007FC454 /* SplitDemoTests.swift in Sources */,
			);
			runOnlyForDeploymentPostprocessing = 0;
		};
/* End PBXSourcesBuildPhase section */

/* Begin PBXTargetDependency section */
		265D6ECE19E0D07A007FC454 /* PBXTargetDependency */ = {
			isa = PBXTargetDependency;
			target = 265D6EB419E0D07A007FC454 /* SplitDemo */;
			targetProxy = 265D6ECD19E0D07A007FC454 /* PBXContainerItemProxy */;
		};
/* End PBXTargetDependency section */

/* Begin PBXVariantGroup section */
		265D6EC019E0D07A007FC454 /* Main.storyboard */ = {
			isa = PBXVariantGroup;
			children = (
				265D6EC119E0D07A007FC454 /* Base */,
			);
			name = Main.storyboard;
			sourceTree = "<group>";
		};
		265D6EC519E0D07A007FC454 /* LaunchScreen.xib */ = {
			isa = PBXVariantGroup;
			children = (
				265D6EC619E0D07A007FC454 /* Base */,
			);
			name = LaunchScreen.xib;
			sourceTree = "<group>";
		};
/* End PBXVariantGroup section */

/* Begin XCBuildConfiguration section */
		265D6ED419E0D07A007FC454 /* Debug */ = {
			isa = XCBuildConfiguration;
			buildSettings = {
				ALWAYS_SEARCH_USER_PATHS = NO;
				CLANG_CXX_LANGUAGE_STANDARD = "gnu++0x";
				CLANG_CXX_LIBRARY = "libc++";
				CLANG_ENABLE_MODULES = YES;
				CLANG_ENABLE_OBJC_ARC = YES;
				CLANG_WARN_BOOL_CONVERSION = YES;
				CLANG_WARN_CONSTANT_CONVERSION = YES;
				CLANG_WARN_DIRECT_OBJC_ISA_USAGE = YES_ERROR;
				CLANG_WARN_EMPTY_BODY = YES;
				CLANG_WARN_ENUM_CONVERSION = YES;
				CLANG_WARN_INT_CONVERSION = YES;
				CLANG_WARN_OBJC_ROOT_CLASS = YES_ERROR;
				CLANG_WARN_UNREACHABLE_CODE = YES;
				CLANG_WARN__DUPLICATE_METHOD_MATCH = YES;
				"CODE_SIGN_IDENTITY[sdk=iphoneos*]" = "iPhone Developer";
				COPY_PHASE_STRIP = NO;
				ENABLE_STRICT_OBJC_MSGSEND = YES;
				GCC_C_LANGUAGE_STANDARD = gnu99;
				GCC_DYNAMIC_NO_PIC = NO;
				GCC_OPTIMIZATION_LEVEL = 0;
				GCC_PREPROCESSOR_DEFINITIONS = (
					"DEBUG=1",
					"$(inherited)",
				);
				GCC_SYMBOLS_PRIVATE_EXTERN = NO;
				GCC_WARN_64_TO_32_BIT_CONVERSION = YES;
				GCC_WARN_ABOUT_RETURN_TYPE = YES_ERROR;
				GCC_WARN_UNDECLARED_SELECTOR = YES;
				GCC_WARN_UNINITIALIZED_AUTOS = YES_AGGRESSIVE;
				GCC_WARN_UNUSED_FUNCTION = YES;
				GCC_WARN_UNUSED_VARIABLE = YES;
				IPHONEOS_DEPLOYMENT_TARGET = 8.0;
				MTL_ENABLE_DEBUG_INFO = YES;
				ONLY_ACTIVE_ARCH = YES;
				SDKROOT = iphoneos;
				SWIFT_OPTIMIZATION_LEVEL = "-Onone";
				TARGETED_DEVICE_FAMILY = "1,2";
			};
			name = Debug;
		};
		265D6ED519E0D07A007FC454 /* Release */ = {
			isa = XCBuildConfiguration;
			buildSettings = {
				ALWAYS_SEARCH_USER_PATHS = NO;
				CLANG_CXX_LANGUAGE_STANDARD = "gnu++0x";
				CLANG_CXX_LIBRARY = "libc++";
				CLANG_ENABLE_MODULES = YES;
				CLANG_ENABLE_OBJC_ARC = YES;
				CLANG_WARN_BOOL_CONVERSION = YES;
				CLANG_WARN_CONSTANT_CONVERSION = YES;
				CLANG_WARN_DIRECT_OBJC_ISA_USAGE = YES_ERROR;
				CLANG_WARN_EMPTY_BODY = YES;
				CLANG_WARN_ENUM_CONVERSION = YES;
				CLANG_WARN_INT_CONVERSION = YES;
				CLANG_WARN_OBJC_ROOT_CLASS = YES_ERROR;
				CLANG_WARN_UNREACHABLE_CODE = YES;
				CLANG_WARN__DUPLICATE_METHOD_MATCH = YES;
				"CODE_SIGN_IDENTITY[sdk=iphoneos*]" = "iPhone Developer";
				COPY_PHASE_STRIP = YES;
				ENABLE_NS_ASSERTIONS = NO;
				ENABLE_STRICT_OBJC_MSGSEND = YES;
				GCC_C_LANGUAGE_STANDARD = gnu99;
				GCC_WARN_64_TO_32_BIT_CONVERSION = YES;
				GCC_WARN_ABOUT_RETURN_TYPE = YES_ERROR;
				GCC_WARN_UNDECLARED_SELECTOR = YES;
				GCC_WARN_UNINITIALIZED_AUTOS = YES_AGGRESSIVE;
				GCC_WARN_UNUSED_FUNCTION = YES;
				GCC_WARN_UNUSED_VARIABLE = YES;
				IPHONEOS_DEPLOYMENT_TARGET = 8.0;
				MTL_ENABLE_DEBUG_INFO = NO;
				SDKROOT = iphoneos;
				TARGETED_DEVICE_FAMILY = "1,2";
				VALIDATE_PRODUCT = YES;
			};
			name = Release;
		};
		265D6ED719E0D07A007FC454 /* Debug */ = {
			isa = XCBuildConfiguration;
			buildSettings = {
				ASSETCATALOG_COMPILER_APPICON_NAME = AppIcon;
				INFOPLIST_FILE = SplitDemo/Info.plist;
				IPHONEOS_DEPLOYMENT_TARGET = 7.0;
				LD_RUNPATH_SEARCH_PATHS = "$(inherited) @executable_path/Frameworks";
				PRODUCT_NAME = "$(TARGET_NAME)";
			};
			name = Debug;
		};
		265D6ED819E0D07A007FC454 /* Release */ = {
			isa = XCBuildConfiguration;
			buildSettings = {
				ASSETCATALOG_COMPILER_APPICON_NAME = AppIcon;
				INFOPLIST_FILE = SplitDemo/Info.plist;
				IPHONEOS_DEPLOYMENT_TARGET = 7.0;
				LD_RUNPATH_SEARCH_PATHS = "$(inherited) @executable_path/Frameworks";
				PRODUCT_NAME = "$(TARGET_NAME)";
			};
			name = Release;
		};
		265D6EDA19E0D07A007FC454 /* Debug */ = {
			isa = XCBuildConfiguration;
			buildSettings = {
				BUNDLE_LOADER = "$(TEST_HOST)";
				FRAMEWORK_SEARCH_PATHS = (
					"$(SDKROOT)/Developer/Library/Frameworks",
					"$(inherited)",
				);
				GCC_PREPROCESSOR_DEFINITIONS = (
					"DEBUG=1",
					"$(inherited)",
				);
				INFOPLIST_FILE = SplitDemoTests/Info.plist;
				LD_RUNPATH_SEARCH_PATHS = "$(inherited) @executable_path/Frameworks @loader_path/Frameworks";
				PRODUCT_NAME = "$(TARGET_NAME)";
				TEST_HOST = "$(BUILT_PRODUCTS_DIR)/SplitDemo.app/SplitDemo";
			};
			name = Debug;
		};
		265D6EDB19E0D07A007FC454 /* Release */ = {
			isa = XCBuildConfiguration;
			buildSettings = {
				BUNDLE_LOADER = "$(TEST_HOST)";
				FRAMEWORK_SEARCH_PATHS = (
					"$(SDKROOT)/Developer/Library/Frameworks",
					"$(inherited)",
				);
				INFOPLIST_FILE = SplitDemoTests/Info.plist;
				LD_RUNPATH_SEARCH_PATHS = "$(inherited) @executable_path/Frameworks @loader_path/Frameworks";
				PRODUCT_NAME = "$(TARGET_NAME)";
				TEST_HOST = "$(BUILT_PRODUCTS_DIR)/SplitDemo.app/SplitDemo";
			};
			name = Release;
		};
/* End XCBuildConfiguration section */

/* Begin XCConfigurationList section */
		265D6EB019E0D07A007FC454 /* Build configuration list for PBXProject "SplitDemo" */ = {
			isa = XCConfigurationList;
			buildConfigurations = (
				265D6ED419E0D07A007FC454 /* Debug */,
				265D6ED519E0D07A007FC454 /* Release */,
			);
			defaultConfigurationIsVisible = 0;
			defaultConfigurationName = Release;
		};
		265D6ED619E0D07A007FC454 /* Build configuration list for PBXNativeTarget "SplitDemo" */ = {
			isa = XCConfigurationList;
			buildConfigurations = (
				265D6ED719E0D07A007FC454 /* Debug */,
				265D6ED819E0D07A007FC454 /* Release */,
			);
			defaultConfigurationIsVisible = 0;
			defaultConfigurationName = Release;
		};
		265D6ED919E0D07A007FC454 /* Build configuration list for PBXNativeTarget "SplitDemoTests" */ = {
			isa = XCConfigurationList;
			buildConfigurations = (
				265D6EDA19E0D07A007FC454 /* Debug */,
				265D6EDB19E0D07A007FC454 /* Release */,
			);
			defaultConfigurationIsVisible = 0;
			defaultConfigurationName = Release;
		};
/* End XCConfigurationList section */
	};
	rootObject = 265D6EAD19E0D07A007FC454 /* Project object */;
}
