// !$*UTF8*$!
{
	archiveVersion = 1;
	classes = {
	};
	objectVersion = 46;
	objects = {

/* Begin PBXBuildFile section */
		E95710B41A75DEBC0005A40B /* Constants.swift in Sources */ = {isa = PBXBuildFile; fileRef = E95710B31A75DEBC0005A40B /* Constants.swift */; };
		E99270741A723F8500F13E56 /* AppDelegate.swift in Sources */ = {isa = PBXBuildFile; fileRef = E99270731A723F8500F13E56 /* AppDelegate.swift */; };
		E99270791A723F8500F13E56 /* Main.storyboard in Resources */ = {isa = PBXBuildFile; fileRef = E99270771A723F8500F13E56 /* Main.storyboard */; };
		E992707B1A723F8500F13E56 /* Images.xcassets in Resources */ = {isa = PBXBuildFile; fileRef = E992707A1A723F8500F13E56 /* Images.xcassets */; };
		E992707E1A723F8500F13E56 /* LaunchScreen.xib in Resources */ = {isa = PBXBuildFile; fileRef = E992707C1A723F8500F13E56 /* LaunchScreen.xib */; };
		E992708A1A723F8500F13E56 /* HandOffNoteTests.swift in Sources */ = {isa = PBXBuildFile; fileRef = E99270891A723F8500F13E56 /* HandOffNoteTests.swift */; };
		E99270961A727FCA00F13E56 /* NoteListVC.swift in Sources */ = {isa = PBXBuildFile; fileRef = E99270951A727FCA00F13E56 /* NoteListVC.swift */; };
		E99270981A727FE700F13E56 /* NoteEditingVC.swift in Sources */ = {isa = PBXBuildFile; fileRef = E99270971A727FE700F13E56 /* NoteEditingVC.swift */; };
		E9CC73061A72857D0013C47A /* Note.swift in Sources */ = {isa = PBXBuildFile; fileRef = E9CC73051A72857D0013C47A /* Note.swift */; };
		E9CC73081A7288FB0013C47A /* NoteManager.swift in Sources */ = {isa = PBXBuildFile; fileRef = E9CC73071A7288FB0013C47A /* NoteManager.swift */; };
/* End PBXBuildFile section */

/* Begin PBXContainerItemProxy section */
		E99270841A723F8500F13E56 /* PBXContainerItemProxy */ = {
			isa = PBXContainerItemProxy;
			containerPortal = E99270661A723F8500F13E56 /* Project object */;
			proxyType = 1;
			remoteGlobalIDString = E992706D1A723F8500F13E56;
			remoteInfo = HandOffNote;
		};
/* End PBXContainerItemProxy section */

/* Begin PBXFileReference section */
		E95710B31A75DEBC0005A40B /* Constants.swift */ = {isa = PBXFileReference; fileEncoding = 4; lastKnownFileType = sourcecode.swift; path = Constants.swift; sourceTree = "<group>"; };
		E992706E1A723F8500F13E56 /* HandOffNote.app */ = {isa = PBXFileReference; explicitFileType = wrapper.application; includeInIndex = 0; path = HandOffNote.app; sourceTree = BUILT_PRODUCTS_DIR; };
		E99270721A723F8500F13E56 /* Info.plist */ = {isa = PBXFileReference; lastKnownFileType = text.plist.xml; path = Info.plist; sourceTree = "<group>"; };
		E99270731A723F8500F13E56 /* AppDelegate.swift */ = {isa = PBXFileReference; lastKnownFileType = sourcecode.swift; path = AppDelegate.swift; sourceTree = "<group>"; };
		E99270781A723F8500F13E56 /* Base */ = {isa = PBXFileReference; lastKnownFileType = file.storyboard; name = Base; path = Base.lproj/Main.storyboard; sourceTree = "<group>"; };
		E992707A1A723F8500F13E56 /* Images.xcassets */ = {isa = PBXFileReference; lastKnownFileType = folder.assetcatalog; path = Images.xcassets; sourceTree = "<group>"; };
		E992707D1A723F8500F13E56 /* Base */ = {isa = PBXFileReference; lastKnownFileType = file.xib; name = Base; path = Base.lproj/LaunchScreen.xib; sourceTree = "<group>"; };
		E99270831A723F8500F13E56 /* HandOffNoteTests.xctest */ = {isa = PBXFileReference; explicitFileType = wrapper.cfbundle; includeInIndex = 0; path = HandOffNoteTests.xctest; sourceTree = BUILT_PRODUCTS_DIR; };
		E99270881A723F8500F13E56 /* Info.plist */ = {isa = PBXFileReference; lastKnownFileType = text.plist.xml; path = Info.plist; sourceTree = "<group>"; };
		E99270891A723F8500F13E56 /* HandOffNoteTests.swift */ = {isa = PBXFileReference; lastKnownFileType = sourcecode.swift; path = HandOffNoteTests.swift; sourceTree = "<group>"; };
		E99270951A727FCA00F13E56 /* NoteListVC.swift */ = {isa = PBXFileReference; fileEncoding = 4; lastKnownFileType = sourcecode.swift; path = NoteListVC.swift; sourceTree = "<group>"; };
		E99270971A727FE700F13E56 /* NoteEditingVC.swift */ = {isa = PBXFileReference; fileEncoding = 4; lastKnownFileType = sourcecode.swift; path = NoteEditingVC.swift; sourceTree = "<group>"; };
		E9CC73051A72857D0013C47A /* Note.swift */ = {isa = PBXFileReference; fileEncoding = 4; lastKnownFileType = sourcecode.swift; path = Note.swift; sourceTree = "<group>"; };
		E9CC73071A7288FB0013C47A /* NoteManager.swift */ = {isa = PBXFileReference; fileEncoding = 4; lastKnownFileType = sourcecode.swift; path = NoteManager.swift; sourceTree = "<group>"; };
/* End PBXFileReference section */

/* Begin PBXFrameworksBuildPhase section */
		E992706B1A723F8500F13E56 /* Frameworks */ = {
			isa = PBXFrameworksBuildPhase;
			buildActionMask = 2147483647;
			files = (
			);
			runOnlyForDeploymentPostprocessing = 0;
		};
		E99270801A723F8500F13E56 /* Frameworks */ = {
			isa = PBXFrameworksBuildPhase;
			buildActionMask = 2147483647;
			files = (
			);
			runOnlyForDeploymentPostprocessing = 0;
		};
/* End PBXFrameworksBuildPhase section */

/* Begin PBXGroup section */
		E99270651A723F8500F13E56 = {
			isa = PBXGroup;
			children = (
				E99270701A723F8500F13E56 /* HandOffNote */,
				E99270861A723F8500F13E56 /* HandOffNoteTests */,
				E992706F1A723F8500F13E56 /* Products */,
			);
			sourceTree = "<group>";
		};
		E992706F1A723F8500F13E56 /* Products */ = {
			isa = PBXGroup;
			children = (
				E992706E1A723F8500F13E56 /* HandOffNote.app */,
				E99270831A723F8500F13E56 /* HandOffNoteTests.xctest */,
			);
			name = Products;
			sourceTree = "<group>";
		};
		E99270701A723F8500F13E56 /* HandOffNote */ = {
			isa = PBXGroup;
			children = (
				E99270731A723F8500F13E56 /* AppDelegate.swift */,
				E99270771A723F8500F13E56 /* Main.storyboard */,
				E99270951A727FCA00F13E56 /* NoteListVC.swift */,
				E9CC73071A7288FB0013C47A /* NoteManager.swift */,
				E9CC73051A72857D0013C47A /* Note.swift */,
				E99270971A727FE700F13E56 /* NoteEditingVC.swift */,
				E95710B31A75DEBC0005A40B /* Constants.swift */,
				E992707A1A723F8500F13E56 /* Images.xcassets */,
				E992707C1A723F8500F13E56 /* LaunchScreen.xib */,
				E99270711A723F8500F13E56 /* Supporting Files */,
			);
			path = HandOffNote;
			sourceTree = "<group>";
		};
		E99270711A723F8500F13E56 /* Supporting Files */ = {
			isa = PBXGroup;
			children = (
				E99270721A723F8500F13E56 /* Info.plist */,
			);
			name = "Supporting Files";
			sourceTree = "<group>";
		};
		E99270861A723F8500F13E56 /* HandOffNoteTests */ = {
			isa = PBXGroup;
			children = (
				E99270891A723F8500F13E56 /* HandOffNoteTests.swift */,
				E99270871A723F8500F13E56 /* Supporting Files */,
			);
			path = HandOffNoteTests;
			sourceTree = "<group>";
		};
		E99270871A723F8500F13E56 /* Supporting Files */ = {
			isa = PBXGroup;
			children = (
				E99270881A723F8500F13E56 /* Info.plist */,
			);
			name = "Supporting Files";
			sourceTree = "<group>";
		};
/* End PBXGroup section */

/* Begin PBXNativeTarget section */
		E992706D1A723F8500F13E56 /* HandOffNote */ = {
			isa = PBXNativeTarget;
			buildConfigurationList = E992708D1A723F8500F13E56 /* Build configuration list for PBXNativeTarget "HandOffNote" */;
			buildPhases = (
				E992706A1A723F8500F13E56 /* Sources */,
				E992706B1A723F8500F13E56 /* Frameworks */,
				E992706C1A723F8500F13E56 /* Resources */,
			);
			buildRules = (
			);
			dependencies = (
			);
			name = HandOffNote;
			productName = HandOffNote;
			productReference = E992706E1A723F8500F13E56 /* HandOffNote.app */;
			productType = "com.apple.product-type.application";
		};
		E99270821A723F8500F13E56 /* HandOffNoteTests */ = {
			isa = PBXNativeTarget;
			buildConfigurationList = E99270901A723F8500F13E56 /* Build configuration list for PBXNativeTarget "HandOffNoteTests" */;
			buildPhases = (
				E992707F1A723F8500F13E56 /* Sources */,
				E99270801A723F8500F13E56 /* Frameworks */,
				E99270811A723F8500F13E56 /* Resources */,
			);
			buildRules = (
			);
			dependencies = (
				E99270851A723F8500F13E56 /* PBXTargetDependency */,
			);
			name = HandOffNoteTests;
			productName = HandOffNoteTests;
			productReference = E99270831A723F8500F13E56 /* HandOffNoteTests.xctest */;
			productType = "com.apple.product-type.bundle.unit-test";
		};
/* End PBXNativeTarget section */

/* Begin PBXProject section */
		E99270661A723F8500F13E56 /* Project object */ = {
			isa = PBXProject;
			attributes = {
				LastUpgradeCheck = 0610;
				ORGANIZATIONNAME = yanghongyan;
				TargetAttributes = {
					E992706D1A723F8500F13E56 = {
						CreatedOnToolsVersion = 6.1;
						DevelopmentTeam = S5UE469ZWC;
					};
					E99270821A723F8500F13E56 = {
						CreatedOnToolsVersion = 6.1;
						TestTargetID = E992706D1A723F8500F13E56;
					};
				};
			};
			buildConfigurationList = E99270691A723F8500F13E56 /* Build configuration list for PBXProject "HandOffNote" */;
			compatibilityVersion = "Xcode 3.2";
			developmentRegion = English;
			hasScannedForEncodings = 0;
			knownRegions = (
				en,
				Base,
			);
			mainGroup = E99270651A723F8500F13E56;
			productRefGroup = E992706F1A723F8500F13E56 /* Products */;
			projectDirPath = "";
			projectRoot = "";
			targets = (
				E992706D1A723F8500F13E56 /* HandOffNote */,
				E99270821A723F8500F13E56 /* HandOffNoteTests */,
			);
		};
/* End PBXProject section */

/* Begin PBXResourcesBuildPhase section */
		E992706C1A723F8500F13E56 /* Resources */ = {
			isa = PBXResourcesBuildPhase;
			buildActionMask = 2147483647;
			files = (
				E99270791A723F8500F13E56 /* Main.storyboard in Resources */,
				E992707E1A723F8500F13E56 /* LaunchScreen.xib in Resources */,
				E992707B1A723F8500F13E56 /* Images.xcassets in Resources */,
			);
			runOnlyForDeploymentPostprocessing = 0;
		};
		E99270811A723F8500F13E56 /* Resources */ = {
			isa = PBXResourcesBuildPhase;
			buildActionMask = 2147483647;
			files = (
			);
			runOnlyForDeploymentPostprocessing = 0;
		};
/* End PBXResourcesBuildPhase section */

/* Begin PBXSourcesBuildPhase section */
		E992706A1A723F8500F13E56 /* Sources */ = {
			isa = PBXSourcesBuildPhase;
			buildActionMask = 2147483647;
			files = (
				E9CC73081A7288FB0013C47A /* NoteManager.swift in Sources */,
				E99270961A727FCA00F13E56 /* NoteListVC.swift in Sources */,
				E99270981A727FE700F13E56 /* NoteEditingVC.swift in Sources */,
				E99270741A723F8500F13E56 /* AppDelegate.swift in Sources */,
				E9CC73061A72857D0013C47A /* Note.swift in Sources */,
				E95710B41A75DEBC0005A40B /* Constants.swift in Sources */,
			);
			runOnlyForDeploymentPostprocessing = 0;
		};
		E992707F1A723F8500F13E56 /* Sources */ = {
			isa = PBXSourcesBuildPhase;
			buildActionMask = 2147483647;
			files = (
				E992708A1A723F8500F13E56 /* HandOffNoteTests.swift in Sources */,
			);
			runOnlyForDeploymentPostprocessing = 0;
		};
/* End PBXSourcesBuildPhase section */

/* Begin PBXTargetDependency section */
		E99270851A723F8500F13E56 /* PBXTargetDependency */ = {
			isa = PBXTargetDependency;
			target = E992706D1A723F8500F13E56 /* HandOffNote */;
			targetProxy = E99270841A723F8500F13E56 /* PBXContainerItemProxy */;
		};
/* End PBXTargetDependency section */

/* Begin PBXVariantGroup section */
		E99270771A723F8500F13E56 /* Main.storyboard */ = {
			isa = PBXVariantGroup;
			children = (
				E99270781A723F8500F13E56 /* Base */,
			);
			name = Main.storyboard;
			sourceTree = "<group>";
		};
		E992707C1A723F8500F13E56 /* LaunchScreen.xib */ = {
			isa = PBXVariantGroup;
			children = (
				E992707D1A723F8500F13E56 /* Base */,
			);
			name = LaunchScreen.xib;
			sourceTree = "<group>";
		};
/* End PBXVariantGroup section */

/* Begin XCBuildConfiguration section */
		E992708B1A723F8500F13E56 /* Debug */ = {
			isa = XCBuildConfiguration;
			buildSettings = {
				ALWAYS_SEARCH_USER_PATHS = NO;
				CLANG_CXX_LANGUAGE_STANDARD = "gnu++0x";
				CLANG_CXX_LIBRARY = "libc++";
				CLANG_ENABLE_MODULES = YES;
				CLANG_ENABLE_OBJC_ARC = YES;
				CLANG_WARN_BOOL_CONVERSION = YES;
				CLANG_WARN_CONSTANT_CONVERSION = YES;
				CLANG_WARN_DIRECT_OBJC_ISA_USAGE = YES_ERROR;
				CLANG_WARN_EMPTY_BODY = YES;
				CLANG_WARN_ENUM_CONVERSION = YES;
				CLANG_WARN_INT_CONVERSION = YES;
				CLANG_WARN_OBJC_ROOT_CLASS = YES_ERROR;
				CLANG_WARN_UNREACHABLE_CODE = YES;
				CLANG_WARN__DUPLICATE_METHOD_MATCH = YES;
				"CODE_SIGN_IDENTITY[sdk=iphoneos*]" = "iPhone Developer";
				COPY_PHASE_STRIP = NO;
				ENABLE_STRICT_OBJC_MSGSEND = YES;
				GCC_C_LANGUAGE_STANDARD = gnu99;
				GCC_DYNAMIC_NO_PIC = NO;
				GCC_OPTIMIZATION_LEVEL = 0;
				GCC_PREPROCESSOR_DEFINITIONS = (
					"DEBUG=1",
					"$(inherited)",
				);
				GCC_SYMBOLS_PRIVATE_EXTERN = NO;
				GCC_WARN_64_TO_32_BIT_CONVERSION = YES;
				GCC_WARN_ABOUT_RETURN_TYPE = YES_ERROR;
				GCC_WARN_UNDECLARED_SELECTOR = YES;
				GCC_WARN_UNINITIALIZED_AUTOS = YES_AGGRESSIVE;
				GCC_WARN_UNUSED_FUNCTION = YES;
				GCC_WARN_UNUSED_VARIABLE = YES;
				IPHONEOS_DEPLOYMENT_TARGET = 8.1;
				MTL_ENABLE_DEBUG_INFO = YES;
				ONLY_ACTIVE_ARCH = YES;
				SDKROOT = iphoneos;
				SWIFT_OPTIMIZATION_LEVEL = "-Onone";
				TARGETED_DEVICE_FAMILY = "1,2";
			};
			name = Debug;
		};
		E992708C1A723F8500F13E56 /* Release */ = {
			isa = XCBuildConfiguration;
			buildSettings = {
				ALWAYS_SEARCH_USER_PATHS = NO;
				CLANG_CXX_LANGUAGE_STANDARD = "gnu++0x";
				CLANG_CXX_LIBRARY = "libc++";
				CLANG_ENABLE_MODULES = YES;
				CLANG_ENABLE_OBJC_ARC = YES;
				CLANG_WARN_BOOL_CONVERSION = YES;
				CLANG_WARN_CONSTANT_CONVERSION = YES;
				CLANG_WARN_DIRECT_OBJC_ISA_USAGE = YES_ERROR;
				CLANG_WARN_EMPTY_BODY = YES;
				CLANG_WARN_ENUM_CONVERSION = YES;
				CLANG_WARN_INT_CONVERSION = YES;
				CLANG_WARN_OBJC_ROOT_CLASS = YES_ERROR;
				CLANG_WARN_UNREACHABLE_CODE = YES;
				CLANG_WARN__DUPLICATE_METHOD_MATCH = YES;
				"CODE_SIGN_IDENTITY[sdk=iphoneos*]" = "iPhone Developer";
				COPY_PHASE_STRIP = YES;
				ENABLE_NS_ASSERTIONS = NO;
				ENABLE_STRICT_OBJC_MSGSEND = YES;
				GCC_C_LANGUAGE_STANDARD = gnu99;
				GCC_WARN_64_TO_32_BIT_CONVERSION = YES;
				GCC_WARN_ABOUT_RETURN_TYPE = YES_ERROR;
				GCC_WARN_UNDECLARED_SELECTOR = YES;
				GCC_WARN_UNINITIALIZED_AUTOS = YES_AGGRESSIVE;
				GCC_WARN_UNUSED_FUNCTION = YES;
				GCC_WARN_UNUSED_VARIABLE = YES;
				IPHONEOS_DEPLOYMENT_TARGET = 8.1;
				MTL_ENABLE_DEBUG_INFO = NO;
				SDKROOT = iphoneos;
				TARGETED_DEVICE_FAMILY = "1,2";
				VALIDATE_PRODUCT = YES;
			};
			name = Release;
		};
		E992708E1A723F8500F13E56 /* Debug */ = {
			isa = XCBuildConfiguration;
			buildSettings = {
				ASSETCATALOG_COMPILER_APPICON_NAME = AppIcon;
				CODE_SIGN_IDENTITY = "iPhone Developer";
				"CODE_SIGN_IDENTITY[sdk=iphoneos*]" = "iPhone Developer";
				INFOPLIST_FILE = HandOffNote/Info.plist;
				LD_RUNPATH_SEARCH_PATHS = "$(inherited) @executable_path/Frameworks";
				PRODUCT_NAME = "$(TARGET_NAME)";
				PROVISIONING_PROFILE = "";
			};
			name = Debug;
		};
		E992708F1A723F8500F13E56 /* Release */ = {
			isa = XCBuildConfiguration;
			buildSettings = {
				ASSETCATALOG_COMPILER_APPICON_NAME = AppIcon;
				CODE_SIGN_IDENTITY = "iPhone Developer";
				"CODE_SIGN_IDENTITY[sdk=iphoneos*]" = "iPhone Developer";
				INFOPLIST_FILE = HandOffNote/Info.plist;
				LD_RUNPATH_SEARCH_PATHS = "$(inherited) @executable_path/Frameworks";
				PRODUCT_NAME = "$(TARGET_NAME)";
				PROVISIONING_PROFILE = "";
			};
			name = Release;
		};
		E99270911A723F8500F13E56 /* Debug */ = {
			isa = XCBuildConfiguration;
			buildSettings = {
				BUNDLE_LOADER = "$(TEST_HOST)";
				FRAMEWORK_SEARCH_PATHS = (
					"$(SDKROOT)/Developer/Library/Frameworks",
					"$(inherited)",
				);
				GCC_PREPROCESSOR_DEFINITIONS = (
					"DEBUG=1",
					"$(inherited)",
				);
				INFOPLIST_FILE = HandOffNoteTests/Info.plist;
				LD_RUNPATH_SEARCH_PATHS = "$(inherited) @executable_path/Frameworks @loader_path/Frameworks";
				PRODUCT_NAME = "$(TARGET_NAME)";
				TEST_HOST = "$(BUILT_PRODUCTS_DIR)/HandOffNote.app/HandOffNote";
			};
			name = Debug;
		};
		E99270921A723F8500F13E56 /* Release */ = {
			isa = XCBuildConfiguration;
			buildSettings = {
				BUNDLE_LOADER = "$(TEST_HOST)";
				FRAMEWORK_SEARCH_PATHS = (
					"$(SDKROOT)/Developer/Library/Frameworks",
					"$(inherited)",
				);
				INFOPLIST_FILE = HandOffNoteTests/Info.plist;
				LD_RUNPATH_SEARCH_PATHS = "$(inherited) @executable_path/Frameworks @loader_path/Frameworks";
				PRODUCT_NAME = "$(TARGET_NAME)";
				TEST_HOST = "$(BUILT_PRODUCTS_DIR)/HandOffNote.app/HandOffNote";
			};
			name = Release;
		};
/* End XCBuildConfiguration section */

/* Begin XCConfigurationList section */
		E99270691A723F8500F13E56 /* Build configuration list for PBXProject "HandOffNote" */ = {
			isa = XCConfigurationList;
			buildConfigurations = (
				E992708B1A723F8500F13E56 /* Debug */,
				E992708C1A723F8500F13E56 /* Release */,
			);
			defaultConfigurationIsVisible = 0;
			defaultConfigurationName = Release;
		};
		E992708D1A723F8500F13E56 /* Build configuration list for PBXNativeTarget "HandOffNote" */ = {
			isa = XCConfigurationList;
			buildConfigurations = (
				E992708E1A723F8500F13E56 /* Debug */,
				E992708F1A723F8500F13E56 /* Release */,
			);
			defaultConfigurationIsVisible = 0;
			defaultConfigurationName = Release;
		};
		E99270901A723F8500F13E56 /* Build configuration list for PBXNativeTarget "HandOffNoteTests" */ = {
			isa = XCConfigurationList;
			buildConfigurations = (
				E99270911A723F8500F13E56 /* Debug */,
				E99270921A723F8500F13E56 /* Release */,
			);
			defaultConfigurationIsVisible = 0;
			defaultConfigurationName = Release;
		};
/* End XCConfigurationList section */
	};
	rootObject = E99270661A723F8500F13E56 /* Project object */;
}
