// !$*UTF8*$!
{
	archiveVersion = 1;
	classes = {
	};
	objectVersion = 46;
	objects = {

/* Begin PBXBuildFile section */
		AB087A95C0B24619CE7D56D1 /* libPods.a in Frameworks */ = {isa = PBXBuildFile; fileRef = 9E525CD2A1BB63A86F240384 /* libPods.a */; };
		D9E5EADC7416B13B1E71F114 /* libPods.a in Frameworks */ = {isa = PBXBuildFile; fileRef = 9E525CD2A1BB63A86F240384 /* libPods.a */; };
		E94C30AE1A3490570092ACAA /* DocumentPickerViewController.swift in Sources */ = {isa = PBXBuildFile; fileRef = E94C30AD1A3490570092ACAA /* DocumentPickerViewController.swift */; };
		E94C30B01A3490570092ACAA /* MainInterface.storyboard in Resources */ = {isa = PBXBuildFile; fileRef = E94C30AF1A3490570092ACAA /* MainInterface.storyboard */; };
		E94C30BB1A3490570092ACAA /* FileProvider.swift in Sources */ = {isa = PBXBuildFile; fileRef = E94C30BA1A3490570092ACAA /* FileProvider.swift */; };
		E94C30BE1A3490570092ACAA /* DocumentPickerFileProvider.appex in Embed App Extensions */ = {isa = PBXBuildFile; fileRef = E94C30B51A3490570092ACAA /* DocumentPickerFileProvider.appex */; settings = {ATTRIBUTES = (RemoveHeadersOnCopy, ); }; };
		E94C30C11A3490570092ACAA /* DocumentPicker.appex in Embed App Extensions */ = {isa = PBXBuildFile; fileRef = E94C30A81A3490570092ACAA /* DocumentPicker.appex */; settings = {ATTRIBUTES = (RemoveHeadersOnCopy, ); }; };
		E94C30C91A34975E0092ACAA /* libicucore.dylib in Frameworks */ = {isa = PBXBuildFile; fileRef = E94C30C81A34975E0092ACAA /* libicucore.dylib */; };
		E94C30CA1A3497650092ACAA /* libicucore.dylib in Frameworks */ = {isa = PBXBuildFile; fileRef = E94C30C81A34975E0092ACAA /* libicucore.dylib */; };
		E94C30CB1A3497660092ACAA /* libicucore.dylib in Frameworks */ = {isa = PBXBuildFile; fileRef = E94C30C81A34975E0092ACAA /* libicucore.dylib */; };
		E993DF331A348C7900180852 /* AppDelegate.swift in Sources */ = {isa = PBXBuildFile; fileRef = E993DF321A348C7900180852 /* AppDelegate.swift */; };
		E993DF351A348C7900180852 /* ViewController.swift in Sources */ = {isa = PBXBuildFile; fileRef = E993DF341A348C7900180852 /* ViewController.swift */; };
		E993DF381A348C7900180852 /* Main.storyboard in Resources */ = {isa = PBXBuildFile; fileRef = E993DF361A348C7900180852 /* Main.storyboard */; };
		E993DF3A1A348C7900180852 /* Images.xcassets in Resources */ = {isa = PBXBuildFile; fileRef = E993DF391A348C7900180852 /* Images.xcassets */; };
		E993DF3D1A348C7900180852 /* LaunchScreen.xib in Resources */ = {isa = PBXBuildFile; fileRef = E993DF3B1A348C7900180852 /* LaunchScreen.xib */; };
		E993DF491A348C7900180852 /* BmobPhotosTests.swift in Sources */ = {isa = PBXBuildFile; fileRef = E993DF481A348C7900180852 /* BmobPhotosTests.swift */; };
		FBA8436B9522D0A7F62EAB10 /* libPods.a in Frameworks */ = {isa = PBXBuildFile; fileRef = 9E525CD2A1BB63A86F240384 /* libPods.a */; };
/* End PBXBuildFile section */

/* Begin PBXContainerItemProxy section */
		E94C30BC1A3490570092ACAA /* PBXContainerItemProxy */ = {
			isa = PBXContainerItemProxy;
			containerPortal = E993DF251A348C7800180852 /* Project object */;
			proxyType = 1;
			remoteGlobalIDString = E94C30B41A3490570092ACAA;
			remoteInfo = DocumentPickerFileProvider;
		};
		E94C30BF1A3490570092ACAA /* PBXContainerItemProxy */ = {
			isa = PBXContainerItemProxy;
			containerPortal = E993DF251A348C7800180852 /* Project object */;
			proxyType = 1;
			remoteGlobalIDString = E94C30A71A3490570092ACAA;
			remoteInfo = DocumentPicker;
		};
		E993DF431A348C7900180852 /* PBXContainerItemProxy */ = {
			isa = PBXContainerItemProxy;
			containerPortal = E993DF251A348C7800180852 /* Project object */;
			proxyType = 1;
			remoteGlobalIDString = E993DF2C1A348C7900180852;
			remoteInfo = BmobPhotos;
		};
/* End PBXContainerItemProxy section */

/* Begin PBXCopyFilesBuildPhase section */
		E94C30A31A348DEF0092ACAA /* Embed App Extensions */ = {
			isa = PBXCopyFilesBuildPhase;
			buildActionMask = 2147483647;
			dstPath = "";
			dstSubfolderSpec = 13;
			files = (
				E94C30BE1A3490570092ACAA /* DocumentPickerFileProvider.appex in Embed App Extensions */,
				E94C30C11A3490570092ACAA /* DocumentPicker.appex in Embed App Extensions */,
			);
			name = "Embed App Extensions";
			runOnlyForDeploymentPostprocessing = 0;
		};
/* End PBXCopyFilesBuildPhase section */

/* Begin PBXFileReference section */
		234EDABCB9D5C49C580E23DB /* Pods.debug.xcconfig */ = {isa = PBXFileReference; includeInIndex = 1; lastKnownFileType = text.xcconfig; name = Pods.debug.xcconfig; path = "Pods/Target Support Files/Pods/Pods.debug.xcconfig"; sourceTree = "<group>"; };
		8FD44315DCD5316DF47F30DB /* Pods.release.xcconfig */ = {isa = PBXFileReference; includeInIndex = 1; lastKnownFileType = text.xcconfig; name = Pods.release.xcconfig; path = "Pods/Target Support Files/Pods/Pods.release.xcconfig"; sourceTree = "<group>"; };
		9E525CD2A1BB63A86F240384 /* libPods.a */ = {isa = PBXFileReference; explicitFileType = archive.ar; includeInIndex = 0; path = libPods.a; sourceTree = BUILT_PRODUCTS_DIR; };
		E94C30A81A3490570092ACAA /* DocumentPicker.appex */ = {isa = PBXFileReference; explicitFileType = "wrapper.app-extension"; includeInIndex = 0; path = DocumentPicker.appex; sourceTree = BUILT_PRODUCTS_DIR; };
		E94C30AB1A3490570092ACAA /* Info.plist */ = {isa = PBXFileReference; lastKnownFileType = text.plist.xml; path = Info.plist; sourceTree = "<group>"; };
		E94C30AC1A3490570092ACAA /* DocumentPicker.entitlements */ = {isa = PBXFileReference; lastKnownFileType = text.xml; path = DocumentPicker.entitlements; sourceTree = "<group>"; };
		E94C30AD1A3490570092ACAA /* DocumentPickerViewController.swift */ = {isa = PBXFileReference; lastKnownFileType = sourcecode.swift; path = DocumentPickerViewController.swift; sourceTree = "<group>"; };
		E94C30AF1A3490570092ACAA /* MainInterface.storyboard */ = {isa = PBXFileReference; lastKnownFileType = file.storyboard; path = MainInterface.storyboard; sourceTree = "<group>"; };
		E94C30B51A3490570092ACAA /* DocumentPickerFileProvider.appex */ = {isa = PBXFileReference; explicitFileType = "wrapper.app-extension"; includeInIndex = 0; path = DocumentPickerFileProvider.appex; sourceTree = BUILT_PRODUCTS_DIR; };
		E94C30B81A3490570092ACAA /* Info.plist */ = {isa = PBXFileReference; lastKnownFileType = text.plist.xml; path = Info.plist; sourceTree = "<group>"; };
		E94C30B91A3490570092ACAA /* DocumentPickerFileProvider.entitlements */ = {isa = PBXFileReference; lastKnownFileType = text.xml; path = DocumentPickerFileProvider.entitlements; sourceTree = "<group>"; };
		E94C30BA1A3490570092ACAA /* FileProvider.swift */ = {isa = PBXFileReference; lastKnownFileType = sourcecode.swift; path = FileProvider.swift; sourceTree = "<group>"; };
		E94C30C81A34975E0092ACAA /* libicucore.dylib */ = {isa = PBXFileReference; lastKnownFileType = "compiled.mach-o.dylib"; name = libicucore.dylib; path = usr/lib/libicucore.dylib; sourceTree = SDKROOT; };
		E993DF2D1A348C7900180852 /* BmobPhotos.app */ = {isa = PBXFileReference; explicitFileType = wrapper.application; includeInIndex = 0; path = BmobPhotos.app; sourceTree = BUILT_PRODUCTS_DIR; };
		E993DF311A348C7900180852 /* Info.plist */ = {isa = PBXFileReference; lastKnownFileType = text.plist.xml; path = Info.plist; sourceTree = "<group>"; };
		E993DF321A348C7900180852 /* AppDelegate.swift */ = {isa = PBXFileReference; lastKnownFileType = sourcecode.swift; path = AppDelegate.swift; sourceTree = "<group>"; };
		E993DF341A348C7900180852 /* ViewController.swift */ = {isa = PBXFileReference; lastKnownFileType = sourcecode.swift; path = ViewController.swift; sourceTree = "<group>"; };
		E993DF371A348C7900180852 /* Base */ = {isa = PBXFileReference; lastKnownFileType = file.storyboard; name = Base; path = Base.lproj/Main.storyboard; sourceTree = "<group>"; };
		E993DF391A348C7900180852 /* Images.xcassets */ = {isa = PBXFileReference; lastKnownFileType = folder.assetcatalog; path = Images.xcassets; sourceTree = "<group>"; };
		E993DF3C1A348C7900180852 /* Base */ = {isa = PBXFileReference; lastKnownFileType = file.xib; name = Base; path = Base.lproj/LaunchScreen.xib; sourceTree = "<group>"; };
		E993DF421A348C7900180852 /* BmobPhotosTests.xctest */ = {isa = PBXFileReference; explicitFileType = wrapper.cfbundle; includeInIndex = 0; path = BmobPhotosTests.xctest; sourceTree = BUILT_PRODUCTS_DIR; };
		E993DF471A348C7900180852 /* Info.plist */ = {isa = PBXFileReference; lastKnownFileType = text.plist.xml; path = Info.plist; sourceTree = "<group>"; };
		E993DF481A348C7900180852 /* BmobPhotosTests.swift */ = {isa = PBXFileReference; lastKnownFileType = sourcecode.swift; path = BmobPhotosTests.swift; sourceTree = "<group>"; };
		E993DF521A348C8200180852 /* BmobPhotos.entitlements */ = {isa = PBXFileReference; lastKnownFileType = text.xml; path = BmobPhotos.entitlements; sourceTree = "<group>"; };
/* End PBXFileReference section */

/* Begin PBXFrameworksBuildPhase section */
		E94C30A51A3490570092ACAA /* Frameworks */ = {
			isa = PBXFrameworksBuildPhase;
			buildActionMask = 2147483647;
			files = (
				AB087A95C0B24619CE7D56D1 /* libPods.a in Frameworks */,
				E94C30CA1A3497650092ACAA /* libicucore.dylib in Frameworks */,
			);
			runOnlyForDeploymentPostprocessing = 0;
		};
		E94C30B21A3490570092ACAA /* Frameworks */ = {
			isa = PBXFrameworksBuildPhase;
			buildActionMask = 2147483647;
			files = (
				FBA8436B9522D0A7F62EAB10 /* libPods.a in Frameworks */,
				E94C30CB1A3497660092ACAA /* libicucore.dylib in Frameworks */,
			);
			runOnlyForDeploymentPostprocessing = 0;
		};
		E993DF2A1A348C7900180852 /* Frameworks */ = {
			isa = PBXFrameworksBuildPhase;
			buildActionMask = 2147483647;
			files = (
				E94C30C91A34975E0092ACAA /* libicucore.dylib in Frameworks */,
				D9E5EADC7416B13B1E71F114 /* libPods.a in Frameworks */,
			);
			runOnlyForDeploymentPostprocessing = 0;
		};
		E993DF3F1A348C7900180852 /* Frameworks */ = {
			isa = PBXFrameworksBuildPhase;
			buildActionMask = 2147483647;
			files = (
			);
			runOnlyForDeploymentPostprocessing = 0;
		};
/* End PBXFrameworksBuildPhase section */

/* Begin PBXGroup section */
		115AE6F5831DF4B3EBD41F47 /* Pods */ = {
			isa = PBXGroup;
			children = (
				234EDABCB9D5C49C580E23DB /* Pods.debug.xcconfig */,
				8FD44315DCD5316DF47F30DB /* Pods.release.xcconfig */,
			);
			name = Pods;
			sourceTree = "<group>";
		};
		48D2461D74B6B59332E947A8 /* Frameworks */ = {
			isa = PBXGroup;
			children = (
				E94C30C81A34975E0092ACAA /* libicucore.dylib */,
				9E525CD2A1BB63A86F240384 /* libPods.a */,
			);
			name = Frameworks;
			sourceTree = "<group>";
		};
		E94C30A91A3490570092ACAA /* DocumentPicker */ = {
			isa = PBXGroup;
			children = (
				E94C30AD1A3490570092ACAA /* DocumentPickerViewController.swift */,
				E94C30AF1A3490570092ACAA /* MainInterface.storyboard */,
				E94C30AA1A3490570092ACAA /* Supporting Files */,
			);
			path = DocumentPicker;
			sourceTree = "<group>";
		};
		E94C30AA1A3490570092ACAA /* Supporting Files */ = {
			isa = PBXGroup;
			children = (
				E94C30AB1A3490570092ACAA /* Info.plist */,
				E94C30AC1A3490570092ACAA /* DocumentPicker.entitlements */,
			);
			name = "Supporting Files";
			sourceTree = "<group>";
		};
		E94C30B61A3490570092ACAA /* DocumentPickerFileProvider */ = {
			isa = PBXGroup;
			children = (
				E94C30BA1A3490570092ACAA /* FileProvider.swift */,
				E94C30B71A3490570092ACAA /* Supporting Files */,
			);
			path = DocumentPickerFileProvider;
			sourceTree = "<group>";
		};
		E94C30B71A3490570092ACAA /* Supporting Files */ = {
			isa = PBXGroup;
			children = (
				E94C30B81A3490570092ACAA /* Info.plist */,
				E94C30B91A3490570092ACAA /* DocumentPickerFileProvider.entitlements */,
			);
			name = "Supporting Files";
			sourceTree = "<group>";
		};
		E993DF241A348C7800180852 = {
			isa = PBXGroup;
			children = (
				E993DF2F1A348C7900180852 /* BmobPhotos */,
				E993DF451A348C7900180852 /* BmobPhotosTests */,
				E94C30A91A3490570092ACAA /* DocumentPicker */,
				E94C30B61A3490570092ACAA /* DocumentPickerFileProvider */,
				E993DF2E1A348C7900180852 /* Products */,
				115AE6F5831DF4B3EBD41F47 /* Pods */,
				48D2461D74B6B59332E947A8 /* Frameworks */,
			);
			sourceTree = "<group>";
		};
		E993DF2E1A348C7900180852 /* Products */ = {
			isa = PBXGroup;
			children = (
				E993DF2D1A348C7900180852 /* BmobPhotos.app */,
				E993DF421A348C7900180852 /* BmobPhotosTests.xctest */,
				E94C30A81A3490570092ACAA /* DocumentPicker.appex */,
				E94C30B51A3490570092ACAA /* DocumentPickerFileProvider.appex */,
			);
			name = Products;
			sourceTree = "<group>";
		};
		E993DF2F1A348C7900180852 /* BmobPhotos */ = {
			isa = PBXGroup;
			children = (
				E993DF521A348C8200180852 /* BmobPhotos.entitlements */,
				E993DF321A348C7900180852 /* AppDelegate.swift */,
				E993DF341A348C7900180852 /* ViewController.swift */,
				E993DF361A348C7900180852 /* Main.storyboard */,
				E993DF391A348C7900180852 /* Images.xcassets */,
				E993DF3B1A348C7900180852 /* LaunchScreen.xib */,
				E993DF301A348C7900180852 /* Supporting Files */,
			);
			path = BmobPhotos;
			sourceTree = "<group>";
		};
		E993DF301A348C7900180852 /* Supporting Files */ = {
			isa = PBXGroup;
			children = (
				E993DF311A348C7900180852 /* Info.plist */,
			);
			name = "Supporting Files";
			sourceTree = "<group>";
		};
		E993DF451A348C7900180852 /* BmobPhotosTests */ = {
			isa = PBXGroup;
			children = (
				E993DF481A348C7900180852 /* BmobPhotosTests.swift */,
				E993DF461A348C7900180852 /* Supporting Files */,
			);
			path = BmobPhotosTests;
			sourceTree = "<group>";
		};
		E993DF461A348C7900180852 /* Supporting Files */ = {
			isa = PBXGroup;
			children = (
				E993DF471A348C7900180852 /* Info.plist */,
			);
			name = "Supporting Files";
			sourceTree = "<group>";
		};
/* End PBXGroup section */

/* Begin PBXNativeTarget section */
		E94C30A71A3490570092ACAA /* DocumentPicker */ = {
			isa = PBXNativeTarget;
			buildConfigurationList = E94C30C51A3490570092ACAA /* Build configuration list for PBXNativeTarget "DocumentPicker" */;
			buildPhases = (
				0FA53B582C392E46EBA3173A /* Check Pods Manifest.lock */,
				E94C30A41A3490570092ACAA /* Sources */,
				E94C30A51A3490570092ACAA /* Frameworks */,
				E94C30A61A3490570092ACAA /* Resources */,
				9FA966F8154E7CBF6390DA3B /* Copy Pods Resources */,
			);
			buildRules = (
			);
			dependencies = (
			);
			name = DocumentPicker;
			productName = DocumentPicker;
			productReference = E94C30A81A3490570092ACAA /* DocumentPicker.appex */;
			productType = "com.apple.product-type.app-extension";
		};
		E94C30B41A3490570092ACAA /* DocumentPickerFileProvider */ = {
			isa = PBXNativeTarget;
			buildConfigurationList = E94C30C21A3490570092ACAA /* Build configuration list for PBXNativeTarget "DocumentPickerFileProvider" */;
			buildPhases = (
				7D9DFC1F974C1EB9D869A6B7 /* Check Pods Manifest.lock */,
				E94C30B11A3490570092ACAA /* Sources */,
				E94C30B21A3490570092ACAA /* Frameworks */,
				E94C30B31A3490570092ACAA /* Resources */,
				8F2E8FC662DCE3AD17DF3CE2 /* Copy Pods Resources */,
			);
			buildRules = (
			);
			dependencies = (
			);
			name = DocumentPickerFileProvider;
			productName = DocumentPickerFileProvider;
			productReference = E94C30B51A3490570092ACAA /* DocumentPickerFileProvider.appex */;
			productType = "com.apple.product-type.app-extension";
		};
		E993DF2C1A348C7900180852 /* BmobPhotos */ = {
			isa = PBXNativeTarget;
			buildConfigurationList = E993DF4C1A348C7900180852 /* Build configuration list for PBXNativeTarget "BmobPhotos" */;
			buildPhases = (
				0F2EA67110A505D1B3460FCF /* Check Pods Manifest.lock */,
				E993DF291A348C7900180852 /* Sources */,
				E993DF2A1A348C7900180852 /* Frameworks */,
				E993DF2B1A348C7900180852 /* Resources */,
				E94C30A31A348DEF0092ACAA /* Embed App Extensions */,
				3AA9E84A301AA405F0A0419B /* Copy Pods Resources */,
			);
			buildRules = (
			);
			dependencies = (
				E94C30BD1A3490570092ACAA /* PBXTargetDependency */,
				E94C30C01A3490570092ACAA /* PBXTargetDependency */,
			);
			name = BmobPhotos;
			productName = BmobPhotos;
			productReference = E993DF2D1A348C7900180852 /* BmobPhotos.app */;
			productType = "com.apple.product-type.application";
		};
		E993DF411A348C7900180852 /* BmobPhotosTests */ = {
			isa = PBXNativeTarget;
			buildConfigurationList = E993DF4F1A348C7900180852 /* Build configuration list for PBXNativeTarget "BmobPhotosTests" */;
			buildPhases = (
				E993DF3E1A348C7900180852 /* Sources */,
				E993DF3F1A348C7900180852 /* Frameworks */,
				E993DF401A348C7900180852 /* Resources */,
			);
			buildRules = (
			);
			dependencies = (
				E993DF441A348C7900180852 /* PBXTargetDependency */,
			);
			name = BmobPhotosTests;
			productName = BmobPhotosTests;
			productReference = E993DF421A348C7900180852 /* BmobPhotosTests.xctest */;
			productType = "com.apple.product-type.bundle.unit-test";
		};
/* End PBXNativeTarget section */

/* Begin PBXProject section */
		E993DF251A348C7800180852 /* Project object */ = {
			isa = PBXProject;
			attributes = {
				LastUpgradeCheck = 0610;
				ORGANIZATIONNAME = yanghongyan;
				TargetAttributes = {
					E94C30A71A3490570092ACAA = {
						CreatedOnToolsVersion = 6.1;
						DevelopmentTeam = S5UE469ZWC;
						SystemCapabilities = {
							com.apple.ApplicationGroups.iOS = {
								enabled = 1;
							};
						};
					};
					E94C30B41A3490570092ACAA = {
						CreatedOnToolsVersion = 6.1;
						DevelopmentTeam = S5UE469ZWC;
						SystemCapabilities = {
							com.apple.ApplicationGroups.iOS = {
								enabled = 1;
							};
						};
					};
					E993DF2C1A348C7900180852 = {
						CreatedOnToolsVersion = 6.1;
						DevelopmentTeam = S5UE469ZWC;
						SystemCapabilities = {
							com.apple.ApplicationGroups.iOS = {
								enabled = 1;
							};
							com.apple.iCloud = {
								enabled = 1;
							};
						};
					};
					E993DF411A348C7900180852 = {
						CreatedOnToolsVersion = 6.1;
						TestTargetID = E993DF2C1A348C7900180852;
					};
				};
			};
			buildConfigurationList = E993DF281A348C7800180852 /* Build configuration list for PBXProject "BmobPhotos" */;
			compatibilityVersion = "Xcode 3.2";
			developmentRegion = English;
			hasScannedForEncodings = 0;
			knownRegions = (
				en,
				Base,
			);
			mainGroup = E993DF241A348C7800180852;
			productRefGroup = E993DF2E1A348C7900180852 /* Products */;
			projectDirPath = "";
			projectRoot = "";
			targets = (
				E993DF2C1A348C7900180852 /* BmobPhotos */,
				E993DF411A348C7900180852 /* BmobPhotosTests */,
				E94C30A71A3490570092ACAA /* DocumentPicker */,
				E94C30B41A3490570092ACAA /* DocumentPickerFileProvider */,
			);
		};
/* End PBXProject section */

/* Begin PBXResourcesBuildPhase section */
		E94C30A61A3490570092ACAA /* Resources */ = {
			isa = PBXResourcesBuildPhase;
			buildActionMask = 2147483647;
			files = (
				E94C30B01A3490570092ACAA /* MainInterface.storyboard in Resources */,
			);
			runOnlyForDeploymentPostprocessing = 0;
		};
		E94C30B31A3490570092ACAA /* Resources */ = {
			isa = PBXResourcesBuildPhase;
			buildActionMask = 2147483647;
			files = (
			);
			runOnlyForDeploymentPostprocessing = 0;
		};
		E993DF2B1A348C7900180852 /* Resources */ = {
			isa = PBXResourcesBuildPhase;
			buildActionMask = 2147483647;
			files = (
				E993DF381A348C7900180852 /* Main.storyboard in Resources */,
				E993DF3D1A348C7900180852 /* LaunchScreen.xib in Resources */,
				E993DF3A1A348C7900180852 /* Images.xcassets in Resources */,
			);
			runOnlyForDeploymentPostprocessing = 0;
		};
		E993DF401A348C7900180852 /* Resources */ = {
			isa = PBXResourcesBuildPhase;
			buildActionMask = 2147483647;
			files = (
			);
			runOnlyForDeploymentPostprocessing = 0;
		};
/* End PBXResourcesBuildPhase section */

/* Begin PBXShellScriptBuildPhase section */
		0F2EA67110A505D1B3460FCF /* Check Pods Manifest.lock */ = {
			isa = PBXShellScriptBuildPhase;
			buildActionMask = 2147483647;
			files = (
			);
			inputPaths = (
			);
			name = "Check Pods Manifest.lock";
			outputPaths = (
			);
			runOnlyForDeploymentPostprocessing = 0;
			shellPath = /bin/sh;
			shellScript = "diff \"${PODS_ROOT}/../Podfile.lock\" \"${PODS_ROOT}/Manifest.lock\" > /dev/null\nif [[ $? != 0 ]] ; then\n    cat << EOM\nerror: The sandbox is not in sync with the Podfile.lock. Run 'pod install' or update your CocoaPods installation.\nEOM\n    exit 1\nfi\n";
			showEnvVarsInLog = 0;
		};
		0FA53B582C392E46EBA3173A /* Check Pods Manifest.lock */ = {
			isa = PBXShellScriptBuildPhase;
			buildActionMask = 2147483647;
			files = (
			);
			inputPaths = (
			);
			name = "Check Pods Manifest.lock";
			outputPaths = (
			);
			runOnlyForDeploymentPostprocessing = 0;
			shellPath = /bin/sh;
			shellScript = "diff \"${PODS_ROOT}/../Podfile.lock\" \"${PODS_ROOT}/Manifest.lock\" > /dev/null\nif [[ $? != 0 ]] ; then\n    cat << EOM\nerror: The sandbox is not in sync with the Podfile.lock. Run 'pod install' or update your CocoaPods installation.\nEOM\n    exit 1\nfi\n";
			showEnvVarsInLog = 0;
		};
		3AA9E84A301AA405F0A0419B /* Copy Pods Resources */ = {
			isa = PBXShellScriptBuildPhase;
			buildActionMask = 2147483647;
			files = (
			);
			inputPaths = (
			);
			name = "Copy Pods Resources";
			outputPaths = (
			);
			runOnlyForDeploymentPostprocessing = 0;
			shellPath = /bin/sh;
			shellScript = "\"${SRCROOT}/Pods/Target Support Files/Pods/Pods-resources.sh\"\n";
			showEnvVarsInLog = 0;
		};
		7D9DFC1F974C1EB9D869A6B7 /* Check Pods Manifest.lock */ = {
			isa = PBXShellScriptBuildPhase;
			buildActionMask = 2147483647;
			files = (
			);
			inputPaths = (
			);
			name = "Check Pods Manifest.lock";
			outputPaths = (
			);
			runOnlyForDeploymentPostprocessing = 0;
			shellPath = /bin/sh;
			shellScript = "diff \"${PODS_ROOT}/../Podfile.lock\" \"${PODS_ROOT}/Manifest.lock\" > /dev/null\nif [[ $? != 0 ]] ; then\n    cat << EOM\nerror: The sandbox is not in sync with the Podfile.lock. Run 'pod install' or update your CocoaPods installation.\nEOM\n    exit 1\nfi\n";
			showEnvVarsInLog = 0;
		};
		8F2E8FC662DCE3AD17DF3CE2 /* Copy Pods Resources */ = {
			isa = PBXShellScriptBuildPhase;
			buildActionMask = 2147483647;
			files = (
			);
			inputPaths = (
			);
			name = "Copy Pods Resources";
			outputPaths = (
			);
			runOnlyForDeploymentPostprocessing = 0;
			shellPath = /bin/sh;
			shellScript = "\"${SRCROOT}/Pods/Target Support Files/Pods/Pods-resources.sh\"\n";
			showEnvVarsInLog = 0;
		};
		9FA966F8154E7CBF6390DA3B /* Copy Pods Resources */ = {
			isa = PBXShellScriptBuildPhase;
			buildActionMask = 2147483647;
			files = (
			);
			inputPaths = (
			);
			name = "Copy Pods Resources";
			outputPaths = (
			);
			runOnlyForDeploymentPostprocessing = 0;
			shellPath = /bin/sh;
			shellScript = "\"${SRCROOT}/Pods/Target Support Files/Pods/Pods-resources.sh\"\n";
			showEnvVarsInLog = 0;
		};
/* End PBXShellScriptBuildPhase section */

/* Begin PBXSourcesBuildPhase section */
		E94C30A41A3490570092ACAA /* Sources */ = {
			isa = PBXSourcesBuildPhase;
			buildActionMask = 2147483647;
			files = (
				E94C30AE1A3490570092ACAA /* DocumentPickerViewController.swift in Sources */,
			);
			runOnlyForDeploymentPostprocessing = 0;
		};
		E94C30B11A3490570092ACAA /* Sources */ = {
			isa = PBXSourcesBuildPhase;
			buildActionMask = 2147483647;
			files = (
				E94C30BB1A3490570092ACAA /* FileProvider.swift in Sources */,
			);
			runOnlyForDeploymentPostprocessing = 0;
		};
		E993DF291A348C7900180852 /* Sources */ = {
			isa = PBXSourcesBuildPhase;
			buildActionMask = 2147483647;
			files = (
				E993DF351A348C7900180852 /* ViewController.swift in Sources */,
				E993DF331A348C7900180852 /* AppDelegate.swift in Sources */,
			);
			runOnlyForDeploymentPostprocessing = 0;
		};
		E993DF3E1A348C7900180852 /* Sources */ = {
			isa = PBXSourcesBuildPhase;
			buildActionMask = 2147483647;
			files = (
				E993DF491A348C7900180852 /* BmobPhotosTests.swift in Sources */,
			);
			runOnlyForDeploymentPostprocessing = 0;
		};
/* End PBXSourcesBuildPhase section */

/* Begin PBXTargetDependency section */
		E94C30BD1A3490570092ACAA /* PBXTargetDependency */ = {
			isa = PBXTargetDependency;
			target = E94C30B41A3490570092ACAA /* DocumentPickerFileProvider */;
			targetProxy = E94C30BC1A3490570092ACAA /* PBXContainerItemProxy */;
		};
		E94C30C01A3490570092ACAA /* PBXTargetDependency */ = {
			isa = PBXTargetDependency;
			target = E94C30A71A3490570092ACAA /* DocumentPicker */;
			targetProxy = E94C30BF1A3490570092ACAA /* PBXContainerItemProxy */;
		};
		E993DF441A348C7900180852 /* PBXTargetDependency */ = {
			isa = PBXTargetDependency;
			target = E993DF2C1A348C7900180852 /* BmobPhotos */;
			targetProxy = E993DF431A348C7900180852 /* PBXContainerItemProxy */;
		};
/* End PBXTargetDependency section */

/* Begin PBXVariantGroup section */
		E993DF361A348C7900180852 /* Main.storyboard */ = {
			isa = PBXVariantGroup;
			children = (
				E993DF371A348C7900180852 /* Base */,
			);
			name = Main.storyboard;
			sourceTree = "<group>";
		};
		E993DF3B1A348C7900180852 /* LaunchScreen.xib */ = {
			isa = PBXVariantGroup;
			children = (
				E993DF3C1A348C7900180852 /* Base */,
			);
			name = LaunchScreen.xib;
			sourceTree = "<group>";
		};
/* End PBXVariantGroup section */

/* Begin XCBuildConfiguration section */
		E94C30C31A3490570092ACAA /* Debug */ = {
			isa = XCBuildConfiguration;
			baseConfigurationReference = 234EDABCB9D5C49C580E23DB /* Pods.debug.xcconfig */;
			buildSettings = {
				CODE_SIGN_ENTITLEMENTS = DocumentPickerFileProvider/DocumentPickerFileProvider.entitlements;
				CODE_SIGN_IDENTITY = "iPhone Developer";
				"CODE_SIGN_IDENTITY[sdk=iphoneos*]" = "iPhone Developer";
				GCC_PREPROCESSOR_DEFINITIONS = (
					"DEBUG=1",
					"$(inherited)",
				);
				INFOPLIST_FILE = DocumentPickerFileProvider/Info.plist;
				LD_RUNPATH_SEARCH_PATHS = "$(inherited) @executable_path/Frameworks @executable_path/../../Frameworks";
				PRODUCT_NAME = "$(TARGET_NAME)";
				PROVISIONING_PROFILE = "";
				SKIP_INSTALL = YES;
			};
			name = Debug;
		};
		E94C30C41A3490570092ACAA /* Release */ = {
			isa = XCBuildConfiguration;
			baseConfigurationReference = 8FD44315DCD5316DF47F30DB /* Pods.release.xcconfig */;
			buildSettings = {
				CODE_SIGN_ENTITLEMENTS = DocumentPickerFileProvider/DocumentPickerFileProvider.entitlements;
				CODE_SIGN_IDENTITY = "iPhone Developer";
				"CODE_SIGN_IDENTITY[sdk=iphoneos*]" = "iPhone Developer";
				INFOPLIST_FILE = DocumentPickerFileProvider/Info.plist;
				LD_RUNPATH_SEARCH_PATHS = "$(inherited) @executable_path/Frameworks @executable_path/../../Frameworks";
				PRODUCT_NAME = "$(TARGET_NAME)";
				PROVISIONING_PROFILE = "";
				SKIP_INSTALL = YES;
			};
			name = Release;
		};
		E94C30C61A3490570092ACAA /* Debug */ = {
			isa = XCBuildConfiguration;
			baseConfigurationReference = 234EDABCB9D5C49C580E23DB /* Pods.debug.xcconfig */;
			buildSettings = {
				CODE_SIGN_ENTITLEMENTS = DocumentPicker/DocumentPicker.entitlements;
				CODE_SIGN_IDENTITY = "iPhone Developer";
				"CODE_SIGN_IDENTITY[sdk=iphoneos*]" = "iPhone Developer";
				GCC_PREPROCESSOR_DEFINITIONS = (
					"DEBUG=1",
					"$(inherited)",
				);
				INFOPLIST_FILE = DocumentPicker/Info.plist;
				LD_RUNPATH_SEARCH_PATHS = "$(inherited) @executable_path/Frameworks @executable_path/../../Frameworks";
				PRODUCT_NAME = "$(TARGET_NAME)";
				PROVISIONING_PROFILE = "";
				SKIP_INSTALL = YES;
			};
			name = Debug;
		};
		E94C30C71A3490570092ACAA /* Release */ = {
			isa = XCBuildConfiguration;
			baseConfigurationReference = 8FD44315DCD5316DF47F30DB /* Pods.release.xcconfig */;
			buildSettings = {
				CODE_SIGN_ENTITLEMENTS = DocumentPicker/DocumentPicker.entitlements;
				CODE_SIGN_IDENTITY = "iPhone Developer";
				"CODE_SIGN_IDENTITY[sdk=iphoneos*]" = "iPhone Developer";
				INFOPLIST_FILE = DocumentPicker/Info.plist;
				LD_RUNPATH_SEARCH_PATHS = "$(inherited) @executable_path/Frameworks @executable_path/../../Frameworks";
				PRODUCT_NAME = "$(TARGET_NAME)";
				PROVISIONING_PROFILE = "";
				SKIP_INSTALL = YES;
			};
			name = Release;
		};
		E993DF4A1A348C7900180852 /* Debug */ = {
			isa = XCBuildConfiguration;
			buildSettings = {
				ALWAYS_SEARCH_USER_PATHS = NO;
				CLANG_CXX_LANGUAGE_STANDARD = "gnu++0x";
				CLANG_CXX_LIBRARY = "libc++";
				CLANG_ENABLE_MODULES = YES;
				CLANG_ENABLE_OBJC_ARC = YES;
				CLANG_WARN_BOOL_CONVERSION = YES;
				CLANG_WARN_CONSTANT_CONVERSION = YES;
				CLANG_WARN_DIRECT_OBJC_ISA_USAGE = YES_ERROR;
				CLANG_WARN_EMPTY_BODY = YES;
				CLANG_WARN_ENUM_CONVERSION = YES;
				CLANG_WARN_INT_CONVERSION = YES;
				CLANG_WARN_OBJC_ROOT_CLASS = YES_ERROR;
				CLANG_WARN_UNREACHABLE_CODE = YES;
				CLANG_WARN__DUPLICATE_METHOD_MATCH = YES;
				"CODE_SIGN_IDENTITY[sdk=iphoneos*]" = "iPhone Developer";
				COPY_PHASE_STRIP = NO;
				ENABLE_STRICT_OBJC_MSGSEND = YES;
				GCC_C_LANGUAGE_STANDARD = gnu99;
				GCC_DYNAMIC_NO_PIC = NO;
				GCC_OPTIMIZATION_LEVEL = 0;
				GCC_PREPROCESSOR_DEFINITIONS = (
					"DEBUG=1",
					"$(inherited)",
				);
				GCC_SYMBOLS_PRIVATE_EXTERN = NO;
				GCC_WARN_64_TO_32_BIT_CONVERSION = YES;
				GCC_WARN_ABOUT_RETURN_TYPE = YES_ERROR;
				GCC_WARN_UNDECLARED_SELECTOR = YES;
				GCC_WARN_UNINITIALIZED_AUTOS = YES_AGGRESSIVE;
				GCC_WARN_UNUSED_FUNCTION = YES;
				GCC_WARN_UNUSED_VARIABLE = YES;
				IPHONEOS_DEPLOYMENT_TARGET = 8.1;
				MTL_ENABLE_DEBUG_INFO = YES;
				ONLY_ACTIVE_ARCH = YES;
				SDKROOT = iphoneos;
				SWIFT_OPTIMIZATION_LEVEL = "-Onone";
				TARGETED_DEVICE_FAMILY = "1,2";
			};
			name = Debug;
		};
		E993DF4B1A348C7900180852 /* Release */ = {
			isa = XCBuildConfiguration;
			buildSettings = {
				ALWAYS_SEARCH_USER_PATHS = NO;
				CLANG_CXX_LANGUAGE_STANDARD = "gnu++0x";
				CLANG_CXX_LIBRARY = "libc++";
				CLANG_ENABLE_MODULES = YES;
				CLANG_ENABLE_OBJC_ARC = YES;
				CLANG_WARN_BOOL_CONVERSION = YES;
				CLANG_WARN_CONSTANT_CONVERSION = YES;
				CLANG_WARN_DIRECT_OBJC_ISA_USAGE = YES_ERROR;
				CLANG_WARN_EMPTY_BODY = YES;
				CLANG_WARN_ENUM_CONVERSION = YES;
				CLANG_WARN_INT_CONVERSION = YES;
				CLANG_WARN_OBJC_ROOT_CLASS = YES_ERROR;
				CLANG_WARN_UNREACHABLE_CODE = YES;
				CLANG_WARN__DUPLICATE_METHOD_MATCH = YES;
				"CODE_SIGN_IDENTITY[sdk=iphoneos*]" = "iPhone Developer";
				COPY_PHASE_STRIP = YES;
				ENABLE_NS_ASSERTIONS = NO;
				ENABLE_STRICT_OBJC_MSGSEND = YES;
				GCC_C_LANGUAGE_STANDARD = gnu99;
				GCC_WARN_64_TO_32_BIT_CONVERSION = YES;
				GCC_WARN_ABOUT_RETURN_TYPE = YES_ERROR;
				GCC_WARN_UNDECLARED_SELECTOR = YES;
				GCC_WARN_UNINITIALIZED_AUTOS = YES_AGGRESSIVE;
				GCC_WARN_UNUSED_FUNCTION = YES;
				GCC_WARN_UNUSED_VARIABLE = YES;
				IPHONEOS_DEPLOYMENT_TARGET = 8.1;
				MTL_ENABLE_DEBUG_INFO = NO;
				SDKROOT = iphoneos;
				TARGETED_DEVICE_FAMILY = "1,2";
				VALIDATE_PRODUCT = YES;
			};
			name = Release;
		};
		E993DF4D1A348C7900180852 /* Debug */ = {
			isa = XCBuildConfiguration;
			baseConfigurationReference = 234EDABCB9D5C49C580E23DB /* Pods.debug.xcconfig */;
			buildSettings = {
				ASSETCATALOG_COMPILER_APPICON_NAME = AppIcon;
				CODE_SIGN_ENTITLEMENTS = BmobPhotos/BmobPhotos.entitlements;
				CODE_SIGN_IDENTITY = "iPhone Developer";
				EMBEDDED_CONTENT_CONTAINS_SWIFT = YES;
				INFOPLIST_FILE = BmobPhotos/Info.plist;
				LD_RUNPATH_SEARCH_PATHS = "$(inherited) @executable_path/Frameworks";
				PRODUCT_NAME = "$(TARGET_NAME)";
			};
			name = Debug;
		};
		E993DF4E1A348C7900180852 /* Release */ = {
			isa = XCBuildConfiguration;
			baseConfigurationReference = 8FD44315DCD5316DF47F30DB /* Pods.release.xcconfig */;
			buildSettings = {
				ASSETCATALOG_COMPILER_APPICON_NAME = AppIcon;
				CODE_SIGN_ENTITLEMENTS = BmobPhotos/BmobPhotos.entitlements;
				CODE_SIGN_IDENTITY = "iPhone Developer";
				EMBEDDED_CONTENT_CONTAINS_SWIFT = YES;
				INFOPLIST_FILE = BmobPhotos/Info.plist;
				LD_RUNPATH_SEARCH_PATHS = "$(inherited) @executable_path/Frameworks";
				PRODUCT_NAME = "$(TARGET_NAME)";
			};
			name = Release;
		};
		E993DF501A348C7900180852 /* Debug */ = {
			isa = XCBuildConfiguration;
			buildSettings = {
				BUNDLE_LOADER = "$(TEST_HOST)";
				FRAMEWORK_SEARCH_PATHS = (
					"$(SDKROOT)/Developer/Library/Frameworks",
					"$(inherited)",
				);
				GCC_PREPROCESSOR_DEFINITIONS = (
					"DEBUG=1",
					"$(inherited)",
				);
				INFOPLIST_FILE = BmobPhotosTests/Info.plist;
				LD_RUNPATH_SEARCH_PATHS = "$(inherited) @executable_path/Frameworks @loader_path/Frameworks";
				PRODUCT_NAME = "$(TARGET_NAME)";
				TEST_HOST = "$(BUILT_PRODUCTS_DIR)/BmobPhotos.app/BmobPhotos";
			};
			name = Debug;
		};
		E993DF511A348C7900180852 /* Release */ = {
			isa = XCBuildConfiguration;
			buildSettings = {
				BUNDLE_LOADER = "$(TEST_HOST)";
				FRAMEWORK_SEARCH_PATHS = (
					"$(SDKROOT)/Developer/Library/Frameworks",
					"$(inherited)",
				);
				INFOPLIST_FILE = BmobPhotosTests/Info.plist;
				LD_RUNPATH_SEARCH_PATHS = "$(inherited) @executable_path/Frameworks @loader_path/Frameworks";
				PRODUCT_NAME = "$(TARGET_NAME)";
				TEST_HOST = "$(BUILT_PRODUCTS_DIR)/BmobPhotos.app/BmobPhotos";
			};
			name = Release;
		};
/* End XCBuildConfiguration section */

/* Begin XCConfigurationList section */
		E94C30C21A3490570092ACAA /* Build configuration list for PBXNativeTarget "DocumentPickerFileProvider" */ = {
			isa = XCConfigurationList;
			buildConfigurations = (
				E94C30C31A3490570092ACAA /* Debug */,
				E94C30C41A3490570092ACAA /* Release */,
			);
			defaultConfigurationIsVisible = 0;
			defaultConfigurationName = Release;
		};
		E94C30C51A3490570092ACAA /* Build configuration list for PBXNativeTarget "DocumentPicker" */ = {
			isa = XCConfigurationList;
			buildConfigurations = (
				E94C30C61A3490570092ACAA /* Debug */,
				E94C30C71A3490570092ACAA /* Release */,
			);
			defaultConfigurationIsVisible = 0;
			defaultConfigurationName = Release;
		};
		E993DF281A348C7800180852 /* Build configuration list for PBXProject "BmobPhotos" */ = {
			isa = XCConfigurationList;
			buildConfigurations = (
				E993DF4A1A348C7900180852 /* Debug */,
				E993DF4B1A348C7900180852 /* Release */,
			);
			defaultConfigurationIsVisible = 0;
			defaultConfigurationName = Release;
		};
		E993DF4C1A348C7900180852 /* Build configuration list for PBXNativeTarget "BmobPhotos" */ = {
			isa = XCConfigurationList;
			buildConfigurations = (
				E993DF4D1A348C7900180852 /* Debug */,
				E993DF4E1A348C7900180852 /* Release */,
			);
			defaultConfigurationIsVisible = 0;
			defaultConfigurationName = Release;
		};
		E993DF4F1A348C7900180852 /* Build configuration list for PBXNativeTarget "BmobPhotosTests" */ = {
			isa = XCConfigurationList;
			buildConfigurations = (
				E993DF501A348C7900180852 /* Debug */,
				E993DF511A348C7900180852 /* Release */,
			);
			defaultConfigurationIsVisible = 0;
			defaultConfigurationName = Release;
		};
/* End XCConfigurationList section */
	};
	rootObject = E993DF251A348C7800180852 /* Project object */;
}
