// !$*UTF8*$!
{
	archiveVersion = 1;
	classes = {
	};
	objectVersion = 46;
	objects = {

/* Begin PBXBuildFile section */
		E95B5AA31A48FC6B00F7E3E1 /* UIImageView+Web.m in Sources */ = {isa = PBXBuildFile; fileRef = E95B5AA21A48FC6B00F7E3E1 /* UIImageView+Web.m */; };
		E9815BAA1A485D5800F83EE0 /* AppDelegate.swift in Sources */ = {isa = PBXBuildFile; fileRef = E9815BA91A485D5800F83EE0 /* AppDelegate.swift */; };
		E9815BAC1A485D5800F83EE0 /* ViewController.swift in Sources */ = {isa = PBXBuildFile; fileRef = E9815BAB1A485D5800F83EE0 /* ViewController.swift */; };
		E9815BAF1A485D5800F83EE0 /* Main.storyboard in Resources */ = {isa = PBXBuildFile; fileRef = E9815BAD1A485D5800F83EE0 /* Main.storyboard */; };
		E9815BB11A485D5800F83EE0 /* Images.xcassets in Resources */ = {isa = PBXBuildFile; fileRef = E9815BB01A485D5800F83EE0 /* Images.xcassets */; };
		E9815BB41A485D5800F83EE0 /* LaunchScreen.xib in Resources */ = {isa = PBXBuildFile; fileRef = E9815BB21A485D5800F83EE0 /* LaunchScreen.xib */; };
		E9815BC01A485D5800F83EE0 /* DocumentPickerTestTests.swift in Sources */ = {isa = PBXBuildFile; fileRef = E9815BBF1A485D5800F83EE0 /* DocumentPickerTestTests.swift */; };
/* End PBXBuildFile section */

/* Begin PBXContainerItemProxy section */
		E9815BBA1A485D5800F83EE0 /* PBXContainerItemProxy */ = {
			isa = PBXContainerItemProxy;
			containerPortal = E9815B9C1A485D5800F83EE0 /* Project object */;
			proxyType = 1;
			remoteGlobalIDString = E9815BA31A485D5800F83EE0;
			remoteInfo = DocumentPickerTest;
		};
/* End PBXContainerItemProxy section */

/* Begin PBXFileReference section */
		E95B5AA01A48FC6B00F7E3E1 /* DocumentPickerTest-Bridging-Header.h */ = {isa = PBXFileReference; lastKnownFileType = sourcecode.c.h; path = "DocumentPickerTest-Bridging-Header.h"; sourceTree = "<group>"; };
		E95B5AA11A48FC6B00F7E3E1 /* UIImageView+Web.h */ = {isa = PBXFileReference; fileEncoding = 4; lastKnownFileType = sourcecode.c.h; path = "UIImageView+Web.h"; sourceTree = "<group>"; };
		E95B5AA21A48FC6B00F7E3E1 /* UIImageView+Web.m */ = {isa = PBXFileReference; fileEncoding = 4; lastKnownFileType = sourcecode.c.objc; path = "UIImageView+Web.m"; sourceTree = "<group>"; };
		E95B5AA41A48FF4B00F7E3E1 /* DocumentPickerTest.entitlements */ = {isa = PBXFileReference; lastKnownFileType = text.xml; path = DocumentPickerTest.entitlements; sourceTree = "<group>"; };
		E9815BA41A485D5800F83EE0 /* DocumentPickerTest.app */ = {isa = PBXFileReference; explicitFileType = wrapper.application; includeInIndex = 0; path = DocumentPickerTest.app; sourceTree = BUILT_PRODUCTS_DIR; };
		E9815BA81A485D5800F83EE0 /* Info.plist */ = {isa = PBXFileReference; lastKnownFileType = text.plist.xml; path = Info.plist; sourceTree = "<group>"; };
		E9815BA91A485D5800F83EE0 /* AppDelegate.swift */ = {isa = PBXFileReference; lastKnownFileType = sourcecode.swift; path = AppDelegate.swift; sourceTree = "<group>"; };
		E9815BAB1A485D5800F83EE0 /* ViewController.swift */ = {isa = PBXFileReference; lastKnownFileType = sourcecode.swift; path = ViewController.swift; sourceTree = "<group>"; };
		E9815BAE1A485D5800F83EE0 /* Base */ = {isa = PBXFileReference; lastKnownFileType = file.storyboard; name = Base; path = Base.lproj/Main.storyboard; sourceTree = "<group>"; };
		E9815BB01A485D5800F83EE0 /* Images.xcassets */ = {isa = PBXFileReference; lastKnownFileType = folder.assetcatalog; path = Images.xcassets; sourceTree = "<group>"; };
		E9815BB31A485D5800F83EE0 /* Base */ = {isa = PBXFileReference; lastKnownFileType = file.xib; name = Base; path = Base.lproj/LaunchScreen.xib; sourceTree = "<group>"; };
		E9815BB91A485D5800F83EE0 /* DocumentPickerTestTests.xctest */ = {isa = PBXFileReference; explicitFileType = wrapper.cfbundle; includeInIndex = 0; path = DocumentPickerTestTests.xctest; sourceTree = BUILT_PRODUCTS_DIR; };
		E9815BBE1A485D5800F83EE0 /* Info.plist */ = {isa = PBXFileReference; lastKnownFileType = text.plist.xml; path = Info.plist; sourceTree = "<group>"; };
		E9815BBF1A485D5800F83EE0 /* DocumentPickerTestTests.swift */ = {isa = PBXFileReference; lastKnownFileType = sourcecode.swift; path = DocumentPickerTestTests.swift; sourceTree = "<group>"; };
/* End PBXFileReference section */

/* Begin PBXFrameworksBuildPhase section */
		E9815BA11A485D5800F83EE0 /* Frameworks */ = {
			isa = PBXFrameworksBuildPhase;
			buildActionMask = 2147483647;
			files = (
			);
			runOnlyForDeploymentPostprocessing = 0;
		};
		E9815BB61A485D5800F83EE0 /* Frameworks */ = {
			isa = PBXFrameworksBuildPhase;
			buildActionMask = 2147483647;
			files = (
			);
			runOnlyForDeploymentPostprocessing = 0;
		};
/* End PBXFrameworksBuildPhase section */

/* Begin PBXGroup section */
		E9815B9B1A485D5700F83EE0 = {
			isa = PBXGroup;
			children = (
				E9815BA61A485D5800F83EE0 /* DocumentPickerTest */,
				E9815BBC1A485D5800F83EE0 /* DocumentPickerTestTests */,
				E9815BA51A485D5800F83EE0 /* Products */,
			);
			sourceTree = "<group>";
		};
		E9815BA51A485D5800F83EE0 /* Products */ = {
			isa = PBXGroup;
			children = (
				E9815BA41A485D5800F83EE0 /* DocumentPickerTest.app */,
				E9815BB91A485D5800F83EE0 /* DocumentPickerTestTests.xctest */,
			);
			name = Products;
			sourceTree = "<group>";
		};
		E9815BA61A485D5800F83EE0 /* DocumentPickerTest */ = {
			isa = PBXGroup;
			children = (
				E95B5AA41A48FF4B00F7E3E1 /* DocumentPickerTest.entitlements */,
				E9815BA91A485D5800F83EE0 /* AppDelegate.swift */,
				E9815BAB1A485D5800F83EE0 /* ViewController.swift */,
				E9815BAD1A485D5800F83EE0 /* Main.storyboard */,
				E95B5AA11A48FC6B00F7E3E1 /* UIImageView+Web.h */,
				E95B5AA21A48FC6B00F7E3E1 /* UIImageView+Web.m */,
				E9815BB01A485D5800F83EE0 /* Images.xcassets */,
				E9815BB21A485D5800F83EE0 /* LaunchScreen.xib */,
				E9815BA71A485D5800F83EE0 /* Supporting Files */,
				E95B5AA01A48FC6B00F7E3E1 /* DocumentPickerTest-Bridging-Header.h */,
			);
			path = DocumentPickerTest;
			sourceTree = "<group>";
		};
		E9815BA71A485D5800F83EE0 /* Supporting Files */ = {
			isa = PBXGroup;
			children = (
				E9815BA81A485D5800F83EE0 /* Info.plist */,
			);
			name = "Supporting Files";
			sourceTree = "<group>";
		};
		E9815BBC1A485D5800F83EE0 /* DocumentPickerTestTests */ = {
			isa = PBXGroup;
			children = (
				E9815BBF1A485D5800F83EE0 /* DocumentPickerTestTests.swift */,
				E9815BBD1A485D5800F83EE0 /* Supporting Files */,
			);
			path = DocumentPickerTestTests;
			sourceTree = "<group>";
		};
		E9815BBD1A485D5800F83EE0 /* Supporting Files */ = {
			isa = PBXGroup;
			children = (
				E9815BBE1A485D5800F83EE0 /* Info.plist */,
			);
			name = "Supporting Files";
			sourceTree = "<group>";
		};
/* End PBXGroup section */

/* Begin PBXNativeTarget section */
		E9815BA31A485D5800F83EE0 /* DocumentPickerTest */ = {
			isa = PBXNativeTarget;
			buildConfigurationList = E9815BC31A485D5800F83EE0 /* Build configuration list for PBXNativeTarget "DocumentPickerTest" */;
			buildPhases = (
				E9815BA01A485D5800F83EE0 /* Sources */,
				E9815BA11A485D5800F83EE0 /* Frameworks */,
				E9815BA21A485D5800F83EE0 /* Resources */,
			);
			buildRules = (
			);
			dependencies = (
			);
			name = DocumentPickerTest;
			productName = DocumentPickerTest;
			productReference = E9815BA41A485D5800F83EE0 /* DocumentPickerTest.app */;
			productType = "com.apple.product-type.application";
		};
		E9815BB81A485D5800F83EE0 /* DocumentPickerTestTests */ = {
			isa = PBXNativeTarget;
			buildConfigurationList = E9815BC61A485D5800F83EE0 /* Build configuration list for PBXNativeTarget "DocumentPickerTestTests" */;
			buildPhases = (
				E9815BB51A485D5800F83EE0 /* Sources */,
				E9815BB61A485D5800F83EE0 /* Frameworks */,
				E9815BB71A485D5800F83EE0 /* Resources */,
			);
			buildRules = (
			);
			dependencies = (
				E9815BBB1A485D5800F83EE0 /* PBXTargetDependency */,
			);
			name = DocumentPickerTestTests;
			productName = DocumentPickerTestTests;
			productReference = E9815BB91A485D5800F83EE0 /* DocumentPickerTestTests.xctest */;
			productType = "com.apple.product-type.bundle.unit-test";
		};
/* End PBXNativeTarget section */

/* Begin PBXProject section */
		E9815B9C1A485D5800F83EE0 /* Project object */ = {
			isa = PBXProject;
			attributes = {
				LastUpgradeCheck = 0610;
				ORGANIZATIONNAME = yanghongyan;
				TargetAttributes = {
					E9815BA31A485D5800F83EE0 = {
						CreatedOnToolsVersion = 6.1;
						DevelopmentTeam = S5UE469ZWC;
						SystemCapabilities = {
							com.apple.iCloud = {
								enabled = 1;
							};
						};
					};
					E9815BB81A485D5800F83EE0 = {
						CreatedOnToolsVersion = 6.1;
						TestTargetID = E9815BA31A485D5800F83EE0;
					};
				};
			};
			buildConfigurationList = E9815B9F1A485D5800F83EE0 /* Build configuration list for PBXProject "DocumentPickerTest" */;
			compatibilityVersion = "Xcode 3.2";
			developmentRegion = English;
			hasScannedForEncodings = 0;
			knownRegions = (
				en,
				Base,
			);
			mainGroup = E9815B9B1A485D5700F83EE0;
			productRefGroup = E9815BA51A485D5800F83EE0 /* Products */;
			projectDirPath = "";
			projectRoot = "";
			targets = (
				E9815BA31A485D5800F83EE0 /* DocumentPickerTest */,
				E9815BB81A485D5800F83EE0 /* DocumentPickerTestTests */,
			);
		};
/* End PBXProject section */

/* Begin PBXResourcesBuildPhase section */
		E9815BA21A485D5800F83EE0 /* Resources */ = {
			isa = PBXResourcesBuildPhase;
			buildActionMask = 2147483647;
			files = (
				E9815BAF1A485D5800F83EE0 /* Main.storyboard in Resources */,
				E9815BB41A485D5800F83EE0 /* LaunchScreen.xib in Resources */,
				E9815BB11A485D5800F83EE0 /* Images.xcassets in Resources */,
			);
			runOnlyForDeploymentPostprocessing = 0;
		};
		E9815BB71A485D5800F83EE0 /* Resources */ = {
			isa = PBXResourcesBuildPhase;
			buildActionMask = 2147483647;
			files = (
			);
			runOnlyForDeploymentPostprocessing = 0;
		};
/* End PBXResourcesBuildPhase section */

/* Begin PBXSourcesBuildPhase section */
		E9815BA01A485D5800F83EE0 /* Sources */ = {
			isa = PBXSourcesBuildPhase;
			buildActionMask = 2147483647;
			files = (
				E9815BAC1A485D5800F83EE0 /* ViewController.swift in Sources */,
				E95B5AA31A48FC6B00F7E3E1 /* UIImageView+Web.m in Sources */,
				E9815BAA1A485D5800F83EE0 /* AppDelegate.swift in Sources */,
			);
			runOnlyForDeploymentPostprocessing = 0;
		};
		E9815BB51A485D5800F83EE0 /* Sources */ = {
			isa = PBXSourcesBuildPhase;
			buildActionMask = 2147483647;
			files = (
				E9815BC01A485D5800F83EE0 /* DocumentPickerTestTests.swift in Sources */,
			);
			runOnlyForDeploymentPostprocessing = 0;
		};
/* End PBXSourcesBuildPhase section */

/* Begin PBXTargetDependency section */
		E9815BBB1A485D5800F83EE0 /* PBXTargetDependency */ = {
			isa = PBXTargetDependency;
			target = E9815BA31A485D5800F83EE0 /* DocumentPickerTest */;
			targetProxy = E9815BBA1A485D5800F83EE0 /* PBXContainerItemProxy */;
		};
/* End PBXTargetDependency section */

/* Begin PBXVariantGroup section */
		E9815BAD1A485D5800F83EE0 /* Main.storyboard */ = {
			isa = PBXVariantGroup;
			children = (
				E9815BAE1A485D5800F83EE0 /* Base */,
			);
			name = Main.storyboard;
			sourceTree = "<group>";
		};
		E9815BB21A485D5800F83EE0 /* LaunchScreen.xib */ = {
			isa = PBXVariantGroup;
			children = (
				E9815BB31A485D5800F83EE0 /* Base */,
			);
			name = LaunchScreen.xib;
			sourceTree = "<group>";
		};
/* End PBXVariantGroup section */

/* Begin XCBuildConfiguration section */
		E9815BC11A485D5800F83EE0 /* Debug */ = {
			isa = XCBuildConfiguration;
			buildSettings = {
				ALWAYS_SEARCH_USER_PATHS = NO;
				CLANG_CXX_LANGUAGE_STANDARD = "gnu++0x";
				CLANG_CXX_LIBRARY = "libc++";
				CLANG_ENABLE_MODULES = YES;
				CLANG_ENABLE_OBJC_ARC = YES;
				CLANG_WARN_BOOL_CONVERSION = YES;
				CLANG_WARN_CONSTANT_CONVERSION = YES;
				CLANG_WARN_DIRECT_OBJC_ISA_USAGE = YES_ERROR;
				CLANG_WARN_EMPTY_BODY = YES;
				CLANG_WARN_ENUM_CONVERSION = YES;
				CLANG_WARN_INT_CONVERSION = YES;
				CLANG_WARN_OBJC_ROOT_CLASS = YES_ERROR;
				CLANG_WARN_UNREACHABLE_CODE = YES;
				CLANG_WARN__DUPLICATE_METHOD_MATCH = YES;
				"CODE_SIGN_IDENTITY[sdk=iphoneos*]" = "iPhone Developer";
				COPY_PHASE_STRIP = NO;
				ENABLE_STRICT_OBJC_MSGSEND = YES;
				GCC_C_LANGUAGE_STANDARD = gnu99;
				GCC_DYNAMIC_NO_PIC = NO;
				GCC_OPTIMIZATION_LEVEL = 0;
				GCC_PREPROCESSOR_DEFINITIONS = (
					"DEBUG=1",
					"$(inherited)",
				);
				GCC_SYMBOLS_PRIVATE_EXTERN = NO;
				GCC_WARN_64_TO_32_BIT_CONVERSION = YES;
				GCC_WARN_ABOUT_RETURN_TYPE = YES_ERROR;
				GCC_WARN_UNDECLARED_SELECTOR = YES;
				GCC_WARN_UNINITIALIZED_AUTOS = YES_AGGRESSIVE;
				GCC_WARN_UNUSED_FUNCTION = YES;
				GCC_WARN_UNUSED_VARIABLE = YES;
				IPHONEOS_DEPLOYMENT_TARGET = 8.1;
				MTL_ENABLE_DEBUG_INFO = YES;
				ONLY_ACTIVE_ARCH = YES;
				SDKROOT = iphoneos;
				SWIFT_OPTIMIZATION_LEVEL = "-Onone";
				TARGETED_DEVICE_FAMILY = "1,2";
			};
			name = Debug;
		};
		E9815BC21A485D5800F83EE0 /* Release */ = {
			isa = XCBuildConfiguration;
			buildSettings = {
				ALWAYS_SEARCH_USER_PATHS = NO;
				CLANG_CXX_LANGUAGE_STANDARD = "gnu++0x";
				CLANG_CXX_LIBRARY = "libc++";
				CLANG_ENABLE_MODULES = YES;
				CLANG_ENABLE_OBJC_ARC = YES;
				CLANG_WARN_BOOL_CONVERSION = YES;
				CLANG_WARN_CONSTANT_CONVERSION = YES;
				CLANG_WARN_DIRECT_OBJC_ISA_USAGE = YES_ERROR;
				CLANG_WARN_EMPTY_BODY = YES;
				CLANG_WARN_ENUM_CONVERSION = YES;
				CLANG_WARN_INT_CONVERSION = YES;
				CLANG_WARN_OBJC_ROOT_CLASS = YES_ERROR;
				CLANG_WARN_UNREACHABLE_CODE = YES;
				CLANG_WARN__DUPLICATE_METHOD_MATCH = YES;
				"CODE_SIGN_IDENTITY[sdk=iphoneos*]" = "iPhone Developer";
				COPY_PHASE_STRIP = YES;
				ENABLE_NS_ASSERTIONS = NO;
				ENABLE_STRICT_OBJC_MSGSEND = YES;
				GCC_C_LANGUAGE_STANDARD = gnu99;
				GCC_WARN_64_TO_32_BIT_CONVERSION = YES;
				GCC_WARN_ABOUT_RETURN_TYPE = YES_ERROR;
				GCC_WARN_UNDECLARED_SELECTOR = YES;
				GCC_WARN_UNINITIALIZED_AUTOS = YES_AGGRESSIVE;
				GCC_WARN_UNUSED_FUNCTION = YES;
				GCC_WARN_UNUSED_VARIABLE = YES;
				IPHONEOS_DEPLOYMENT_TARGET = 8.1;
				MTL_ENABLE_DEBUG_INFO = NO;
				SDKROOT = iphoneos;
				TARGETED_DEVICE_FAMILY = "1,2";
				VALIDATE_PRODUCT = YES;
			};
			name = Release;
		};
		E9815BC41A485D5800F83EE0 /* Debug */ = {
			isa = XCBuildConfiguration;
			buildSettings = {
				ASSETCATALOG_COMPILER_APPICON_NAME = AppIcon;
				CLANG_ENABLE_MODULES = YES;
				CODE_SIGN_ENTITLEMENTS = DocumentPickerTest/DocumentPickerTest.entitlements;
				CODE_SIGN_IDENTITY = "iPhone Developer";
				"CODE_SIGN_IDENTITY[sdk=iphoneos*]" = "iPhone Developer";
				INFOPLIST_FILE = DocumentPickerTest/Info.plist;
				LD_RUNPATH_SEARCH_PATHS = "$(inherited) @executable_path/Frameworks";
				PRODUCT_NAME = "$(TARGET_NAME)";
				PROVISIONING_PROFILE = "";
				SWIFT_OBJC_BRIDGING_HEADER = "DocumentPickerTest/DocumentPickerTest-Bridging-Header.h";
				SWIFT_OPTIMIZATION_LEVEL = "-Onone";
			};
			name = Debug;
		};
		E9815BC51A485D5800F83EE0 /* Release */ = {
			isa = XCBuildConfiguration;
			buildSettings = {
				ASSETCATALOG_COMPILER_APPICON_NAME = AppIcon;
				CLANG_ENABLE_MODULES = YES;
				CODE_SIGN_ENTITLEMENTS = DocumentPickerTest/DocumentPickerTest.entitlements;
				CODE_SIGN_IDENTITY = "iPhone Developer";
				"CODE_SIGN_IDENTITY[sdk=iphoneos*]" = "iPhone Developer";
				INFOPLIST_FILE = DocumentPickerTest/Info.plist;
				LD_RUNPATH_SEARCH_PATHS = "$(inherited) @executable_path/Frameworks";
				PRODUCT_NAME = "$(TARGET_NAME)";
				PROVISIONING_PROFILE = "";
				SWIFT_OBJC_BRIDGING_HEADER = "DocumentPickerTest/DocumentPickerTest-Bridging-Header.h";
			};
			name = Release;
		};
		E9815BC71A485D5800F83EE0 /* Debug */ = {
			isa = XCBuildConfiguration;
			buildSettings = {
				BUNDLE_LOADER = "$(TEST_HOST)";
				FRAMEWORK_SEARCH_PATHS = (
					"$(SDKROOT)/Developer/Library/Frameworks",
					"$(inherited)",
				);
				GCC_PREPROCESSOR_DEFINITIONS = (
					"DEBUG=1",
					"$(inherited)",
				);
				INFOPLIST_FILE = DocumentPickerTestTests/Info.plist;
				LD_RUNPATH_SEARCH_PATHS = "$(inherited) @executable_path/Frameworks @loader_path/Frameworks";
				PRODUCT_NAME = "$(TARGET_NAME)";
				TEST_HOST = "$(BUILT_PRODUCTS_DIR)/DocumentPickerTest.app/DocumentPickerTest";
			};
			name = Debug;
		};
		E9815BC81A485D5800F83EE0 /* Release */ = {
			isa = XCBuildConfiguration;
			buildSettings = {
				BUNDLE_LOADER = "$(TEST_HOST)";
				FRAMEWORK_SEARCH_PATHS = (
					"$(SDKROOT)/Developer/Library/Frameworks",
					"$(inherited)",
				);
				INFOPLIST_FILE = DocumentPickerTestTests/Info.plist;
				LD_RUNPATH_SEARCH_PATHS = "$(inherited) @executable_path/Frameworks @loader_path/Frameworks";
				PRODUCT_NAME = "$(TARGET_NAME)";
				TEST_HOST = "$(BUILT_PRODUCTS_DIR)/DocumentPickerTest.app/DocumentPickerTest";
			};
			name = Release;
		};
/* End XCBuildConfiguration section */

/* Begin XCConfigurationList section */
		E9815B9F1A485D5800F83EE0 /* Build configuration list for PBXProject "DocumentPickerTest" */ = {
			isa = XCConfigurationList;
			buildConfigurations = (
				E9815BC11A485D5800F83EE0 /* Debug */,
				E9815BC21A485D5800F83EE0 /* Release */,
			);
			defaultConfigurationIsVisible = 0;
			defaultConfigurationName = Release;
		};
		E9815BC31A485D5800F83EE0 /* Build configuration list for PBXNativeTarget "DocumentPickerTest" */ = {
			isa = XCConfigurationList;
			buildConfigurations = (
				E9815BC41A485D5800F83EE0 /* Debug */,
				E9815BC51A485D5800F83EE0 /* Release */,
			);
			defaultConfigurationIsVisible = 0;
			defaultConfigurationName = Release;
		};
		E9815BC61A485D5800F83EE0 /* Build configuration list for PBXNativeTarget "DocumentPickerTestTests" */ = {
			isa = XCConfigurationList;
			buildConfigurations = (
				E9815BC71A485D5800F83EE0 /* Debug */,
				E9815BC81A485D5800F83EE0 /* Release */,
			);
			defaultConfigurationIsVisible = 0;
			defaultConfigurationName = Release;
		};
/* End XCConfigurationList section */
	};
	rootObject = E9815B9C1A485D5800F83EE0 /* Project object */;
}
