// !$*UTF8*$!
{
	archiveVersion = 1;
	classes = {
	};
	objectVersion = 46;
	objects = {

/* Begin PBXBuildFile section */
		E93F3BDE1A0274B80045659C /* MyTransitioner.swift in Sources */ = {isa = PBXBuildFile; fileRef = E93F3BDD1A0274B80045659C /* MyTransitioner.swift */; };
		E93F3BE21A0369B60045659C /* MyAlertVC.swift in Sources */ = {isa = PBXBuildFile; fileRef = E93F3BE11A0369B60045659C /* MyAlertVC.swift */; };
		E93F3BE41A0395F70045659C /* SelectedItem.swift in Sources */ = {isa = PBXBuildFile; fileRef = E93F3BE31A0395F70045659C /* SelectedItem.swift */; };
		E93F3BE61A039C8E0045659C /* UIView+Snapshot.swift in Sources */ = {isa = PBXBuildFile; fileRef = E93F3BE51A039C8E0045659C /* UIView+Snapshot.swift */; };
		E950BACD19FCF037008AC7A4 /* CorrectAnswerVC.swift in Sources */ = {isa = PBXBuildFile; fileRef = E950BACC19FCF037008AC7A4 /* CorrectAnswerVC.swift */; };
		E95CF9051A012744004071A5 /* MyPresentationController.swift in Sources */ = {isa = PBXBuildFile; fileRef = E95CF9041A012744004071A5 /* MyPresentationController.swift */; };
		E968C16A19F7D6E800B12B12 /* AppDelegate.swift in Sources */ = {isa = PBXBuildFile; fileRef = E968C16919F7D6E800B12B12 /* AppDelegate.swift */; };
		E968C16F19F7D6E800B12B12 /* Main.storyboard in Resources */ = {isa = PBXBuildFile; fileRef = E968C16D19F7D6E800B12B12 /* Main.storyboard */; };
		E968C17119F7D6E800B12B12 /* Images.xcassets in Resources */ = {isa = PBXBuildFile; fileRef = E968C17019F7D6E800B12B12 /* Images.xcassets */; };
		E968C17419F7D6E800B12B12 /* LaunchScreen.xib in Resources */ = {isa = PBXBuildFile; fileRef = E968C17219F7D6E800B12B12 /* LaunchScreen.xib */; };
		E968C18019F7D6E800B12B12 /* PresentationControllerTests.swift in Sources */ = {isa = PBXBuildFile; fileRef = E968C17F19F7D6E800B12B12 /* PresentationControllerTests.swift */; };
		E968C18A19F7D72F00B12B12 /* TopicListVC.swift in Sources */ = {isa = PBXBuildFile; fileRef = E968C18919F7D72F00B12B12 /* TopicListVC.swift */; };
		E968C18C19F7D75200B12B12 /* PaperVC.swift in Sources */ = {isa = PBXBuildFile; fileRef = E968C18B19F7D75200B12B12 /* PaperVC.swift */; };
		E968C18E19F7D7A100B12B12 /* SplitContainerVC.swift in Sources */ = {isa = PBXBuildFile; fileRef = E968C18D19F7D7A100B12B12 /* SplitContainerVC.swift */; };
		E968C19019F7D7A900B12B12 /* Question.swift in Sources */ = {isa = PBXBuildFile; fileRef = E968C18F19F7D7A900B12B12 /* Question.swift */; };
		E968C19219F7D7B300B12B12 /* questions.plist in Resources */ = {isa = PBXBuildFile; fileRef = E968C19119F7D7B300B12B12 /* questions.plist */; };
		E9E8BBD219FE89FB006FB172 /* ResultVC.swift in Sources */ = {isa = PBXBuildFile; fileRef = E9E8BBD119FE89FB006FB172 /* ResultVC.swift */; };
		E9FA584F1A03C9FE00FB491E /* SpringAnimation.swift in Sources */ = {isa = PBXBuildFile; fileRef = E9FA584E1A03C9FE00FB491E /* SpringAnimation.swift */; };
		E9FA58511A03EBEE00FB491E /* BlurView.swift in Sources */ = {isa = PBXBuildFile; fileRef = E9FA58501A03EBEE00FB491E /* BlurView.swift */; };
/* End PBXBuildFile section */

/* Begin PBXContainerItemProxy section */
		E968C17A19F7D6E800B12B12 /* PBXContainerItemProxy */ = {
			isa = PBXContainerItemProxy;
			containerPortal = E968C15C19F7D6E700B12B12 /* Project object */;
			proxyType = 1;
			remoteGlobalIDString = E968C16319F7D6E700B12B12;
			remoteInfo = PresentationController;
		};
/* End PBXContainerItemProxy section */

/* Begin PBXFileReference section */
		E93F3BDD1A0274B80045659C /* MyTransitioner.swift */ = {isa = PBXFileReference; fileEncoding = 4; lastKnownFileType = sourcecode.swift; path = MyTransitioner.swift; sourceTree = "<group>"; };
		E93F3BE11A0369B60045659C /* MyAlertVC.swift */ = {isa = PBXFileReference; fileEncoding = 4; lastKnownFileType = sourcecode.swift; path = MyAlertVC.swift; sourceTree = "<group>"; };
		E93F3BE31A0395F70045659C /* SelectedItem.swift */ = {isa = PBXFileReference; fileEncoding = 4; lastKnownFileType = sourcecode.swift; path = SelectedItem.swift; sourceTree = "<group>"; };
		E93F3BE51A039C8E0045659C /* UIView+Snapshot.swift */ = {isa = PBXFileReference; fileEncoding = 4; lastKnownFileType = sourcecode.swift; path = "UIView+Snapshot.swift"; sourceTree = "<group>"; };
		E950BACC19FCF037008AC7A4 /* CorrectAnswerVC.swift */ = {isa = PBXFileReference; fileEncoding = 4; lastKnownFileType = sourcecode.swift; path = CorrectAnswerVC.swift; sourceTree = "<group>"; };
		E95CF9041A012744004071A5 /* MyPresentationController.swift */ = {isa = PBXFileReference; fileEncoding = 4; lastKnownFileType = sourcecode.swift; path = MyPresentationController.swift; sourceTree = "<group>"; };
		E968C16419F7D6E700B12B12 /* PresentationController.app */ = {isa = PBXFileReference; explicitFileType = wrapper.application; includeInIndex = 0; path = PresentationController.app; sourceTree = BUILT_PRODUCTS_DIR; };
		E968C16819F7D6E800B12B12 /* Info.plist */ = {isa = PBXFileReference; lastKnownFileType = text.plist.xml; path = Info.plist; sourceTree = "<group>"; };
		E968C16919F7D6E800B12B12 /* AppDelegate.swift */ = {isa = PBXFileReference; lastKnownFileType = sourcecode.swift; path = AppDelegate.swift; sourceTree = "<group>"; };
		E968C16E19F7D6E800B12B12 /* Base */ = {isa = PBXFileReference; lastKnownFileType = file.storyboard; name = Base; path = Base.lproj/Main.storyboard; sourceTree = "<group>"; };
		E968C17019F7D6E800B12B12 /* Images.xcassets */ = {isa = PBXFileReference; lastKnownFileType = folder.assetcatalog; path = Images.xcassets; sourceTree = "<group>"; };
		E968C17319F7D6E800B12B12 /* Base */ = {isa = PBXFileReference; lastKnownFileType = file.xib; name = Base; path = Base.lproj/LaunchScreen.xib; sourceTree = "<group>"; };
		E968C17919F7D6E800B12B12 /* PresentationControllerTests.xctest */ = {isa = PBXFileReference; explicitFileType = wrapper.cfbundle; includeInIndex = 0; path = PresentationControllerTests.xctest; sourceTree = BUILT_PRODUCTS_DIR; };
		E968C17E19F7D6E800B12B12 /* Info.plist */ = {isa = PBXFileReference; lastKnownFileType = text.plist.xml; path = Info.plist; sourceTree = "<group>"; };
		E968C17F19F7D6E800B12B12 /* PresentationControllerTests.swift */ = {isa = PBXFileReference; lastKnownFileType = sourcecode.swift; path = PresentationControllerTests.swift; sourceTree = "<group>"; };
		E968C18919F7D72F00B12B12 /* TopicListVC.swift */ = {isa = PBXFileReference; fileEncoding = 4; lastKnownFileType = sourcecode.swift; path = TopicListVC.swift; sourceTree = "<group>"; };
		E968C18B19F7D75200B12B12 /* PaperVC.swift */ = {isa = PBXFileReference; fileEncoding = 4; lastKnownFileType = sourcecode.swift; path = PaperVC.swift; sourceTree = "<group>"; };
		E968C18D19F7D7A100B12B12 /* SplitContainerVC.swift */ = {isa = PBXFileReference; fileEncoding = 4; lastKnownFileType = sourcecode.swift; path = SplitContainerVC.swift; sourceTree = "<group>"; };
		E968C18F19F7D7A900B12B12 /* Question.swift */ = {isa = PBXFileReference; fileEncoding = 4; lastKnownFileType = sourcecode.swift; path = Question.swift; sourceTree = "<group>"; };
		E968C19119F7D7B300B12B12 /* questions.plist */ = {isa = PBXFileReference; fileEncoding = 4; lastKnownFileType = text.plist.xml; path = questions.plist; sourceTree = "<group>"; };
		E9E8BBD119FE89FB006FB172 /* ResultVC.swift */ = {isa = PBXFileReference; fileEncoding = 4; lastKnownFileType = sourcecode.swift; path = ResultVC.swift; sourceTree = "<group>"; };
		E9FA584E1A03C9FE00FB491E /* SpringAnimation.swift */ = {isa = PBXFileReference; fileEncoding = 4; lastKnownFileType = sourcecode.swift; path = SpringAnimation.swift; sourceTree = "<group>"; };
		E9FA58501A03EBEE00FB491E /* BlurView.swift */ = {isa = PBXFileReference; fileEncoding = 4; lastKnownFileType = sourcecode.swift; path = BlurView.swift; sourceTree = "<group>"; };
/* End PBXFileReference section */

/* Begin PBXFrameworksBuildPhase section */
		E968C16119F7D6E700B12B12 /* Frameworks */ = {
			isa = PBXFrameworksBuildPhase;
			buildActionMask = 2147483647;
			files = (
			);
			runOnlyForDeploymentPostprocessing = 0;
		};
		E968C17619F7D6E800B12B12 /* Frameworks */ = {
			isa = PBXFrameworksBuildPhase;
			buildActionMask = 2147483647;
			files = (
			);
			runOnlyForDeploymentPostprocessing = 0;
		};
/* End PBXFrameworksBuildPhase section */

/* Begin PBXGroup section */
		E968C15B19F7D6E700B12B12 = {
			isa = PBXGroup;
			children = (
				E968C16619F7D6E700B12B12 /* PresentationController */,
				E968C17C19F7D6E800B12B12 /* PresentationControllerTests */,
				E968C16519F7D6E700B12B12 /* Products */,
			);
			sourceTree = "<group>";
		};
		E968C16519F7D6E700B12B12 /* Products */ = {
			isa = PBXGroup;
			children = (
				E968C16419F7D6E700B12B12 /* PresentationController.app */,
				E968C17919F7D6E800B12B12 /* PresentationControllerTests.xctest */,
			);
			name = Products;
			sourceTree = "<group>";
		};
		E968C16619F7D6E700B12B12 /* PresentationController */ = {
			isa = PBXGroup;
			children = (
				E968C16919F7D6E800B12B12 /* AppDelegate.swift */,
				E968C18F19F7D7A900B12B12 /* Question.swift */,
				E968C16D19F7D6E800B12B12 /* Main.storyboard */,
				E93F3BE11A0369B60045659C /* MyAlertVC.swift */,
				E950BACC19FCF037008AC7A4 /* CorrectAnswerVC.swift */,
				E968C18B19F7D75200B12B12 /* PaperVC.swift */,
				E9E8BBD119FE89FB006FB172 /* ResultVC.swift */,
				E968C19119F7D7B300B12B12 /* questions.plist */,
				E968C18D19F7D7A100B12B12 /* SplitContainerVC.swift */,
				E9FA58501A03EBEE00FB491E /* BlurView.swift */,
				E9FA584E1A03C9FE00FB491E /* SpringAnimation.swift */,
				E968C18919F7D72F00B12B12 /* TopicListVC.swift */,
				E95CF9041A012744004071A5 /* MyPresentationController.swift */,
				E93F3BE51A039C8E0045659C /* UIView+Snapshot.swift */,
				E93F3BE31A0395F70045659C /* SelectedItem.swift */,
				E93F3BDD1A0274B80045659C /* MyTransitioner.swift */,
				E968C17019F7D6E800B12B12 /* Images.xcassets */,
				E968C17219F7D6E800B12B12 /* LaunchScreen.xib */,
				E968C16719F7D6E700B12B12 /* Supporting Files */,
			);
			path = PresentationController;
			sourceTree = "<group>";
		};
		E968C16719F7D6E700B12B12 /* Supporting Files */ = {
			isa = PBXGroup;
			children = (
				E968C16819F7D6E800B12B12 /* Info.plist */,
			);
			name = "Supporting Files";
			sourceTree = "<group>";
		};
		E968C17C19F7D6E800B12B12 /* PresentationControllerTests */ = {
			isa = PBXGroup;
			children = (
				E968C17F19F7D6E800B12B12 /* PresentationControllerTests.swift */,
				E968C17D19F7D6E800B12B12 /* Supporting Files */,
			);
			path = PresentationControllerTests;
			sourceTree = "<group>";
		};
		E968C17D19F7D6E800B12B12 /* Supporting Files */ = {
			isa = PBXGroup;
			children = (
				E968C17E19F7D6E800B12B12 /* Info.plist */,
			);
			name = "Supporting Files";
			sourceTree = "<group>";
		};
/* End PBXGroup section */

/* Begin PBXNativeTarget section */
		E968C16319F7D6E700B12B12 /* PresentationController */ = {
			isa = PBXNativeTarget;
			buildConfigurationList = E968C18319F7D6E800B12B12 /* Build configuration list for PBXNativeTarget "PresentationController" */;
			buildPhases = (
				E968C16019F7D6E700B12B12 /* Sources */,
				E968C16119F7D6E700B12B12 /* Frameworks */,
				E968C16219F7D6E700B12B12 /* Resources */,
			);
			buildRules = (
			);
			dependencies = (
			);
			name = PresentationController;
			productName = PresentationController;
			productReference = E968C16419F7D6E700B12B12 /* PresentationController.app */;
			productType = "com.apple.product-type.application";
		};
		E968C17819F7D6E800B12B12 /* PresentationControllerTests */ = {
			isa = PBXNativeTarget;
			buildConfigurationList = E968C18619F7D6E800B12B12 /* Build configuration list for PBXNativeTarget "PresentationControllerTests" */;
			buildPhases = (
				E968C17519F7D6E800B12B12 /* Sources */,
				E968C17619F7D6E800B12B12 /* Frameworks */,
				E968C17719F7D6E800B12B12 /* Resources */,
			);
			buildRules = (
			);
			dependencies = (
				E968C17B19F7D6E800B12B12 /* PBXTargetDependency */,
			);
			name = PresentationControllerTests;
			productName = PresentationControllerTests;
			productReference = E968C17919F7D6E800B12B12 /* PresentationControllerTests.xctest */;
			productType = "com.apple.product-type.bundle.unit-test";
		};
/* End PBXNativeTarget section */

/* Begin PBXProject section */
		E968C15C19F7D6E700B12B12 /* Project object */ = {
			isa = PBXProject;
			attributes = {
				LastUpgradeCheck = 0610;
				ORGANIZATIONNAME = yanghongyan;
				TargetAttributes = {
					E968C16319F7D6E700B12B12 = {
						CreatedOnToolsVersion = 6.1;
					};
					E968C17819F7D6E800B12B12 = {
						CreatedOnToolsVersion = 6.1;
						TestTargetID = E968C16319F7D6E700B12B12;
					};
				};
			};
			buildConfigurationList = E968C15F19F7D6E700B12B12 /* Build configuration list for PBXProject "PresentationController" */;
			compatibilityVersion = "Xcode 3.2";
			developmentRegion = English;
			hasScannedForEncodings = 0;
			knownRegions = (
				en,
				Base,
			);
			mainGroup = E968C15B19F7D6E700B12B12;
			productRefGroup = E968C16519F7D6E700B12B12 /* Products */;
			projectDirPath = "";
			projectRoot = "";
			targets = (
				E968C16319F7D6E700B12B12 /* PresentationController */,
				E968C17819F7D6E800B12B12 /* PresentationControllerTests */,
			);
		};
/* End PBXProject section */

/* Begin PBXResourcesBuildPhase section */
		E968C16219F7D6E700B12B12 /* Resources */ = {
			isa = PBXResourcesBuildPhase;
			buildActionMask = 2147483647;
			files = (
				E968C19219F7D7B300B12B12 /* questions.plist in Resources */,
				E968C16F19F7D6E800B12B12 /* Main.storyboard in Resources */,
				E968C17419F7D6E800B12B12 /* LaunchScreen.xib in Resources */,
				E968C17119F7D6E800B12B12 /* Images.xcassets in Resources */,
			);
			runOnlyForDeploymentPostprocessing = 0;
		};
		E968C17719F7D6E800B12B12 /* Resources */ = {
			isa = PBXResourcesBuildPhase;
			buildActionMask = 2147483647;
			files = (
			);
			runOnlyForDeploymentPostprocessing = 0;
		};
/* End PBXResourcesBuildPhase section */

/* Begin PBXSourcesBuildPhase section */
		E968C16019F7D6E700B12B12 /* Sources */ = {
			isa = PBXSourcesBuildPhase;
			buildActionMask = 2147483647;
			files = (
				E968C19019F7D7A900B12B12 /* Question.swift in Sources */,
				E9FA58511A03EBEE00FB491E /* BlurView.swift in Sources */,
				E968C18A19F7D72F00B12B12 /* TopicListVC.swift in Sources */,
				E9FA584F1A03C9FE00FB491E /* SpringAnimation.swift in Sources */,
				E968C18E19F7D7A100B12B12 /* SplitContainerVC.swift in Sources */,
				E950BACD19FCF037008AC7A4 /* CorrectAnswerVC.swift in Sources */,
				E9E8BBD219FE89FB006FB172 /* ResultVC.swift in Sources */,
				E93F3BE21A0369B60045659C /* MyAlertVC.swift in Sources */,
				E93F3BE61A039C8E0045659C /* UIView+Snapshot.swift in Sources */,
				E968C18C19F7D75200B12B12 /* PaperVC.swift in Sources */,
				E968C16A19F7D6E800B12B12 /* AppDelegate.swift in Sources */,
				E93F3BDE1A0274B80045659C /* MyTransitioner.swift in Sources */,
				E95CF9051A012744004071A5 /* MyPresentationController.swift in Sources */,
				E93F3BE41A0395F70045659C /* SelectedItem.swift in Sources */,
			);
			runOnlyForDeploymentPostprocessing = 0;
		};
		E968C17519F7D6E800B12B12 /* Sources */ = {
			isa = PBXSourcesBuildPhase;
			buildActionMask = 2147483647;
			files = (
				E968C18019F7D6E800B12B12 /* PresentationControllerTests.swift in Sources */,
			);
			runOnlyForDeploymentPostprocessing = 0;
		};
/* End PBXSourcesBuildPhase section */

/* Begin PBXTargetDependency section */
		E968C17B19F7D6E800B12B12 /* PBXTargetDependency */ = {
			isa = PBXTargetDependency;
			target = E968C16319F7D6E700B12B12 /* PresentationController */;
			targetProxy = E968C17A19F7D6E800B12B12 /* PBXContainerItemProxy */;
		};
/* End PBXTargetDependency section */

/* Begin PBXVariantGroup section */
		E968C16D19F7D6E800B12B12 /* Main.storyboard */ = {
			isa = PBXVariantGroup;
			children = (
				E968C16E19F7D6E800B12B12 /* Base */,
			);
			name = Main.storyboard;
			sourceTree = "<group>";
		};
		E968C17219F7D6E800B12B12 /* LaunchScreen.xib */ = {
			isa = PBXVariantGroup;
			children = (
				E968C17319F7D6E800B12B12 /* Base */,
			);
			name = LaunchScreen.xib;
			sourceTree = "<group>";
		};
/* End PBXVariantGroup section */

/* Begin XCBuildConfiguration section */
		E968C18119F7D6E800B12B12 /* Debug */ = {
			isa = XCBuildConfiguration;
			buildSettings = {
				ALWAYS_SEARCH_USER_PATHS = NO;
				CLANG_CXX_LANGUAGE_STANDARD = "gnu++0x";
				CLANG_CXX_LIBRARY = "libc++";
				CLANG_ENABLE_MODULES = YES;
				CLANG_ENABLE_OBJC_ARC = YES;
				CLANG_WARN_BOOL_CONVERSION = YES;
				CLANG_WARN_CONSTANT_CONVERSION = YES;
				CLANG_WARN_DIRECT_OBJC_ISA_USAGE = YES_ERROR;
				CLANG_WARN_EMPTY_BODY = YES;
				CLANG_WARN_ENUM_CONVERSION = YES;
				CLANG_WARN_INT_CONVERSION = YES;
				CLANG_WARN_OBJC_ROOT_CLASS = YES_ERROR;
				CLANG_WARN_UNREACHABLE_CODE = YES;
				CLANG_WARN__DUPLICATE_METHOD_MATCH = YES;
				"CODE_SIGN_IDENTITY[sdk=iphoneos*]" = "iPhone Developer";
				COPY_PHASE_STRIP = NO;
				ENABLE_STRICT_OBJC_MSGSEND = YES;
				GCC_C_LANGUAGE_STANDARD = gnu99;
				GCC_DYNAMIC_NO_PIC = NO;
				GCC_OPTIMIZATION_LEVEL = 0;
				GCC_PREPROCESSOR_DEFINITIONS = (
					"DEBUG=1",
					"$(inherited)",
				);
				GCC_SYMBOLS_PRIVATE_EXTERN = NO;
				GCC_WARN_64_TO_32_BIT_CONVERSION = YES;
				GCC_WARN_ABOUT_RETURN_TYPE = YES_ERROR;
				GCC_WARN_UNDECLARED_SELECTOR = YES;
				GCC_WARN_UNINITIALIZED_AUTOS = YES_AGGRESSIVE;
				GCC_WARN_UNUSED_FUNCTION = YES;
				GCC_WARN_UNUSED_VARIABLE = YES;
				IPHONEOS_DEPLOYMENT_TARGET = 8.1;
				MTL_ENABLE_DEBUG_INFO = YES;
				ONLY_ACTIVE_ARCH = YES;
				SDKROOT = iphoneos;
				SWIFT_OPTIMIZATION_LEVEL = "-Onone";
				TARGETED_DEVICE_FAMILY = "1,2";
			};
			name = Debug;
		};
		E968C18219F7D6E800B12B12 /* Release */ = {
			isa = XCBuildConfiguration;
			buildSettings = {
				ALWAYS_SEARCH_USER_PATHS = NO;
				CLANG_CXX_LANGUAGE_STANDARD = "gnu++0x";
				CLANG_CXX_LIBRARY = "libc++";
				CLANG_ENABLE_MODULES = YES;
				CLANG_ENABLE_OBJC_ARC = YES;
				CLANG_WARN_BOOL_CONVERSION = YES;
				CLANG_WARN_CONSTANT_CONVERSION = YES;
				CLANG_WARN_DIRECT_OBJC_ISA_USAGE = YES_ERROR;
				CLANG_WARN_EMPTY_BODY = YES;
				CLANG_WARN_ENUM_CONVERSION = YES;
				CLANG_WARN_INT_CONVERSION = YES;
				CLANG_WARN_OBJC_ROOT_CLASS = YES_ERROR;
				CLANG_WARN_UNREACHABLE_CODE = YES;
				CLANG_WARN__DUPLICATE_METHOD_MATCH = YES;
				"CODE_SIGN_IDENTITY[sdk=iphoneos*]" = "iPhone Developer";
				COPY_PHASE_STRIP = YES;
				ENABLE_NS_ASSERTIONS = NO;
				ENABLE_STRICT_OBJC_MSGSEND = YES;
				GCC_C_LANGUAGE_STANDARD = gnu99;
				GCC_WARN_64_TO_32_BIT_CONVERSION = YES;
				GCC_WARN_ABOUT_RETURN_TYPE = YES_ERROR;
				GCC_WARN_UNDECLARED_SELECTOR = YES;
				GCC_WARN_UNINITIALIZED_AUTOS = YES_AGGRESSIVE;
				GCC_WARN_UNUSED_FUNCTION = YES;
				GCC_WARN_UNUSED_VARIABLE = YES;
				IPHONEOS_DEPLOYMENT_TARGET = 8.1;
				MTL_ENABLE_DEBUG_INFO = NO;
				SDKROOT = iphoneos;
				TARGETED_DEVICE_FAMILY = "1,2";
				VALIDATE_PRODUCT = YES;
			};
			name = Release;
		};
		E968C18419F7D6E800B12B12 /* Debug */ = {
			isa = XCBuildConfiguration;
			buildSettings = {
				ASSETCATALOG_COMPILER_APPICON_NAME = AppIcon;
				INFOPLIST_FILE = PresentationController/Info.plist;
				LD_RUNPATH_SEARCH_PATHS = "$(inherited) @executable_path/Frameworks";
				PRODUCT_NAME = "$(TARGET_NAME)";
			};
			name = Debug;
		};
		E968C18519F7D6E800B12B12 /* Release */ = {
			isa = XCBuildConfiguration;
			buildSettings = {
				ASSETCATALOG_COMPILER_APPICON_NAME = AppIcon;
				INFOPLIST_FILE = PresentationController/Info.plist;
				LD_RUNPATH_SEARCH_PATHS = "$(inherited) @executable_path/Frameworks";
				PRODUCT_NAME = "$(TARGET_NAME)";
			};
			name = Release;
		};
		E968C18719F7D6E800B12B12 /* Debug */ = {
			isa = XCBuildConfiguration;
			buildSettings = {
				BUNDLE_LOADER = "$(TEST_HOST)";
				FRAMEWORK_SEARCH_PATHS = (
					"$(SDKROOT)/Developer/Library/Frameworks",
					"$(inherited)",
				);
				GCC_PREPROCESSOR_DEFINITIONS = (
					"DEBUG=1",
					"$(inherited)",
				);
				INFOPLIST_FILE = PresentationControllerTests/Info.plist;
				LD_RUNPATH_SEARCH_PATHS = "$(inherited) @executable_path/Frameworks @loader_path/Frameworks";
				PRODUCT_NAME = "$(TARGET_NAME)";
				TEST_HOST = "$(BUILT_PRODUCTS_DIR)/PresentationController.app/PresentationController";
			};
			name = Debug;
		};
		E968C18819F7D6E800B12B12 /* Release */ = {
			isa = XCBuildConfiguration;
			buildSettings = {
				BUNDLE_LOADER = "$(TEST_HOST)";
				FRAMEWORK_SEARCH_PATHS = (
					"$(SDKROOT)/Developer/Library/Frameworks",
					"$(inherited)",
				);
				INFOPLIST_FILE = PresentationControllerTests/Info.plist;
				LD_RUNPATH_SEARCH_PATHS = "$(inherited) @executable_path/Frameworks @loader_path/Frameworks";
				PRODUCT_NAME = "$(TARGET_NAME)";
				TEST_HOST = "$(BUILT_PRODUCTS_DIR)/PresentationController.app/PresentationController";
			};
			name = Release;
		};
/* End XCBuildConfiguration section */

/* Begin XCConfigurationList section */
		E968C15F19F7D6E700B12B12 /* Build configuration list for PBXProject "PresentationController" */ = {
			isa = XCConfigurationList;
			buildConfigurations = (
				E968C18119F7D6E800B12B12 /* Debug */,
				E968C18219F7D6E800B12B12 /* Release */,
			);
			defaultConfigurationIsVisible = 0;
			defaultConfigurationName = Release;
		};
		E968C18319F7D6E800B12B12 /* Build configuration list for PBXNativeTarget "PresentationController" */ = {
			isa = XCConfigurationList;
			buildConfigurations = (
				E968C18419F7D6E800B12B12 /* Debug */,
				E968C18519F7D6E800B12B12 /* Release */,
			);
			defaultConfigurationIsVisible = 0;
			defaultConfigurationName = Release;
		};
		E968C18619F7D6E800B12B12 /* Build configuration list for PBXNativeTarget "PresentationControllerTests" */ = {
			isa = XCConfigurationList;
			buildConfigurations = (
				E968C18719F7D6E800B12B12 /* Debug */,
				E968C18819F7D6E800B12B12 /* Release */,
			);
			defaultConfigurationIsVisible = 0;
			defaultConfigurationName = Release;
		};
/* End XCConfigurationList section */
	};
	rootObject = E968C15C19F7D6E700B12B12 /* Project object */;
}
