// !$*UTF8*$!
{
	archiveVersion = 1;
	classes = {
	};
	objectVersion = 46;
	objects = {

/* Begin PBXBuildFile section */
		E96EA8201A678C77001B67F9 /* AppDelegate.swift in Sources */ = {isa = PBXBuildFile; fileRef = E96EA81F1A678C77001B67F9 /* AppDelegate.swift */; };
		E96EA8271A678C77001B67F9 /* Images.xcassets in Resources */ = {isa = PBXBuildFile; fileRef = E96EA8261A678C77001B67F9 /* Images.xcassets */; };
		E96EA82A1A678C77001B67F9 /* LaunchScreen.xib in Resources */ = {isa = PBXBuildFile; fileRef = E96EA8281A678C77001B67F9 /* LaunchScreen.xib */; };
		E96EA8361A678C77001B67F9 /* PhotoPickerTests.swift in Sources */ = {isa = PBXBuildFile; fileRef = E96EA8351A678C77001B67F9 /* PhotoPickerTests.swift */; };
		E96EA8401A678C95001B67F9 /* Main.storyboard in Resources */ = {isa = PBXBuildFile; fileRef = E96EA83F1A678C95001B67F9 /* Main.storyboard */; };
		E96EA8451A678CA8001B67F9 /* AssetListVC.swift in Sources */ = {isa = PBXBuildFile; fileRef = E96EA8411A678CA8001B67F9 /* AssetListVC.swift */; };
		E96EA8461A678CA8001B67F9 /* AssetListCell.swift in Sources */ = {isa = PBXBuildFile; fileRef = E96EA8421A678CA8001B67F9 /* AssetListCell.swift */; };
		E96EA8471A678CA8001B67F9 /* CollectionListVC.swift in Sources */ = {isa = PBXBuildFile; fileRef = E96EA8431A678CA8001B67F9 /* CollectionListVC.swift */; };
		E96EA8481A678CA8001B67F9 /* CheckView.swift in Sources */ = {isa = PBXBuildFile; fileRef = E96EA8441A678CA8001B67F9 /* CheckView.swift */; };
/* End PBXBuildFile section */

/* Begin PBXContainerItemProxy section */
		E96EA8301A678C77001B67F9 /* PBXContainerItemProxy */ = {
			isa = PBXContainerItemProxy;
			containerPortal = E96EA8121A678C77001B67F9 /* Project object */;
			proxyType = 1;
			remoteGlobalIDString = E96EA8191A678C77001B67F9;
			remoteInfo = PhotoPicker;
		};
/* End PBXContainerItemProxy section */

/* Begin PBXFileReference section */
		E96EA81A1A678C77001B67F9 /* PhotoPicker.app */ = {isa = PBXFileReference; explicitFileType = wrapper.application; includeInIndex = 0; path = PhotoPicker.app; sourceTree = BUILT_PRODUCTS_DIR; };
		E96EA81E1A678C77001B67F9 /* Info.plist */ = {isa = PBXFileReference; lastKnownFileType = text.plist.xml; path = Info.plist; sourceTree = "<group>"; };
		E96EA81F1A678C77001B67F9 /* AppDelegate.swift */ = {isa = PBXFileReference; lastKnownFileType = sourcecode.swift; path = AppDelegate.swift; sourceTree = "<group>"; };
		E96EA8261A678C77001B67F9 /* Images.xcassets */ = {isa = PBXFileReference; lastKnownFileType = folder.assetcatalog; path = Images.xcassets; sourceTree = "<group>"; };
		E96EA8291A678C77001B67F9 /* Base */ = {isa = PBXFileReference; lastKnownFileType = file.xib; name = Base; path = Base.lproj/LaunchScreen.xib; sourceTree = "<group>"; };
		E96EA82F1A678C77001B67F9 /* PhotoPickerTests.xctest */ = {isa = PBXFileReference; explicitFileType = wrapper.cfbundle; includeInIndex = 0; path = PhotoPickerTests.xctest; sourceTree = BUILT_PRODUCTS_DIR; };
		E96EA8341A678C77001B67F9 /* Info.plist */ = {isa = PBXFileReference; lastKnownFileType = text.plist.xml; path = Info.plist; sourceTree = "<group>"; };
		E96EA8351A678C77001B67F9 /* PhotoPickerTests.swift */ = {isa = PBXFileReference; lastKnownFileType = sourcecode.swift; path = PhotoPickerTests.swift; sourceTree = "<group>"; };
		E96EA83F1A678C95001B67F9 /* Main.storyboard */ = {isa = PBXFileReference; fileEncoding = 4; lastKnownFileType = file.storyboard; path = Main.storyboard; sourceTree = "<group>"; };
		E96EA8411A678CA8001B67F9 /* AssetListVC.swift */ = {isa = PBXFileReference; fileEncoding = 4; lastKnownFileType = sourcecode.swift; path = AssetListVC.swift; sourceTree = "<group>"; };
		E96EA8421A678CA8001B67F9 /* AssetListCell.swift */ = {isa = PBXFileReference; fileEncoding = 4; lastKnownFileType = sourcecode.swift; path = AssetListCell.swift; sourceTree = "<group>"; };
		E96EA8431A678CA8001B67F9 /* CollectionListVC.swift */ = {isa = PBXFileReference; fileEncoding = 4; lastKnownFileType = sourcecode.swift; path = CollectionListVC.swift; sourceTree = "<group>"; };
		E96EA8441A678CA8001B67F9 /* CheckView.swift */ = {isa = PBXFileReference; fileEncoding = 4; lastKnownFileType = sourcecode.swift; path = CheckView.swift; sourceTree = "<group>"; };
/* End PBXFileReference section */

/* Begin PBXFrameworksBuildPhase section */
		E96EA8171A678C77001B67F9 /* Frameworks */ = {
			isa = PBXFrameworksBuildPhase;
			buildActionMask = 2147483647;
			files = (
			);
			runOnlyForDeploymentPostprocessing = 0;
		};
		E96EA82C1A678C77001B67F9 /* Frameworks */ = {
			isa = PBXFrameworksBuildPhase;
			buildActionMask = 2147483647;
			files = (
			);
			runOnlyForDeploymentPostprocessing = 0;
		};
/* End PBXFrameworksBuildPhase section */

/* Begin PBXGroup section */
		E96EA8111A678C77001B67F9 = {
			isa = PBXGroup;
			children = (
				E96EA81C1A678C77001B67F9 /* PhotoPicker */,
				E96EA8321A678C77001B67F9 /* PhotoPickerTests */,
				E96EA81B1A678C77001B67F9 /* Products */,
			);
			sourceTree = "<group>";
		};
		E96EA81B1A678C77001B67F9 /* Products */ = {
			isa = PBXGroup;
			children = (
				E96EA81A1A678C77001B67F9 /* PhotoPicker.app */,
				E96EA82F1A678C77001B67F9 /* PhotoPickerTests.xctest */,
			);
			name = Products;
			sourceTree = "<group>";
		};
		E96EA81C1A678C77001B67F9 /* PhotoPicker */ = {
			isa = PBXGroup;
			children = (
				E96EA83F1A678C95001B67F9 /* Main.storyboard */,
				E96EA81F1A678C77001B67F9 /* AppDelegate.swift */,
				E96EA8411A678CA8001B67F9 /* AssetListVC.swift */,
				E96EA8421A678CA8001B67F9 /* AssetListCell.swift */,
				E96EA8431A678CA8001B67F9 /* CollectionListVC.swift */,
				E96EA8441A678CA8001B67F9 /* CheckView.swift */,
				E96EA8261A678C77001B67F9 /* Images.xcassets */,
				E96EA8281A678C77001B67F9 /* LaunchScreen.xib */,
				E96EA81D1A678C77001B67F9 /* Supporting Files */,
			);
			path = PhotoPicker;
			sourceTree = "<group>";
		};
		E96EA81D1A678C77001B67F9 /* Supporting Files */ = {
			isa = PBXGroup;
			children = (
				E96EA81E1A678C77001B67F9 /* Info.plist */,
			);
			name = "Supporting Files";
			sourceTree = "<group>";
		};
		E96EA8321A678C77001B67F9 /* PhotoPickerTests */ = {
			isa = PBXGroup;
			children = (
				E96EA8351A678C77001B67F9 /* PhotoPickerTests.swift */,
				E96EA8331A678C77001B67F9 /* Supporting Files */,
			);
			path = PhotoPickerTests;
			sourceTree = "<group>";
		};
		E96EA8331A678C77001B67F9 /* Supporting Files */ = {
			isa = PBXGroup;
			children = (
				E96EA8341A678C77001B67F9 /* Info.plist */,
			);
			name = "Supporting Files";
			sourceTree = "<group>";
		};
/* End PBXGroup section */

/* Begin PBXNativeTarget section */
		E96EA8191A678C77001B67F9 /* PhotoPicker */ = {
			isa = PBXNativeTarget;
			buildConfigurationList = E96EA8391A678C77001B67F9 /* Build configuration list for PBXNativeTarget "PhotoPicker" */;
			buildPhases = (
				E96EA8161A678C77001B67F9 /* Sources */,
				E96EA8171A678C77001B67F9 /* Frameworks */,
				E96EA8181A678C77001B67F9 /* Resources */,
			);
			buildRules = (
			);
			dependencies = (
			);
			name = PhotoPicker;
			productName = PhotoPicker;
			productReference = E96EA81A1A678C77001B67F9 /* PhotoPicker.app */;
			productType = "com.apple.product-type.application";
		};
		E96EA82E1A678C77001B67F9 /* PhotoPickerTests */ = {
			isa = PBXNativeTarget;
			buildConfigurationList = E96EA83C1A678C77001B67F9 /* Build configuration list for PBXNativeTarget "PhotoPickerTests" */;
			buildPhases = (
				E96EA82B1A678C77001B67F9 /* Sources */,
				E96EA82C1A678C77001B67F9 /* Frameworks */,
				E96EA82D1A678C77001B67F9 /* Resources */,
			);
			buildRules = (
			);
			dependencies = (
				E96EA8311A678C77001B67F9 /* PBXTargetDependency */,
			);
			name = PhotoPickerTests;
			productName = PhotoPickerTests;
			productReference = E96EA82F1A678C77001B67F9 /* PhotoPickerTests.xctest */;
			productType = "com.apple.product-type.bundle.unit-test";
		};
/* End PBXNativeTarget section */

/* Begin PBXProject section */
		E96EA8121A678C77001B67F9 /* Project object */ = {
			isa = PBXProject;
			attributes = {
				LastUpgradeCheck = 0610;
				ORGANIZATIONNAME = yanghongyan;
				TargetAttributes = {
					E96EA8191A678C77001B67F9 = {
						CreatedOnToolsVersion = 6.1;
					};
					E96EA82E1A678C77001B67F9 = {
						CreatedOnToolsVersion = 6.1;
						TestTargetID = E96EA8191A678C77001B67F9;
					};
				};
			};
			buildConfigurationList = E96EA8151A678C77001B67F9 /* Build configuration list for PBXProject "PhotoPicker" */;
			compatibilityVersion = "Xcode 3.2";
			developmentRegion = English;
			hasScannedForEncodings = 0;
			knownRegions = (
				en,
				Base,
			);
			mainGroup = E96EA8111A678C77001B67F9;
			productRefGroup = E96EA81B1A678C77001B67F9 /* Products */;
			projectDirPath = "";
			projectRoot = "";
			targets = (
				E96EA8191A678C77001B67F9 /* PhotoPicker */,
				E96EA82E1A678C77001B67F9 /* PhotoPickerTests */,
			);
		};
/* End PBXProject section */

/* Begin PBXResourcesBuildPhase section */
		E96EA8181A678C77001B67F9 /* Resources */ = {
			isa = PBXResourcesBuildPhase;
			buildActionMask = 2147483647;
			files = (
				E96EA8401A678C95001B67F9 /* Main.storyboard in Resources */,
				E96EA82A1A678C77001B67F9 /* LaunchScreen.xib in Resources */,
				E96EA8271A678C77001B67F9 /* Images.xcassets in Resources */,
			);
			runOnlyForDeploymentPostprocessing = 0;
		};
		E96EA82D1A678C77001B67F9 /* Resources */ = {
			isa = PBXResourcesBuildPhase;
			buildActionMask = 2147483647;
			files = (
			);
			runOnlyForDeploymentPostprocessing = 0;
		};
/* End PBXResourcesBuildPhase section */

/* Begin PBXSourcesBuildPhase section */
		E96EA8161A678C77001B67F9 /* Sources */ = {
			isa = PBXSourcesBuildPhase;
			buildActionMask = 2147483647;
			files = (
				E96EA8461A678CA8001B67F9 /* AssetListCell.swift in Sources */,
				E96EA8201A678C77001B67F9 /* AppDelegate.swift in Sources */,
				E96EA8471A678CA8001B67F9 /* CollectionListVC.swift in Sources */,
				E96EA8451A678CA8001B67F9 /* AssetListVC.swift in Sources */,
				E96EA8481A678CA8001B67F9 /* CheckView.swift in Sources */,
			);
			runOnlyForDeploymentPostprocessing = 0;
		};
		E96EA82B1A678C77001B67F9 /* Sources */ = {
			isa = PBXSourcesBuildPhase;
			buildActionMask = 2147483647;
			files = (
				E96EA8361A678C77001B67F9 /* PhotoPickerTests.swift in Sources */,
			);
			runOnlyForDeploymentPostprocessing = 0;
		};
/* End PBXSourcesBuildPhase section */

/* Begin PBXTargetDependency section */
		E96EA8311A678C77001B67F9 /* PBXTargetDependency */ = {
			isa = PBXTargetDependency;
			target = E96EA8191A678C77001B67F9 /* PhotoPicker */;
			targetProxy = E96EA8301A678C77001B67F9 /* PBXContainerItemProxy */;
		};
/* End PBXTargetDependency section */

/* Begin PBXVariantGroup section */
		E96EA8281A678C77001B67F9 /* LaunchScreen.xib */ = {
			isa = PBXVariantGroup;
			children = (
				E96EA8291A678C77001B67F9 /* Base */,
			);
			name = LaunchScreen.xib;
			sourceTree = "<group>";
		};
/* End PBXVariantGroup section */

/* Begin XCBuildConfiguration section */
		E96EA8371A678C77001B67F9 /* Debug */ = {
			isa = XCBuildConfiguration;
			buildSettings = {
				ALWAYS_SEARCH_USER_PATHS = NO;
				CLANG_CXX_LANGUAGE_STANDARD = "gnu++0x";
				CLANG_CXX_LIBRARY = "libc++";
				CLANG_ENABLE_MODULES = YES;
				CLANG_ENABLE_OBJC_ARC = YES;
				CLANG_WARN_BOOL_CONVERSION = YES;
				CLANG_WARN_CONSTANT_CONVERSION = YES;
				CLANG_WARN_DIRECT_OBJC_ISA_USAGE = YES_ERROR;
				CLANG_WARN_EMPTY_BODY = YES;
				CLANG_WARN_ENUM_CONVERSION = YES;
				CLANG_WARN_INT_CONVERSION = YES;
				CLANG_WARN_OBJC_ROOT_CLASS = YES_ERROR;
				CLANG_WARN_UNREACHABLE_CODE = YES;
				CLANG_WARN__DUPLICATE_METHOD_MATCH = YES;
				"CODE_SIGN_IDENTITY[sdk=iphoneos*]" = "iPhone Developer";
				COPY_PHASE_STRIP = NO;
				ENABLE_STRICT_OBJC_MSGSEND = YES;
				GCC_C_LANGUAGE_STANDARD = gnu99;
				GCC_DYNAMIC_NO_PIC = NO;
				GCC_OPTIMIZATION_LEVEL = 0;
				GCC_PREPROCESSOR_DEFINITIONS = (
					"DEBUG=1",
					"$(inherited)",
				);
				GCC_SYMBOLS_PRIVATE_EXTERN = NO;
				GCC_WARN_64_TO_32_BIT_CONVERSION = YES;
				GCC_WARN_ABOUT_RETURN_TYPE = YES_ERROR;
				GCC_WARN_UNDECLARED_SELECTOR = YES;
				GCC_WARN_UNINITIALIZED_AUTOS = YES_AGGRESSIVE;
				GCC_WARN_UNUSED_FUNCTION = YES;
				GCC_WARN_UNUSED_VARIABLE = YES;
				IPHONEOS_DEPLOYMENT_TARGET = 8.1;
				MTL_ENABLE_DEBUG_INFO = YES;
				ONLY_ACTIVE_ARCH = YES;
				SDKROOT = iphoneos;
				SWIFT_OPTIMIZATION_LEVEL = "-Onone";
				TARGETED_DEVICE_FAMILY = "1,2";
			};
			name = Debug;
		};
		E96EA8381A678C77001B67F9 /* Release */ = {
			isa = XCBuildConfiguration;
			buildSettings = {
				ALWAYS_SEARCH_USER_PATHS = NO;
				CLANG_CXX_LANGUAGE_STANDARD = "gnu++0x";
				CLANG_CXX_LIBRARY = "libc++";
				CLANG_ENABLE_MODULES = YES;
				CLANG_ENABLE_OBJC_ARC = YES;
				CLANG_WARN_BOOL_CONVERSION = YES;
				CLANG_WARN_CONSTANT_CONVERSION = YES;
				CLANG_WARN_DIRECT_OBJC_ISA_USAGE = YES_ERROR;
				CLANG_WARN_EMPTY_BODY = YES;
				CLANG_WARN_ENUM_CONVERSION = YES;
				CLANG_WARN_INT_CONVERSION = YES;
				CLANG_WARN_OBJC_ROOT_CLASS = YES_ERROR;
				CLANG_WARN_UNREACHABLE_CODE = YES;
				CLANG_WARN__DUPLICATE_METHOD_MATCH = YES;
				"CODE_SIGN_IDENTITY[sdk=iphoneos*]" = "iPhone Developer";
				COPY_PHASE_STRIP = YES;
				ENABLE_NS_ASSERTIONS = NO;
				ENABLE_STRICT_OBJC_MSGSEND = YES;
				GCC_C_LANGUAGE_STANDARD = gnu99;
				GCC_WARN_64_TO_32_BIT_CONVERSION = YES;
				GCC_WARN_ABOUT_RETURN_TYPE = YES_ERROR;
				GCC_WARN_UNDECLARED_SELECTOR = YES;
				GCC_WARN_UNINITIALIZED_AUTOS = YES_AGGRESSIVE;
				GCC_WARN_UNUSED_FUNCTION = YES;
				GCC_WARN_UNUSED_VARIABLE = YES;
				IPHONEOS_DEPLOYMENT_TARGET = 8.1;
				MTL_ENABLE_DEBUG_INFO = NO;
				SDKROOT = iphoneos;
				TARGETED_DEVICE_FAMILY = "1,2";
				VALIDATE_PRODUCT = YES;
			};
			name = Release;
		};
		E96EA83A1A678C77001B67F9 /* Debug */ = {
			isa = XCBuildConfiguration;
			buildSettings = {
				ASSETCATALOG_COMPILER_APPICON_NAME = AppIcon;
				INFOPLIST_FILE = PhotoPicker/Info.plist;
				LD_RUNPATH_SEARCH_PATHS = "$(inherited) @executable_path/Frameworks";
				PRODUCT_NAME = "$(TARGET_NAME)";
			};
			name = Debug;
		};
		E96EA83B1A678C77001B67F9 /* Release */ = {
			isa = XCBuildConfiguration;
			buildSettings = {
				ASSETCATALOG_COMPILER_APPICON_NAME = AppIcon;
				INFOPLIST_FILE = PhotoPicker/Info.plist;
				LD_RUNPATH_SEARCH_PATHS = "$(inherited) @executable_path/Frameworks";
				PRODUCT_NAME = "$(TARGET_NAME)";
			};
			name = Release;
		};
		E96EA83D1A678C77001B67F9 /* Debug */ = {
			isa = XCBuildConfiguration;
			buildSettings = {
				BUNDLE_LOADER = "$(TEST_HOST)";
				FRAMEWORK_SEARCH_PATHS = (
					"$(SDKROOT)/Developer/Library/Frameworks",
					"$(inherited)",
				);
				GCC_PREPROCESSOR_DEFINITIONS = (
					"DEBUG=1",
					"$(inherited)",
				);
				INFOPLIST_FILE = PhotoPickerTests/Info.plist;
				LD_RUNPATH_SEARCH_PATHS = "$(inherited) @executable_path/Frameworks @loader_path/Frameworks";
				PRODUCT_NAME = "$(TARGET_NAME)";
				TEST_HOST = "$(BUILT_PRODUCTS_DIR)/PhotoPicker.app/PhotoPicker";
			};
			name = Debug;
		};
		E96EA83E1A678C77001B67F9 /* Release */ = {
			isa = XCBuildConfiguration;
			buildSettings = {
				BUNDLE_LOADER = "$(TEST_HOST)";
				FRAMEWORK_SEARCH_PATHS = (
					"$(SDKROOT)/Developer/Library/Frameworks",
					"$(inherited)",
				);
				INFOPLIST_FILE = PhotoPickerTests/Info.plist;
				LD_RUNPATH_SEARCH_PATHS = "$(inherited) @executable_path/Frameworks @loader_path/Frameworks";
				PRODUCT_NAME = "$(TARGET_NAME)";
				TEST_HOST = "$(BUILT_PRODUCTS_DIR)/PhotoPicker.app/PhotoPicker";
			};
			name = Release;
		};
/* End XCBuildConfiguration section */

/* Begin XCConfigurationList section */
		E96EA8151A678C77001B67F9 /* Build configuration list for PBXProject "PhotoPicker" */ = {
			isa = XCConfigurationList;
			buildConfigurations = (
				E96EA8371A678C77001B67F9 /* Debug */,
				E96EA8381A678C77001B67F9 /* Release */,
			);
			defaultConfigurationIsVisible = 0;
			defaultConfigurationName = Release;
		};
		E96EA8391A678C77001B67F9 /* Build configuration list for PBXNativeTarget "PhotoPicker" */ = {
			isa = XCConfigurationList;
			buildConfigurations = (
				E96EA83A1A678C77001B67F9 /* Debug */,
				E96EA83B1A678C77001B67F9 /* Release */,
			);
			defaultConfigurationIsVisible = 0;
		};
		E96EA83C1A678C77001B67F9 /* Build configuration list for PBXNativeTarget "PhotoPickerTests" */ = {
			isa = XCConfigurationList;
			buildConfigurations = (
				E96EA83D1A678C77001B67F9 /* Debug */,
				E96EA83E1A678C77001B67F9 /* Release */,
			);
			defaultConfigurationIsVisible = 0;
		};
/* End XCConfigurationList section */
	};
	rootObject = E96EA8121A678C77001B67F9 /* Project object */;
}
