// !$*UTF8*$!
{
	archiveVersion = 1;
	classes = {
	};
	objectVersion = 46;
	objects = {

/* Begin PBXBuildFile section */
		265D6EA919DE47CA007FC454 /* MainViewController.swift in Sources */ = {isa = PBXBuildFile; fileRef = 265D6EA819DE47CA007FC454 /* MainViewController.swift */; };
		265D6EAB19DEF440007FC454 /* MyNavigationController.swift in Sources */ = {isa = PBXBuildFile; fileRef = 265D6EAA19DEF440007FC454 /* MyNavigationController.swift */; };
		265DD11519DCFA2B003D3411 /* AppDelegate.swift in Sources */ = {isa = PBXBuildFile; fileRef = 265DD11419DCFA2B003D3411 /* AppDelegate.swift */; };
		265DD11719DCFA2B003D3411 /* ViewController.swift in Sources */ = {isa = PBXBuildFile; fileRef = 265DD11619DCFA2B003D3411 /* ViewController.swift */; };
		265DD11A19DCFA2B003D3411 /* Main.storyboard in Resources */ = {isa = PBXBuildFile; fileRef = 265DD11819DCFA2B003D3411 /* Main.storyboard */; };
		265DD11C19DCFA2B003D3411 /* Images.xcassets in Resources */ = {isa = PBXBuildFile; fileRef = 265DD11B19DCFA2B003D3411 /* Images.xcassets */; };
		265DD11F19DCFA2B003D3411 /* LaunchScreen.xib in Resources */ = {isa = PBXBuildFile; fileRef = 265DD11D19DCFA2B003D3411 /* LaunchScreen.xib */; };
		265DD12B19DCFA2B003D3411 /* AdaptiveDemo2Tests.swift in Sources */ = {isa = PBXBuildFile; fileRef = 265DD12A19DCFA2B003D3411 /* AdaptiveDemo2Tests.swift */; };
		265DD13519DD01F8003D3411 /* PostTableViewCell.swift in Sources */ = {isa = PBXBuildFile; fileRef = 265DD13419DD01F8003D3411 /* PostTableViewCell.swift */; };
		265DD13719DD8B3E003D3411 /* PostViewController.swift in Sources */ = {isa = PBXBuildFile; fileRef = 265DD13619DD8B3E003D3411 /* PostViewController.swift */; };
/* End PBXBuildFile section */

/* Begin PBXContainerItemProxy section */
		265DD12519DCFA2B003D3411 /* PBXContainerItemProxy */ = {
			isa = PBXContainerItemProxy;
			containerPortal = 265DD10719DCFA2B003D3411 /* Project object */;
			proxyType = 1;
			remoteGlobalIDString = 265DD10E19DCFA2B003D3411;
			remoteInfo = AdaptiveDemo2;
		};
/* End PBXContainerItemProxy section */

/* Begin PBXFileReference section */
		265D6EA819DE47CA007FC454 /* MainViewController.swift */ = {isa = PBXFileReference; fileEncoding = 4; lastKnownFileType = sourcecode.swift; path = MainViewController.swift; sourceTree = "<group>"; };
		265D6EAA19DEF440007FC454 /* MyNavigationController.swift */ = {isa = PBXFileReference; fileEncoding = 4; lastKnownFileType = sourcecode.swift; path = MyNavigationController.swift; sourceTree = "<group>"; };
		265DD10F19DCFA2B003D3411 /* AdaptiveDemo2.app */ = {isa = PBXFileReference; explicitFileType = wrapper.application; includeInIndex = 0; path = AdaptiveDemo2.app; sourceTree = BUILT_PRODUCTS_DIR; };
		265DD11319DCFA2B003D3411 /* Info.plist */ = {isa = PBXFileReference; lastKnownFileType = text.plist.xml; path = Info.plist; sourceTree = "<group>"; };
		265DD11419DCFA2B003D3411 /* AppDelegate.swift */ = {isa = PBXFileReference; lastKnownFileType = sourcecode.swift; path = AppDelegate.swift; sourceTree = "<group>"; };
		265DD11619DCFA2B003D3411 /* ViewController.swift */ = {isa = PBXFileReference; lastKnownFileType = sourcecode.swift; path = ViewController.swift; sourceTree = "<group>"; };
		265DD11919DCFA2B003D3411 /* Base */ = {isa = PBXFileReference; lastKnownFileType = file.storyboard; name = Base; path = Base.lproj/Main.storyboard; sourceTree = "<group>"; };
		265DD11B19DCFA2B003D3411 /* Images.xcassets */ = {isa = PBXFileReference; lastKnownFileType = folder.assetcatalog; path = Images.xcassets; sourceTree = "<group>"; };
		265DD11E19DCFA2B003D3411 /* Base */ = {isa = PBXFileReference; lastKnownFileType = file.xib; name = Base; path = Base.lproj/LaunchScreen.xib; sourceTree = "<group>"; };
		265DD12419DCFA2B003D3411 /* AdaptiveDemo2Tests.xctest */ = {isa = PBXFileReference; explicitFileType = wrapper.cfbundle; includeInIndex = 0; path = AdaptiveDemo2Tests.xctest; sourceTree = BUILT_PRODUCTS_DIR; };
		265DD12919DCFA2B003D3411 /* Info.plist */ = {isa = PBXFileReference; lastKnownFileType = text.plist.xml; path = Info.plist; sourceTree = "<group>"; };
		265DD12A19DCFA2B003D3411 /* AdaptiveDemo2Tests.swift */ = {isa = PBXFileReference; lastKnownFileType = sourcecode.swift; path = AdaptiveDemo2Tests.swift; sourceTree = "<group>"; };
		265DD13419DD01F8003D3411 /* PostTableViewCell.swift */ = {isa = PBXFileReference; fileEncoding = 4; lastKnownFileType = sourcecode.swift; path = PostTableViewCell.swift; sourceTree = "<group>"; };
		265DD13619DD8B3E003D3411 /* PostViewController.swift */ = {isa = PBXFileReference; fileEncoding = 4; lastKnownFileType = sourcecode.swift; path = PostViewController.swift; sourceTree = "<group>"; };
/* End PBXFileReference section */

/* Begin PBXFrameworksBuildPhase section */
		265DD10C19DCFA2B003D3411 /* Frameworks */ = {
			isa = PBXFrameworksBuildPhase;
			buildActionMask = 2147483647;
			files = (
			);
			runOnlyForDeploymentPostprocessing = 0;
		};
		265DD12119DCFA2B003D3411 /* Frameworks */ = {
			isa = PBXFrameworksBuildPhase;
			buildActionMask = 2147483647;
			files = (
			);
			runOnlyForDeploymentPostprocessing = 0;
		};
/* End PBXFrameworksBuildPhase section */

/* Begin PBXGroup section */
		265DD10619DCFA2B003D3411 = {
			isa = PBXGroup;
			children = (
				265DD11119DCFA2B003D3411 /* AdaptiveDemo2 */,
				265DD12719DCFA2B003D3411 /* AdaptiveDemo2Tests */,
				265DD11019DCFA2B003D3411 /* Products */,
			);
			sourceTree = "<group>";
		};
		265DD11019DCFA2B003D3411 /* Products */ = {
			isa = PBXGroup;
			children = (
				265DD10F19DCFA2B003D3411 /* AdaptiveDemo2.app */,
				265DD12419DCFA2B003D3411 /* AdaptiveDemo2Tests.xctest */,
			);
			name = Products;
			sourceTree = "<group>";
		};
		265DD11119DCFA2B003D3411 /* AdaptiveDemo2 */ = {
			isa = PBXGroup;
			children = (
				265DD11419DCFA2B003D3411 /* AppDelegate.swift */,
				265DD11619DCFA2B003D3411 /* ViewController.swift */,
				265DD13419DD01F8003D3411 /* PostTableViewCell.swift */,
				265DD11819DCFA2B003D3411 /* Main.storyboard */,
				265DD11B19DCFA2B003D3411 /* Images.xcassets */,
				265DD11D19DCFA2B003D3411 /* LaunchScreen.xib */,
				265DD11219DCFA2B003D3411 /* Supporting Files */,
				265DD13619DD8B3E003D3411 /* PostViewController.swift */,
				265D6EA819DE47CA007FC454 /* MainViewController.swift */,
				265D6EAA19DEF440007FC454 /* MyNavigationController.swift */,
			);
			path = AdaptiveDemo2;
			sourceTree = "<group>";
		};
		265DD11219DCFA2B003D3411 /* Supporting Files */ = {
			isa = PBXGroup;
			children = (
				265DD11319DCFA2B003D3411 /* Info.plist */,
			);
			name = "Supporting Files";
			sourceTree = "<group>";
		};
		265DD12719DCFA2B003D3411 /* AdaptiveDemo2Tests */ = {
			isa = PBXGroup;
			children = (
				265DD12A19DCFA2B003D3411 /* AdaptiveDemo2Tests.swift */,
				265DD12819DCFA2B003D3411 /* Supporting Files */,
			);
			path = AdaptiveDemo2Tests;
			sourceTree = "<group>";
		};
		265DD12819DCFA2B003D3411 /* Supporting Files */ = {
			isa = PBXGroup;
			children = (
				265DD12919DCFA2B003D3411 /* Info.plist */,
			);
			name = "Supporting Files";
			sourceTree = "<group>";
		};
/* End PBXGroup section */

/* Begin PBXNativeTarget section */
		265DD10E19DCFA2B003D3411 /* AdaptiveDemo2 */ = {
			isa = PBXNativeTarget;
			buildConfigurationList = 265DD12E19DCFA2B003D3411 /* Build configuration list for PBXNativeTarget "AdaptiveDemo2" */;
			buildPhases = (
				265DD10B19DCFA2B003D3411 /* Sources */,
				265DD10C19DCFA2B003D3411 /* Frameworks */,
				265DD10D19DCFA2B003D3411 /* Resources */,
			);
			buildRules = (
			);
			dependencies = (
			);
			name = AdaptiveDemo2;
			productName = AdaptiveDemo2;
			productReference = 265DD10F19DCFA2B003D3411 /* AdaptiveDemo2.app */;
			productType = "com.apple.product-type.application";
		};
		265DD12319DCFA2B003D3411 /* AdaptiveDemo2Tests */ = {
			isa = PBXNativeTarget;
			buildConfigurationList = 265DD13119DCFA2B003D3411 /* Build configuration list for PBXNativeTarget "AdaptiveDemo2Tests" */;
			buildPhases = (
				265DD12019DCFA2B003D3411 /* Sources */,
				265DD12119DCFA2B003D3411 /* Frameworks */,
				265DD12219DCFA2B003D3411 /* Resources */,
			);
			buildRules = (
			);
			dependencies = (
				265DD12619DCFA2B003D3411 /* PBXTargetDependency */,
			);
			name = AdaptiveDemo2Tests;
			productName = AdaptiveDemo2Tests;
			productReference = 265DD12419DCFA2B003D3411 /* AdaptiveDemo2Tests.xctest */;
			productType = "com.apple.product-type.bundle.unit-test";
		};
/* End PBXNativeTarget section */

/* Begin PBXProject section */
		265DD10719DCFA2B003D3411 /* Project object */ = {
			isa = PBXProject;
			attributes = {
				LastUpgradeCheck = 0600;
				ORGANIZATIONNAME = kmyhy;
				TargetAttributes = {
					265DD10E19DCFA2B003D3411 = {
						CreatedOnToolsVersion = 6.0.1;
					};
					265DD12319DCFA2B003D3411 = {
						CreatedOnToolsVersion = 6.0.1;
						TestTargetID = 265DD10E19DCFA2B003D3411;
					};
				};
			};
			buildConfigurationList = 265DD10A19DCFA2B003D3411 /* Build configuration list for PBXProject "AdaptiveDemo2" */;
			compatibilityVersion = "Xcode 3.2";
			developmentRegion = English;
			hasScannedForEncodings = 0;
			knownRegions = (
				en,
				Base,
			);
			mainGroup = 265DD10619DCFA2B003D3411;
			productRefGroup = 265DD11019DCFA2B003D3411 /* Products */;
			projectDirPath = "";
			projectRoot = "";
			targets = (
				265DD10E19DCFA2B003D3411 /* AdaptiveDemo2 */,
				265DD12319DCFA2B003D3411 /* AdaptiveDemo2Tests */,
			);
		};
/* End PBXProject section */

/* Begin PBXResourcesBuildPhase section */
		265DD10D19DCFA2B003D3411 /* Resources */ = {
			isa = PBXResourcesBuildPhase;
			buildActionMask = 2147483647;
			files = (
				265DD11A19DCFA2B003D3411 /* Main.storyboard in Resources */,
				265DD11F19DCFA2B003D3411 /* LaunchScreen.xib in Resources */,
				265DD11C19DCFA2B003D3411 /* Images.xcassets in Resources */,
			);
			runOnlyForDeploymentPostprocessing = 0;
		};
		265DD12219DCFA2B003D3411 /* Resources */ = {
			isa = PBXResourcesBuildPhase;
			buildActionMask = 2147483647;
			files = (
			);
			runOnlyForDeploymentPostprocessing = 0;
		};
/* End PBXResourcesBuildPhase section */

/* Begin PBXSourcesBuildPhase section */
		265DD10B19DCFA2B003D3411 /* Sources */ = {
			isa = PBXSourcesBuildPhase;
			buildActionMask = 2147483647;
			files = (
				265DD13719DD8B3E003D3411 /* PostViewController.swift in Sources */,
				265DD11719DCFA2B003D3411 /* ViewController.swift in Sources */,
				265DD11519DCFA2B003D3411 /* AppDelegate.swift in Sources */,
				265D6EAB19DEF440007FC454 /* MyNavigationController.swift in Sources */,
				265DD13519DD01F8003D3411 /* PostTableViewCell.swift in Sources */,
				265D6EA919DE47CA007FC454 /* MainViewController.swift in Sources */,
			);
			runOnlyForDeploymentPostprocessing = 0;
		};
		265DD12019DCFA2B003D3411 /* Sources */ = {
			isa = PBXSourcesBuildPhase;
			buildActionMask = 2147483647;
			files = (
				265DD12B19DCFA2B003D3411 /* AdaptiveDemo2Tests.swift in Sources */,
			);
			runOnlyForDeploymentPostprocessing = 0;
		};
/* End PBXSourcesBuildPhase section */

/* Begin PBXTargetDependency section */
		265DD12619DCFA2B003D3411 /* PBXTargetDependency */ = {
			isa = PBXTargetDependency;
			target = 265DD10E19DCFA2B003D3411 /* AdaptiveDemo2 */;
			targetProxy = 265DD12519DCFA2B003D3411 /* PBXContainerItemProxy */;
		};
/* End PBXTargetDependency section */

/* Begin PBXVariantGroup section */
		265DD11819DCFA2B003D3411 /* Main.storyboard */ = {
			isa = PBXVariantGroup;
			children = (
				265DD11919DCFA2B003D3411 /* Base */,
			);
			name = Main.storyboard;
			sourceTree = "<group>";
		};
		265DD11D19DCFA2B003D3411 /* LaunchScreen.xib */ = {
			isa = PBXVariantGroup;
			children = (
				265DD11E19DCFA2B003D3411 /* Base */,
			);
			name = LaunchScreen.xib;
			sourceTree = "<group>";
		};
/* End PBXVariantGroup section */

/* Begin XCBuildConfiguration section */
		265DD12C19DCFA2B003D3411 /* Debug */ = {
			isa = XCBuildConfiguration;
			buildSettings = {
				ALWAYS_SEARCH_USER_PATHS = NO;
				CLANG_CXX_LANGUAGE_STANDARD = "gnu++0x";
				CLANG_CXX_LIBRARY = "libc++";
				CLANG_ENABLE_MODULES = YES;
				CLANG_ENABLE_OBJC_ARC = YES;
				CLANG_WARN_BOOL_CONVERSION = YES;
				CLANG_WARN_CONSTANT_CONVERSION = YES;
				CLANG_WARN_DIRECT_OBJC_ISA_USAGE = YES_ERROR;
				CLANG_WARN_EMPTY_BODY = YES;
				CLANG_WARN_ENUM_CONVERSION = YES;
				CLANG_WARN_INT_CONVERSION = YES;
				CLANG_WARN_OBJC_ROOT_CLASS = YES_ERROR;
				CLANG_WARN_UNREACHABLE_CODE = YES;
				CLANG_WARN__DUPLICATE_METHOD_MATCH = YES;
				"CODE_SIGN_IDENTITY[sdk=iphoneos*]" = "iPhone Developer";
				COPY_PHASE_STRIP = NO;
				ENABLE_STRICT_OBJC_MSGSEND = YES;
				GCC_C_LANGUAGE_STANDARD = gnu99;
				GCC_DYNAMIC_NO_PIC = NO;
				GCC_OPTIMIZATION_LEVEL = 0;
				GCC_PREPROCESSOR_DEFINITIONS = (
					"DEBUG=1",
					"$(inherited)",
				);
				GCC_SYMBOLS_PRIVATE_EXTERN = NO;
				GCC_WARN_64_TO_32_BIT_CONVERSION = YES;
				GCC_WARN_ABOUT_RETURN_TYPE = YES_ERROR;
				GCC_WARN_UNDECLARED_SELECTOR = YES;
				GCC_WARN_UNINITIALIZED_AUTOS = YES_AGGRESSIVE;
				GCC_WARN_UNUSED_FUNCTION = YES;
				GCC_WARN_UNUSED_VARIABLE = YES;
				IPHONEOS_DEPLOYMENT_TARGET = 8.0;
				MTL_ENABLE_DEBUG_INFO = YES;
				ONLY_ACTIVE_ARCH = YES;
				SDKROOT = iphoneos;
				SWIFT_OPTIMIZATION_LEVEL = "-Onone";
				TARGETED_DEVICE_FAMILY = "1,2";
			};
			name = Debug;
		};
		265DD12D19DCFA2B003D3411 /* Release */ = {
			isa = XCBuildConfiguration;
			buildSettings = {
				ALWAYS_SEARCH_USER_PATHS = NO;
				CLANG_CXX_LANGUAGE_STANDARD = "gnu++0x";
				CLANG_CXX_LIBRARY = "libc++";
				CLANG_ENABLE_MODULES = YES;
				CLANG_ENABLE_OBJC_ARC = YES;
				CLANG_WARN_BOOL_CONVERSION = YES;
				CLANG_WARN_CONSTANT_CONVERSION = YES;
				CLANG_WARN_DIRECT_OBJC_ISA_USAGE = YES_ERROR;
				CLANG_WARN_EMPTY_BODY = YES;
				CLANG_WARN_ENUM_CONVERSION = YES;
				CLANG_WARN_INT_CONVERSION = YES;
				CLANG_WARN_OBJC_ROOT_CLASS = YES_ERROR;
				CLANG_WARN_UNREACHABLE_CODE = YES;
				CLANG_WARN__DUPLICATE_METHOD_MATCH = YES;
				"CODE_SIGN_IDENTITY[sdk=iphoneos*]" = "iPhone Developer";
				COPY_PHASE_STRIP = YES;
				ENABLE_NS_ASSERTIONS = NO;
				ENABLE_STRICT_OBJC_MSGSEND = YES;
				GCC_C_LANGUAGE_STANDARD = gnu99;
				GCC_WARN_64_TO_32_BIT_CONVERSION = YES;
				GCC_WARN_ABOUT_RETURN_TYPE = YES_ERROR;
				GCC_WARN_UNDECLARED_SELECTOR = YES;
				GCC_WARN_UNINITIALIZED_AUTOS = YES_AGGRESSIVE;
				GCC_WARN_UNUSED_FUNCTION = YES;
				GCC_WARN_UNUSED_VARIABLE = YES;
				IPHONEOS_DEPLOYMENT_TARGET = 8.0;
				MTL_ENABLE_DEBUG_INFO = NO;
				SDKROOT = iphoneos;
				TARGETED_DEVICE_FAMILY = "1,2";
				VALIDATE_PRODUCT = YES;
			};
			name = Release;
		};
		265DD12F19DCFA2B003D3411 /* Debug */ = {
			isa = XCBuildConfiguration;
			buildSettings = {
				ASSETCATALOG_COMPILER_APPICON_NAME = AppIcon;
				INFOPLIST_FILE = AdaptiveDemo2/Info.plist;
				LD_RUNPATH_SEARCH_PATHS = "$(inherited) @executable_path/Frameworks";
				PRODUCT_NAME = "$(TARGET_NAME)";
			};
			name = Debug;
		};
		265DD13019DCFA2B003D3411 /* Release */ = {
			isa = XCBuildConfiguration;
			buildSettings = {
				ASSETCATALOG_COMPILER_APPICON_NAME = AppIcon;
				INFOPLIST_FILE = AdaptiveDemo2/Info.plist;
				LD_RUNPATH_SEARCH_PATHS = "$(inherited) @executable_path/Frameworks";
				PRODUCT_NAME = "$(TARGET_NAME)";
			};
			name = Release;
		};
		265DD13219DCFA2B003D3411 /* Debug */ = {
			isa = XCBuildConfiguration;
			buildSettings = {
				BUNDLE_LOADER = "$(TEST_HOST)";
				FRAMEWORK_SEARCH_PATHS = (
					"$(SDKROOT)/Developer/Library/Frameworks",
					"$(inherited)",
				);
				GCC_PREPROCESSOR_DEFINITIONS = (
					"DEBUG=1",
					"$(inherited)",
				);
				INFOPLIST_FILE = AdaptiveDemo2Tests/Info.plist;
				LD_RUNPATH_SEARCH_PATHS = "$(inherited) @executable_path/Frameworks @loader_path/Frameworks";
				PRODUCT_NAME = "$(TARGET_NAME)";
				TEST_HOST = "$(BUILT_PRODUCTS_DIR)/AdaptiveDemo2.app/AdaptiveDemo2";
			};
			name = Debug;
		};
		265DD13319DCFA2B003D3411 /* Release */ = {
			isa = XCBuildConfiguration;
			buildSettings = {
				BUNDLE_LOADER = "$(TEST_HOST)";
				FRAMEWORK_SEARCH_PATHS = (
					"$(SDKROOT)/Developer/Library/Frameworks",
					"$(inherited)",
				);
				INFOPLIST_FILE = AdaptiveDemo2Tests/Info.plist;
				LD_RUNPATH_SEARCH_PATHS = "$(inherited) @executable_path/Frameworks @loader_path/Frameworks";
				PRODUCT_NAME = "$(TARGET_NAME)";
				TEST_HOST = "$(BUILT_PRODUCTS_DIR)/AdaptiveDemo2.app/AdaptiveDemo2";
			};
			name = Release;
		};
/* End XCBuildConfiguration section */

/* Begin XCConfigurationList section */
		265DD10A19DCFA2B003D3411 /* Build configuration list for PBXProject "AdaptiveDemo2" */ = {
			isa = XCConfigurationList;
			buildConfigurations = (
				265DD12C19DCFA2B003D3411 /* Debug */,
				265DD12D19DCFA2B003D3411 /* Release */,
			);
			defaultConfigurationIsVisible = 0;
			defaultConfigurationName = Release;
		};
		265DD12E19DCFA2B003D3411 /* Build configuration list for PBXNativeTarget "AdaptiveDemo2" */ = {
			isa = XCConfigurationList;
			buildConfigurations = (
				265DD12F19DCFA2B003D3411 /* Debug */,
				265DD13019DCFA2B003D3411 /* Release */,
			);
			defaultConfigurationIsVisible = 0;
			defaultConfigurationName = Release;
		};
		265DD13119DCFA2B003D3411 /* Build configuration list for PBXNativeTarget "AdaptiveDemo2Tests" */ = {
			isa = XCConfigurationList;
			buildConfigurations = (
				265DD13219DCFA2B003D3411 /* Debug */,
				265DD13319DCFA2B003D3411 /* Release */,
			);
			defaultConfigurationIsVisible = 0;
			defaultConfigurationName = Release;
		};
/* End XCConfigurationList section */
	};
	rootObject = 265DD10719DCFA2B003D3411 /* Project object */;
}
